
Microsoft Visual Studio Solution File, Format Version 12.00
# Visual Studio Version 17
VisualStudioVersion = 17.8.34330.188
MinimumVisualStudioVersion = 10.0.40219.1
Project("{9A19103F-16F7-4668-BE54-9A1E7A4F7556}") = "advent_of_code", "advent_of_code\advent_of_code\advent_of_code.csproj", "{16813DB3-62E3-4783-B726-E151E89C003D}"
EndProject
Project("{9A19103F-16F7-4668-BE54-9A1E7A4F7556}") = "advent_of_code.Android", "advent_of_code\advent_of_code.Android\advent_of_code.Android.csproj", "{A05E2EAD-486C-4A75-A121-E4D9FB9BBB47}"
EndProject
Project("{9A19103F-16F7-4668-BE54-9A1E7A4F7556}") = "advent_of_code.Desktop", "advent_of_code\advent_of_code.Desktop\advent_of_code.Desktop.csproj", "{84E997DA-60E8-4CF9-8DB8-2458B1A3415A}"
EndProject
Project("{9A19103F-16F7-4668-BE54-9A1E7A4F7556}") = "advent_of_code.iOS", "advent_of_code\advent_of_code.iOS\advent_of_code.iOS.csproj", "{186C3EE9-0944-42DE-80D7-6F746EA075E0}"
EndProject
Project("{9A19103F-16F7-4668-BE54-9A1E7A4F7556}") = "advent_of_code.Browser", "advent_of_code\advent_of_code.Browser\advent_of_code.Browser.csproj", "{AEA0B948-2FF0-4B2B-9896-5A9CCFD74636}"
EndProject
Project("{9A19103F-16F7-4668-BE54-9A1E7A4F7556}") = "advent_of_code.ConsoleOnly", "advent_of_code.ConsoleOnly\advent_of_code.ConsoleOnly.csproj", "{DB13BEFA-B494-456C-898E-42A2074C5C71}"
EndProject
Project("{9A19103F-16F7-4668-BE54-9A1E7A4F7556}") = "advent_of_code.Year2015.Day01", "advent_of_code.Year2015.Day01\advent_of_code.Year2015.Day01.csproj", "{4038FCC6-4D03-4939-90E2-8A5622D6E979}"
EndProject
Project("{2150E333-8FDC-42A3-9474-1A3956D46DE8}") = "Year 2015", "Year 2015", "{47099D74-DF9B-447B-AE6B-160A18D02AE6}"
EndProject
Project("{9A19103F-16F7-4668-BE54-9A1E7A4F7556}") = "advent_of_code.Year2015.Day02", "advent_of_code.Year2015.Day02\advent_of_code.Year2015.Day02.csproj", "{5C2BF9EB-5FD1-4F78-9C6F-B2A321CDC3E8}"
EndProject
Project("{9A19103F-16F7-4668-BE54-9A1E7A4F7556}") = "advent_of_code.Year2015.Day03", "advent_of_code.Year2015.Day03\advent_of_code.Year2015.Day03.csproj", "{FF80F93F-EF62-4BB9-803C-40B00EAED56F}"
EndProject
Project("{9A19103F-16F7-4668-BE54-9A1E7A4F7556}") = "advent_of_code.Year2015.Day04", "advent_of_code.Year2015.Day04\advent_of_code.Year2015.Day04.csproj", "{29186E4E-F516-4515-899D-C5A2895D6906}"
EndProject
Project("{9A19103F-16F7-4668-BE54-9A1E7A4F7556}") = "advent_of_code.Year2015.Day05", "advent_of_code.Year2015.Day05\advent_of_code.Year2015.Day05.csproj", "{D8055AAB-5201-4201-8E5F-98B96BBBE58F}"
EndProject
Project("{9A19103F-16F7-4668-BE54-9A1E7A4F7556}") = "advent_of_code.Year2015.Day06", "advent_of_code.Year2015.Day06\advent_of_code.Year2015.Day06.csproj", "{2CA89AB0-64F9-4A1E-82FD-A0EB93D02FEB}"
EndProject
Project("{9A19103F-16F7-4668-BE54-9A1E7A4F7556}") = "advent_of_code.Year2015.Day07", "advent_of_code.Year2015.Day07\advent_of_code.Year2015.Day07.csproj", "{0C1C4947-92C1-4EA7-9FB2-61A49666C760}"
EndProject
Project("{9A19103F-16F7-4668-BE54-9A1E7A4F7556}") = "advent_of_code.Year2015.Day08", "advent_of_code.Year2015.Day08\advent_of_code.Year2015.Day08.csproj", "{1D509F71-8A09-434C-8152-E6FB83EC21DD}"
EndProject
Project("{9A19103F-16F7-4668-BE54-9A1E7A4F7556}") = "advent_of_code.Year2015.Day09", "advent_of_code.Year2015.Day09\advent_of_code.Year2015.Day09.csproj", "{70D814E9-66E0-465B-AFB8-7D5FDAB557D1}"
EndProject
Project("{9A19103F-16F7-4668-BE54-9A1E7A4F7556}") = "advent_of_code.Year2015.Day10", "advent_of_code.Year2015.Day10\advent_of_code.Year2015.Day10.csproj", "{EF4DCF9D-E96D-492A-B2AE-21A89B5D1624}"
EndProject
Project("{9A19103F-16F7-4668-BE54-9A1E7A4F7556}") = "advent_of_code.Year2015.Day11", "advent_of_code.Year2015.Day11\advent_of_code.Year2015.Day11.csproj", "{B2493B02-C223-4BB0-88B8-313A967485D5}"
EndProject
Project("{9A19103F-16F7-4668-BE54-9A1E7A4F7556}") = "advent_of_code.Year2015.Day12", "advent_of_code.Year2015.Day12\advent_of_code.Year2015.Day12.csproj", "{CB68B966-F99A-49D5-9736-47B505850B80}"
EndProject
Project("{9A19103F-16F7-4668-BE54-9A1E7A4F7556}") = "advent_of_code.Year2015.Day13", "advent_of_code.Year2015.Day13\advent_of_code.Year2015.Day13.csproj", "{785EA2B6-34DE-4AE9-AF05-D975AA1E0B01}"
EndProject
Project("{9A19103F-16F7-4668-BE54-9A1E7A4F7556}") = "advent_of_code.Helpers", "advent_of_code.Helpers\advent_of_code.Helpers.csproj", "{230F38E2-9295-4520-8FE9-3283B405B808}"
EndProject
Project("{9A19103F-16F7-4668-BE54-9A1E7A4F7556}") = "advent_of_code.Year2015.Day14", "advent_of_code.Year2015.Day14\advent_of_code.Year2015.Day14.csproj", "{060E19D1-3DFD-4F67-9AF7-ABA9AC245984}"
EndProject
Project("{9A19103F-16F7-4668-BE54-9A1E7A4F7556}") = "advent_of_code.Year2015.Day15", "advent_of_code.Year2015.Day15\advent_of_code.Year2015.Day15.csproj", "{274D7F53-A994-4D99-BC8B-6A9DDE64194D}"
EndProject
Project("{9A19103F-16F7-4668-BE54-9A1E7A4F7556}") = "advent_of_code.Year2015", "advent_of_code.Year2015\advent_of_code.Year2015.csproj", "{1DFB7608-7144-4F72-9BB1-DDAEC98D1F03}"
EndProject
Project("{9A19103F-16F7-4668-BE54-9A1E7A4F7556}") = "advent_of_code.Year2015.Day16", "advent_of_code.Year2015.Day16\advent_of_code.Year2015.Day16.csproj", "{2D6AA026-05D5-47C7-933D-62E51B45A1E1}"
EndProject
Project("{9A19103F-16F7-4668-BE54-9A1E7A4F7556}") = "advent_of_code.Year2015.Day17", "advent_of_code.Year2015.Day17\advent_of_code.Year2015.Day17.csproj", "{AE692C67-2FA1-4FF9-96FD-94143CAD7405}"
EndProject
Project("{9A19103F-16F7-4668-BE54-9A1E7A4F7556}") = "advent_of_code.Year2015.Day18", "advent_of_code.Year2015.Day18\advent_of_code.Year2015.Day18.csproj", "{8A766317-3F62-40D5-910E-610BB63B6851}"
EndProject
Project("{9A19103F-16F7-4668-BE54-9A1E7A4F7556}") = "advent_of_code.Year2015.Day19", "advent_of_code.Year2015.Day19\advent_of_code.Year2015.Day19.csproj", "{4F50A494-1B99-4560-8232-3C6A3042914C}"
EndProject
Project("{9A19103F-16F7-4668-BE54-9A1E7A4F7556}") = "advent_of_code.Year2015.Day20", "advent_of_code.Year2015.Day20\advent_of_code.Year2015.Day20.csproj", "{261A9B65-1C60-493D-AC49-9E72669EFF9E}"
EndProject
Project("{9A19103F-16F7-4668-BE54-9A1E7A4F7556}") = "advent_of_code.Year2015.Day21", "advent_of_code.Year2015.Day21\advent_of_code.Year2015.Day21.csproj", "{67D5809F-21EB-4268-825D-5703137B56D3}"
EndProject
Project("{9A19103F-16F7-4668-BE54-9A1E7A4F7556}") = "advent_of_code.Year2015.Day22", "advent_of_code.Year2015.Day22\advent_of_code.Year2015.Day22.csproj", "{73F25AF9-3ED6-4AF3-B6AD-058562F4CB93}"
EndProject
Project("{9A19103F-16F7-4668-BE54-9A1E7A4F7556}") = "advent_of_code.Year2015.Day23", "advent_of_code.Year2015.Day23\advent_of_code.Year2015.Day23.csproj", "{B81F9960-5ECE-49C2-A843-1C0786EC55BA}"
EndProject
Project("{9A19103F-16F7-4668-BE54-9A1E7A4F7556}") = "advent_of_code.Year2015.Day24", "advent_of_code.Year2015.Day24\advent_of_code.Year2015.Day24.csproj", "{724F54A5-3045-4EA3-B05B-79846A606A82}"
EndProject
Project("{9A19103F-16F7-4668-BE54-9A1E7A4F7556}") = "advent_of_code.Year2015.Day25", "advent_of_code.Year2015.Day25\advent_of_code.Year2015.Day25.csproj", "{4A50631E-31F3-45A4-8F98-3BC0E11175A7}"
EndProject
Project("{2150E333-8FDC-42A3-9474-1A3956D46DE8}") = "Year 2016", "Year 2016", "{53FD5DD5-8C29-4A2A-83F0-DCF0FEAEFAFD}"
EndProject
Project("{9A19103F-16F7-4668-BE54-9A1E7A4F7556}") = "advent_of_code.Year2016", "advent_of_code.Year2016\advent_of_code.Year2016.csproj", "{27A4CF10-1B95-4B6E-93B1-851C252DF6DE}"
EndProject
Project("{9A19103F-16F7-4668-BE54-9A1E7A4F7556}") = "advent_of_code.Year2016.Day01", "advent_of_code.Year2016.Day01\advent_of_code.Year2016.Day01.csproj", "{AA4C9289-0974-4502-B938-CD40033490F0}"
EndProject
Project("{9A19103F-16F7-4668-BE54-9A1E7A4F7556}") = "advent_of_code.Year2016.Day02", "advent_of_code.Year2016.Day02\advent_of_code.Year2016.Day02.csproj", "{84EFB8DB-1D7B-4EF8-8DD1-C796674D564B}"
EndProject
Project("{9A19103F-16F7-4668-BE54-9A1E7A4F7556}") = "advent_of_code.Year2016.Day03", "advent_of_code.Year2016.Day03\advent_of_code.Year2016.Day03.csproj", "{31E62FC3-8873-42A2-BE0B-72AD66ABC858}"
EndProject
Project("{9A19103F-16F7-4668-BE54-9A1E7A4F7556}") = "advent_of_code.Year2016.Day04", "advent_of_code.Year2016.Day04\advent_of_code.Year2016.Day04.csproj", "{95FA0710-11CD-498A-BD33-08D09088B6CC}"
EndProject
Project("{9A19103F-16F7-4668-BE54-9A1E7A4F7556}") = "advent_of_code.Year2016.Day05", "advent_of_code.Year2016.Day05\advent_of_code.Year2016.Day05.csproj", "{4219BD90-07DE-4CEB-95F1-E3B3C1BDA945}"
EndProject
Project("{9A19103F-16F7-4668-BE54-9A1E7A4F7556}") = "advent_of_code.Year2016.Day06", "advent_of_code.Year2016.Day06\advent_of_code.Year2016.Day06.csproj", "{F1539DC4-7DF3-48D3-9B8B-3CF0371E2727}"
EndProject
Project("{9A19103F-16F7-4668-BE54-9A1E7A4F7556}") = "advent_of_code.Year2016.Day07", "advent_of_code.Year2016.Day07\advent_of_code.Year2016.Day07.csproj", "{06535F6C-7E6B-4700-A95D-77F9996497ED}"
EndProject
Project("{9A19103F-16F7-4668-BE54-9A1E7A4F7556}") = "advent_of_code.Year2016.Day08", "advent_of_code.Year2016.Day08\advent_of_code.Year2016.Day08.csproj", "{7654FF17-B11C-4196-BFDD-5DE65A71A3A2}"
EndProject
Project("{9A19103F-16F7-4668-BE54-9A1E7A4F7556}") = "advent_of_code.Year2016.Day09", "advent_of_code.Year2016.Day09\advent_of_code.Year2016.Day09.csproj", "{6A225408-2809-493D-B8AD-99FE309ABA7C}"
EndProject
Project("{9A19103F-16F7-4668-BE54-9A1E7A4F7556}") = "advent_of_code.Year2016.Day10", "advent_of_code.Year2016.Day10\advent_of_code.Year2016.Day10.csproj", "{055D51AF-C264-41F3-89D6-464B312E1E30}"
EndProject
Project("{9A19103F-16F7-4668-BE54-9A1E7A4F7556}") = "advent_of_code.Year2016.Day11", "advent_of_code.Year2016.Day11\advent_of_code.Year2016.Day11.csproj", "{94311C98-C65A-484C-A657-ABFDC1E09896}"
EndProject
Project("{9A19103F-16F7-4668-BE54-9A1E7A4F7556}") = "advent_of_code.Year2016.Day12", "advent_of_code.Year2016.Day12\advent_of_code.Year2016.Day12.csproj", "{7592D004-C9AB-4B6B-8848-93A5C30104C1}"
EndProject
Project("{9A19103F-16F7-4668-BE54-9A1E7A4F7556}") = "advent_of_code.Year2016.Day13", "advent_of_code.Year2016.Day13\advent_of_code.Year2016.Day13.csproj", "{96230C74-B700-4E7F-A257-703FB827080B}"
EndProject
Project("{9A19103F-16F7-4668-BE54-9A1E7A4F7556}") = "advent_of_code.Year2016.Day14", "advent_of_code.Year2016.Day14\advent_of_code.Year2016.Day14.csproj", "{BE358445-8763-4613-B33D-0FD80286797D}"
EndProject
Project("{9A19103F-16F7-4668-BE54-9A1E7A4F7556}") = "advent_of_code.Year2016.Day15", "advent_of_code.Year2016.Day15\advent_of_code.Year2016.Day15.csproj", "{FCE1798A-01D4-4A26-9BCD-CE9FBFD31607}"
EndProject
Project("{9A19103F-16F7-4668-BE54-9A1E7A4F7556}") = "advent_of_code.Year2016.Day16", "advent_of_code.Year2016.Day16\advent_of_code.Year2016.Day16.csproj", "{9F0DC6EC-E2B1-4164-AF87-52B4D12E3998}"
EndProject
Project("{9A19103F-16F7-4668-BE54-9A1E7A4F7556}") = "advent_of_code.Year2016.Day17", "advent_of_code.Year2016.Day17\advent_of_code.Year2016.Day17.csproj", "{5540C4EE-F2BF-4704-9E0B-3F08165DF883}"
EndProject
Project("{9A19103F-16F7-4668-BE54-9A1E7A4F7556}") = "advent_of_code.Year2016.Day18", "advent_of_code.Year2016.Day18\advent_of_code.Year2016.Day18.csproj", "{0BC0DE59-80E2-4A4C-8E3A-9CA383A900DD}"
EndProject
Project("{9A19103F-16F7-4668-BE54-9A1E7A4F7556}") = "advent_of_code.Year2016.Day19", "advent_of_code.Year2016.Day19\advent_of_code.Year2016.Day19.csproj", "{B5C83C39-3A81-41F5-BCDE-A308C0214D91}"
EndProject
Project("{9A19103F-16F7-4668-BE54-9A1E7A4F7556}") = "advent_of_code.Year2016.Day20", "advent_of_code.Year2016.Day20\advent_of_code.Year2016.Day20.csproj", "{2D1CD299-8098-4C08-B7DA-C51C6DDF21C7}"
EndProject
Project("{9A19103F-16F7-4668-BE54-9A1E7A4F7556}") = "advent_of_code.Year2016.Day21", "advent_of_code.Year2016.Day21\advent_of_code.Year2016.Day21.csproj", "{7D630CF6-A411-4A56-92D4-021044595024}"
EndProject
Project("{9A19103F-16F7-4668-BE54-9A1E7A4F7556}") = "advent_of_code.Year2016.Day22", "advent_of_code.Year2016.Day22\advent_of_code.Year2016.Day22.csproj", "{77E88D83-9438-4F39-8E8D-A6425D5C4776}"
EndProject
Project("{9A19103F-16F7-4668-BE54-9A1E7A4F7556}") = "advent_of_code.Year2016.Day23", "advent_of_code.Year2016.Day23\advent_of_code.Year2016.Day23.csproj", "{121DD53A-F798-4007-AAE2-C81F0771CB81}"
EndProject
Project("{9A19103F-16F7-4668-BE54-9A1E7A4F7556}") = "advent_of_code.Year2016.CPURunner", "advent_of_code.Year2016.CPURunner\advent_of_code.Year2016.CPURunner.csproj", "{FBFFE274-9A16-46D4-AA13-C67F6C060DEF}"
EndProject
Project("{9A19103F-16F7-4668-BE54-9A1E7A4F7556}") = "advent_of_code.Year2016.Day24", "advent_of_code.Year2016.Day24\advent_of_code.Year2016.Day24.csproj", "{2AC7ADC9-58C2-437D-B456-9F6682205D51}"
EndProject
Project("{9A19103F-16F7-4668-BE54-9A1E7A4F7556}") = "advent_of_code.Year2016.Day25", "advent_of_code.Year2016.Day25\advent_of_code.Year2016.Day25.csproj", "{CCEFDE37-DFF1-4D5A-9E56-291559077113}"
EndProject
Project("{9A19103F-16F7-4668-BE54-9A1E7A4F7556}") = "advent_of_code.Year2016.CPURunnerEx", "advent_of_code.Year2016.CPURunnerEx\advent_of_code.Year2016.CPURunnerEx.csproj", "{D0008460-DFF8-4BC1-ADBC-1A7AC51D01DF}"
EndProject
Project("{2150E333-8FDC-42A3-9474-1A3956D46DE8}") = "Year 2017", "Year 2017", "{25EC4AD1-E632-430F-8DAD-39CFB1377373}"
EndProject
Project("{9A19103F-16F7-4668-BE54-9A1E7A4F7556}") = "advent_of_code.Year2017", "advent_of_code.Year2017\advent_of_code.Year2017.csproj", "{F60668FE-D93E-42D5-BA04-AAB0577825F4}"
EndProject
Project("{9A19103F-16F7-4668-BE54-9A1E7A4F7556}") = "advent_of_code.Year2017.Day01", "advent_of_code.Year2017.Day01\advent_of_code.Year2017.Day01.csproj", "{0890ECC2-8117-42A9-AD60-D06151960386}"
EndProject
Project("{9A19103F-16F7-4668-BE54-9A1E7A4F7556}") = "advent_of_code.Year2017.Day02", "advent_of_code.Year2017.Day02\advent_of_code.Year2017.Day02.csproj", "{E9DCAB21-524B-4203-BBCC-F508CEA99182}"
EndProject
Project("{9A19103F-16F7-4668-BE54-9A1E7A4F7556}") = "advent_of_code.Year2017.Day03", "advent_of_code.Year2017.Day03\advent_of_code.Year2017.Day03.csproj", "{268B4BC7-8A4C-4114-8F49-AEE00F4DD10E}"
EndProject
Project("{9A19103F-16F7-4668-BE54-9A1E7A4F7556}") = "advent_of_code.Year2017.Day04", "advent_of_code.Year2017.Day04\advent_of_code.Year2017.Day04.csproj", "{0AD9D3BF-C90F-4D7E-BF88-CF58A06D4054}"
EndProject
Project("{9A19103F-16F7-4668-BE54-9A1E7A4F7556}") = "advent_of_code.Year2017.Day05", "advent_of_code.Year2017.Day05\advent_of_code.Year2017.Day05.csproj", "{40987103-9F81-4B7E-A636-C85B635BE703}"
EndProject
Project("{9A19103F-16F7-4668-BE54-9A1E7A4F7556}") = "advent_of_code.Year2017.Day06", "advent_of_code.Year2017.Day06\advent_of_code.Year2017.Day06.csproj", "{EA942459-6B4A-4354-9121-F6BA9C6F4C1C}"
EndProject
Project("{9A19103F-16F7-4668-BE54-9A1E7A4F7556}") = "advent_of_code.Year2017.Day07", "advent_of_code.Year2017.Day07\advent_of_code.Year2017.Day07.csproj", "{03615FC4-CD2B-4556-A681-F449E22DAD72}"
EndProject
Project("{FAE04EC0-301F-11D3-BF4B-00C04F79EFBC}") = "advent_of_code.Year2017.Day08", "advent_of_code.Year2017.Day08\advent_of_code.Year2017.Day08.csproj", "{EAC10A6E-6A7E-4FCB-83A5-7EC672879619}"
EndProject
Project("{FAE04EC0-301F-11D3-BF4B-00C04F79EFBC}") = "advent_of_code.Year2017.Day09", "advent_of_code.Year2017.Day09\advent_of_code.Year2017.Day09.csproj", "{4D7FDFE4-6F4E-4A36-B559-AF623D4928C4}"
EndProject
Project("{FAE04EC0-301F-11D3-BF4B-00C04F79EFBC}") = "advent_of_code.Year2017.Day10", "advent_of_code.Year2017.Day10\advent_of_code.Year2017.Day10.csproj", "{E6C929DF-9565-40B8-9D66-7E48BAA1AAF4}"
EndProject
Global
	GlobalSection(SolutionConfigurationPlatforms) = preSolution
		Debug|Any CPU = Debug|Any CPU
		Debug|arm64 = Debug|arm64
		Debug|x86 = Debug|x86
		Release|Any CPU = Release|Any CPU
		Release|arm64 = Release|arm64
		Release|x86 = Release|x86
	EndGlobalSection
	GlobalSection(ProjectConfigurationPlatforms) = postSolution
		{16813DB3-62E3-4783-B726-E151E89C003D}.Debug|Any CPU.ActiveCfg = Debug|Any CPU
		{16813DB3-62E3-4783-B726-E151E89C003D}.Debug|Any CPU.Build.0 = Debug|Any CPU
		{16813DB3-62E3-4783-B726-E151E89C003D}.Debug|arm64.ActiveCfg = Debug|Any CPU
		{16813DB3-62E3-4783-B726-E151E89C003D}.Debug|arm64.Build.0 = Debug|Any CPU
		{16813DB3-62E3-4783-B726-E151E89C003D}.Debug|x86.ActiveCfg = Debug|Any CPU
		{16813DB3-62E3-4783-B726-E151E89C003D}.Debug|x86.Build.0 = Debug|Any CPU
		{16813DB3-62E3-4783-B726-E151E89C003D}.Release|Any CPU.ActiveCfg = Release|Any CPU
		{16813DB3-62E3-4783-B726-E151E89C003D}.Release|Any CPU.Build.0 = Release|Any CPU
		{16813DB3-62E3-4783-B726-E151E89C003D}.Release|arm64.ActiveCfg = Release|Any CPU
		{16813DB3-62E3-4783-B726-E151E89C003D}.Release|arm64.Build.0 = Release|Any CPU
		{16813DB3-62E3-4783-B726-E151E89C003D}.Release|x86.ActiveCfg = Release|Any CPU
		{16813DB3-62E3-4783-B726-E151E89C003D}.Release|x86.Build.0 = Release|Any CPU
		{A05E2EAD-486C-4A75-A121-E4D9FB9BBB47}.Debug|Any CPU.ActiveCfg = Debug|Any CPU
		{A05E2EAD-486C-4A75-A121-E4D9FB9BBB47}.Debug|Any CPU.Build.0 = Debug|Any CPU
		{A05E2EAD-486C-4A75-A121-E4D9FB9BBB47}.Debug|Any CPU.Deploy.0 = Debug|Any CPU
		{A05E2EAD-486C-4A75-A121-E4D9FB9BBB47}.Debug|arm64.ActiveCfg = Debug|Any CPU
		{A05E2EAD-486C-4A75-A121-E4D9FB9BBB47}.Debug|arm64.Build.0 = Debug|Any CPU
		{A05E2EAD-486C-4A75-A121-E4D9FB9BBB47}.Debug|arm64.Deploy.0 = Debug|Any CPU
		{A05E2EAD-486C-4A75-A121-E4D9FB9BBB47}.Debug|x86.ActiveCfg = Debug|Any CPU
		{A05E2EAD-486C-4A75-A121-E4D9FB9BBB47}.Debug|x86.Build.0 = Debug|Any CPU
		{A05E2EAD-486C-4A75-A121-E4D9FB9BBB47}.Debug|x86.Deploy.0 = Debug|Any CPU
		{A05E2EAD-486C-4A75-A121-E4D9FB9BBB47}.Release|Any CPU.ActiveCfg = Release|Any CPU
		{A05E2EAD-486C-4A75-A121-E4D9FB9BBB47}.Release|Any CPU.Build.0 = Release|Any CPU
		{A05E2EAD-486C-4A75-A121-E4D9FB9BBB47}.Release|Any CPU.Deploy.0 = Release|Any CPU
		{A05E2EAD-486C-4A75-A121-E4D9FB9BBB47}.Release|arm64.ActiveCfg = Release|Any CPU
		{A05E2EAD-486C-4A75-A121-E4D9FB9BBB47}.Release|arm64.Build.0 = Release|Any CPU
		{A05E2EAD-486C-4A75-A121-E4D9FB9BBB47}.Release|arm64.Deploy.0 = Release|Any CPU
		{A05E2EAD-486C-4A75-A121-E4D9FB9BBB47}.Release|x86.ActiveCfg = Release|Any CPU
		{A05E2EAD-486C-4A75-A121-E4D9FB9BBB47}.Release|x86.Build.0 = Release|Any CPU
		{A05E2EAD-486C-4A75-A121-E4D9FB9BBB47}.Release|x86.Deploy.0 = Release|Any CPU
		{84E997DA-60E8-4CF9-8DB8-2458B1A3415A}.Debug|Any CPU.ActiveCfg = Debug|Any CPU
		{84E997DA-60E8-4CF9-8DB8-2458B1A3415A}.Debug|Any CPU.Build.0 = Debug|Any CPU
		{84E997DA-60E8-4CF9-8DB8-2458B1A3415A}.Debug|arm64.ActiveCfg = Debug|Any CPU
		{84E997DA-60E8-4CF9-8DB8-2458B1A3415A}.Debug|arm64.Build.0 = Debug|Any CPU
		{84E997DA-60E8-4CF9-8DB8-2458B1A3415A}.Debug|x86.ActiveCfg = Debug|Any CPU
		{84E997DA-60E8-4CF9-8DB8-2458B1A3415A}.Debug|x86.Build.0 = Debug|Any CPU
		{84E997DA-60E8-4CF9-8DB8-2458B1A3415A}.Release|Any CPU.ActiveCfg = Release|Any CPU
		{84E997DA-60E8-4CF9-8DB8-2458B1A3415A}.Release|Any CPU.Build.0 = Release|Any CPU
		{84E997DA-60E8-4CF9-8DB8-2458B1A3415A}.Release|arm64.ActiveCfg = Release|Any CPU
		{84E997DA-60E8-4CF9-8DB8-2458B1A3415A}.Release|arm64.Build.0 = Release|Any CPU
		{84E997DA-60E8-4CF9-8DB8-2458B1A3415A}.Release|x86.ActiveCfg = Release|Any CPU
		{84E997DA-60E8-4CF9-8DB8-2458B1A3415A}.Release|x86.Build.0 = Release|Any CPU
		{186C3EE9-0944-42DE-80D7-6F746EA075E0}.Debug|Any CPU.ActiveCfg = Debug|Any CPU
		{186C3EE9-0944-42DE-80D7-6F746EA075E0}.Debug|Any CPU.Build.0 = Debug|Any CPU
		{186C3EE9-0944-42DE-80D7-6F746EA075E0}.Debug|Any CPU.Deploy.0 = Debug|Any CPU
		{186C3EE9-0944-42DE-80D7-6F746EA075E0}.Debug|arm64.ActiveCfg = Debug|Any CPU
		{186C3EE9-0944-42DE-80D7-6F746EA075E0}.Debug|arm64.Build.0 = Debug|Any CPU
		{186C3EE9-0944-42DE-80D7-6F746EA075E0}.Debug|arm64.Deploy.0 = Debug|Any CPU
		{186C3EE9-0944-42DE-80D7-6F746EA075E0}.Debug|x86.ActiveCfg = Debug|Any CPU
		{186C3EE9-0944-42DE-80D7-6F746EA075E0}.Debug|x86.Build.0 = Debug|Any CPU
		{186C3EE9-0944-42DE-80D7-6F746EA075E0}.Debug|x86.Deploy.0 = Debug|Any CPU
		{186C3EE9-0944-42DE-80D7-6F746EA075E0}.Release|Any CPU.ActiveCfg = Release|Any CPU
		{186C3EE9-0944-42DE-80D7-6F746EA075E0}.Release|Any CPU.Build.0 = Release|Any CPU
		{186C3EE9-0944-42DE-80D7-6F746EA075E0}.Release|Any CPU.Deploy.0 = Release|Any CPU
		{186C3EE9-0944-42DE-80D7-6F746EA075E0}.Release|arm64.ActiveCfg = Release|Any CPU
		{186C3EE9-0944-42DE-80D7-6F746EA075E0}.Release|arm64.Build.0 = Release|Any CPU
		{186C3EE9-0944-42DE-80D7-6F746EA075E0}.Release|arm64.Deploy.0 = Release|Any CPU
		{186C3EE9-0944-42DE-80D7-6F746EA075E0}.Release|x86.ActiveCfg = Release|Any CPU
		{186C3EE9-0944-42DE-80D7-6F746EA075E0}.Release|x86.Build.0 = Release|Any CPU
		{186C3EE9-0944-42DE-80D7-6F746EA075E0}.Release|x86.Deploy.0 = Release|Any CPU
		{AEA0B948-2FF0-4B2B-9896-5A9CCFD74636}.Debug|Any CPU.ActiveCfg = Debug|Any CPU
		{AEA0B948-2FF0-4B2B-9896-5A9CCFD74636}.Debug|Any CPU.Build.0 = Debug|Any CPU
		{AEA0B948-2FF0-4B2B-9896-5A9CCFD74636}.Debug|arm64.ActiveCfg = Debug|Any CPU
		{AEA0B948-2FF0-4B2B-9896-5A9CCFD74636}.Debug|arm64.Build.0 = Debug|Any CPU
		{AEA0B948-2FF0-4B2B-9896-5A9CCFD74636}.Debug|x86.ActiveCfg = Debug|Any CPU
		{AEA0B948-2FF0-4B2B-9896-5A9CCFD74636}.Debug|x86.Build.0 = Debug|Any CPU
		{AEA0B948-2FF0-4B2B-9896-5A9CCFD74636}.Release|Any CPU.ActiveCfg = Release|Any CPU
		{AEA0B948-2FF0-4B2B-9896-5A9CCFD74636}.Release|Any CPU.Build.0 = Release|Any CPU
		{AEA0B948-2FF0-4B2B-9896-5A9CCFD74636}.Release|arm64.ActiveCfg = Release|Any CPU
		{AEA0B948-2FF0-4B2B-9896-5A9CCFD74636}.Release|arm64.Build.0 = Release|Any CPU
		{AEA0B948-2FF0-4B2B-9896-5A9CCFD74636}.Release|x86.ActiveCfg = Release|Any CPU
		{AEA0B948-2FF0-4B2B-9896-5A9CCFD74636}.Release|x86.Build.0 = Release|Any CPU
		{DB13BEFA-B494-456C-898E-42A2074C5C71}.Debug|Any CPU.ActiveCfg = Debug|Any CPU
		{DB13BEFA-B494-456C-898E-42A2074C5C71}.Debug|Any CPU.Build.0 = Debug|Any CPU
		{DB13BEFA-B494-456C-898E-42A2074C5C71}.Debug|arm64.ActiveCfg = Debug|Any CPU
		{DB13BEFA-B494-456C-898E-42A2074C5C71}.Debug|arm64.Build.0 = Debug|Any CPU
		{DB13BEFA-B494-456C-898E-42A2074C5C71}.Debug|x86.ActiveCfg = Debug|Any CPU
		{DB13BEFA-B494-456C-898E-42A2074C5C71}.Debug|x86.Build.0 = Debug|Any CPU
		{DB13BEFA-B494-456C-898E-42A2074C5C71}.Release|Any CPU.ActiveCfg = Release|Any CPU
		{DB13BEFA-B494-456C-898E-42A2074C5C71}.Release|Any CPU.Build.0 = Release|Any CPU
		{DB13BEFA-B494-456C-898E-42A2074C5C71}.Release|arm64.ActiveCfg = Release|Any CPU
		{DB13BEFA-B494-456C-898E-42A2074C5C71}.Release|arm64.Build.0 = Release|Any CPU
		{DB13BEFA-B494-456C-898E-42A2074C5C71}.Release|x86.ActiveCfg = Release|Any CPU
		{DB13BEFA-B494-456C-898E-42A2074C5C71}.Release|x86.Build.0 = Release|Any CPU
		{4038FCC6-4D03-4939-90E2-8A5622D6E979}.Debug|Any CPU.ActiveCfg = Debug|Any CPU
		{4038FCC6-4D03-4939-90E2-8A5622D6E979}.Debug|Any CPU.Build.0 = Debug|Any CPU
		{4038FCC6-4D03-4939-90E2-8A5622D6E979}.Debug|arm64.ActiveCfg = Debug|Any CPU
		{4038FCC6-4D03-4939-90E2-8A5622D6E979}.Debug|arm64.Build.0 = Debug|Any CPU
		{4038FCC6-4D03-4939-90E2-8A5622D6E979}.Debug|x86.ActiveCfg = Debug|Any CPU
		{4038FCC6-4D03-4939-90E2-8A5622D6E979}.Debug|x86.Build.0 = Debug|Any CPU
		{4038FCC6-4D03-4939-90E2-8A5622D6E979}.Release|Any CPU.ActiveCfg = Release|Any CPU
		{4038FCC6-4D03-4939-90E2-8A5622D6E979}.Release|Any CPU.Build.0 = Release|Any CPU
		{4038FCC6-4D03-4939-90E2-8A5622D6E979}.Release|arm64.ActiveCfg = Release|Any CPU
		{4038FCC6-4D03-4939-90E2-8A5622D6E979}.Release|arm64.Build.0 = Release|Any CPU
		{4038FCC6-4D03-4939-90E2-8A5622D6E979}.Release|x86.ActiveCfg = Release|Any CPU
		{4038FCC6-4D03-4939-90E2-8A5622D6E979}.Release|x86.Build.0 = Release|Any CPU
		{5C2BF9EB-5FD1-4F78-9C6F-B2A321CDC3E8}.Debug|Any CPU.ActiveCfg = Debug|Any CPU
		{5C2BF9EB-5FD1-4F78-9C6F-B2A321CDC3E8}.Debug|Any CPU.Build.0 = Debug|Any CPU
		{5C2BF9EB-5FD1-4F78-9C6F-B2A321CDC3E8}.Debug|arm64.ActiveCfg = Debug|Any CPU
		{5C2BF9EB-5FD1-4F78-9C6F-B2A321CDC3E8}.Debug|arm64.Build.0 = Debug|Any CPU
		{5C2BF9EB-5FD1-4F78-9C6F-B2A321CDC3E8}.Debug|x86.ActiveCfg = Debug|Any CPU
		{5C2BF9EB-5FD1-4F78-9C6F-B2A321CDC3E8}.Debug|x86.Build.0 = Debug|Any CPU
		{5C2BF9EB-5FD1-4F78-9C6F-B2A321CDC3E8}.Release|Any CPU.ActiveCfg = Release|Any CPU
		{5C2BF9EB-5FD1-4F78-9C6F-B2A321CDC3E8}.Release|Any CPU.Build.0 = Release|Any CPU
		{5C2BF9EB-5FD1-4F78-9C6F-B2A321CDC3E8}.Release|arm64.ActiveCfg = Release|Any CPU
		{5C2BF9EB-5FD1-4F78-9C6F-B2A321CDC3E8}.Release|arm64.Build.0 = Release|Any CPU
		{5C2BF9EB-5FD1-4F78-9C6F-B2A321CDC3E8}.Release|x86.ActiveCfg = Release|Any CPU
		{5C2BF9EB-5FD1-4F78-9C6F-B2A321CDC3E8}.Release|x86.Build.0 = Release|Any CPU
		{FF80F93F-EF62-4BB9-803C-40B00EAED56F}.Debug|Any CPU.ActiveCfg = Debug|Any CPU
		{FF80F93F-EF62-4BB9-803C-40B00EAED56F}.Debug|Any CPU.Build.0 = Debug|Any CPU
		{FF80F93F-EF62-4BB9-803C-40B00EAED56F}.Debug|arm64.ActiveCfg = Debug|Any CPU
		{FF80F93F-EF62-4BB9-803C-40B00EAED56F}.Debug|arm64.Build.0 = Debug|Any CPU
		{FF80F93F-EF62-4BB9-803C-40B00EAED56F}.Debug|x86.ActiveCfg = Debug|Any CPU
		{FF80F93F-EF62-4BB9-803C-40B00EAED56F}.Debug|x86.Build.0 = Debug|Any CPU
		{FF80F93F-EF62-4BB9-803C-40B00EAED56F}.Release|Any CPU.ActiveCfg = Release|Any CPU
		{FF80F93F-EF62-4BB9-803C-40B00EAED56F}.Release|Any CPU.Build.0 = Release|Any CPU
		{FF80F93F-EF62-4BB9-803C-40B00EAED56F}.Release|arm64.ActiveCfg = Release|Any CPU
		{FF80F93F-EF62-4BB9-803C-40B00EAED56F}.Release|arm64.Build.0 = Release|Any CPU
		{FF80F93F-EF62-4BB9-803C-40B00EAED56F}.Release|x86.ActiveCfg = Release|Any CPU
		{FF80F93F-EF62-4BB9-803C-40B00EAED56F}.Release|x86.Build.0 = Release|Any CPU
		{29186E4E-F516-4515-899D-C5A2895D6906}.Debug|Any CPU.ActiveCfg = Debug|Any CPU
		{29186E4E-F516-4515-899D-C5A2895D6906}.Debug|Any CPU.Build.0 = Debug|Any CPU
		{29186E4E-F516-4515-899D-C5A2895D6906}.Debug|arm64.ActiveCfg = Debug|Any CPU
		{29186E4E-F516-4515-899D-C5A2895D6906}.Debug|arm64.Build.0 = Debug|Any CPU
		{29186E4E-F516-4515-899D-C5A2895D6906}.Debug|x86.ActiveCfg = Debug|Any CPU
		{29186E4E-F516-4515-899D-C5A2895D6906}.Debug|x86.Build.0 = Debug|Any CPU
		{29186E4E-F516-4515-899D-C5A2895D6906}.Release|Any CPU.ActiveCfg = Release|Any CPU
		{29186E4E-F516-4515-899D-C5A2895D6906}.Release|Any CPU.Build.0 = Release|Any CPU
		{29186E4E-F516-4515-899D-C5A2895D6906}.Release|arm64.ActiveCfg = Release|Any CPU
		{29186E4E-F516-4515-899D-C5A2895D6906}.Release|arm64.Build.0 = Release|Any CPU
		{29186E4E-F516-4515-899D-C5A2895D6906}.Release|x86.ActiveCfg = Release|Any CPU
		{29186E4E-F516-4515-899D-C5A2895D6906}.Release|x86.Build.0 = Release|Any CPU
		{D8055AAB-5201-4201-8E5F-98B96BBBE58F}.Debug|Any CPU.ActiveCfg = Debug|Any CPU
		{D8055AAB-5201-4201-8E5F-98B96BBBE58F}.Debug|Any CPU.Build.0 = Debug|Any CPU
		{D8055AAB-5201-4201-8E5F-98B96BBBE58F}.Debug|arm64.ActiveCfg = Debug|Any CPU
		{D8055AAB-5201-4201-8E5F-98B96BBBE58F}.Debug|arm64.Build.0 = Debug|Any CPU
		{D8055AAB-5201-4201-8E5F-98B96BBBE58F}.Debug|x86.ActiveCfg = Debug|Any CPU
		{D8055AAB-5201-4201-8E5F-98B96BBBE58F}.Debug|x86.Build.0 = Debug|Any CPU
		{D8055AAB-5201-4201-8E5F-98B96BBBE58F}.Release|Any CPU.ActiveCfg = Release|Any CPU
		{D8055AAB-5201-4201-8E5F-98B96BBBE58F}.Release|Any CPU.Build.0 = Release|Any CPU
		{D8055AAB-5201-4201-8E5F-98B96BBBE58F}.Release|arm64.ActiveCfg = Release|Any CPU
		{D8055AAB-5201-4201-8E5F-98B96BBBE58F}.Release|arm64.Build.0 = Release|Any CPU
		{D8055AAB-5201-4201-8E5F-98B96BBBE58F}.Release|x86.ActiveCfg = Release|Any CPU
		{D8055AAB-5201-4201-8E5F-98B96BBBE58F}.Release|x86.Build.0 = Release|Any CPU
		{2CA89AB0-64F9-4A1E-82FD-A0EB93D02FEB}.Debug|Any CPU.ActiveCfg = Debug|Any CPU
		{2CA89AB0-64F9-4A1E-82FD-A0EB93D02FEB}.Debug|Any CPU.Build.0 = Debug|Any CPU
		{2CA89AB0-64F9-4A1E-82FD-A0EB93D02FEB}.Debug|arm64.ActiveCfg = Debug|Any CPU
		{2CA89AB0-64F9-4A1E-82FD-A0EB93D02FEB}.Debug|arm64.Build.0 = Debug|Any CPU
		{2CA89AB0-64F9-4A1E-82FD-A0EB93D02FEB}.Debug|x86.ActiveCfg = Debug|Any CPU
		{2CA89AB0-64F9-4A1E-82FD-A0EB93D02FEB}.Debug|x86.Build.0 = Debug|Any CPU
		{2CA89AB0-64F9-4A1E-82FD-A0EB93D02FEB}.Release|Any CPU.ActiveCfg = Release|Any CPU
		{2CA89AB0-64F9-4A1E-82FD-A0EB93D02FEB}.Release|Any CPU.Build.0 = Release|Any CPU
		{2CA89AB0-64F9-4A1E-82FD-A0EB93D02FEB}.Release|arm64.ActiveCfg = Release|Any CPU
		{2CA89AB0-64F9-4A1E-82FD-A0EB93D02FEB}.Release|arm64.Build.0 = Release|Any CPU
		{2CA89AB0-64F9-4A1E-82FD-A0EB93D02FEB}.Release|x86.ActiveCfg = Release|Any CPU
		{2CA89AB0-64F9-4A1E-82FD-A0EB93D02FEB}.Release|x86.Build.0 = Release|Any CPU
		{0C1C4947-92C1-4EA7-9FB2-61A49666C760}.Debug|Any CPU.ActiveCfg = Debug|Any CPU
		{0C1C4947-92C1-4EA7-9FB2-61A49666C760}.Debug|Any CPU.Build.0 = Debug|Any CPU
		{0C1C4947-92C1-4EA7-9FB2-61A49666C760}.Debug|arm64.ActiveCfg = Debug|Any CPU
		{0C1C4947-92C1-4EA7-9FB2-61A49666C760}.Debug|arm64.Build.0 = Debug|Any CPU
		{0C1C4947-92C1-4EA7-9FB2-61A49666C760}.Debug|x86.ActiveCfg = Debug|Any CPU
		{0C1C4947-92C1-4EA7-9FB2-61A49666C760}.Debug|x86.Build.0 = Debug|Any CPU
		{0C1C4947-92C1-4EA7-9FB2-61A49666C760}.Release|Any CPU.ActiveCfg = Release|Any CPU
		{0C1C4947-92C1-4EA7-9FB2-61A49666C760}.Release|Any CPU.Build.0 = Release|Any CPU
		{0C1C4947-92C1-4EA7-9FB2-61A49666C760}.Release|arm64.ActiveCfg = Release|Any CPU
		{0C1C4947-92C1-4EA7-9FB2-61A49666C760}.Release|arm64.Build.0 = Release|Any CPU
		{0C1C4947-92C1-4EA7-9FB2-61A49666C760}.Release|x86.ActiveCfg = Release|Any CPU
		{0C1C4947-92C1-4EA7-9FB2-61A49666C760}.Release|x86.Build.0 = Release|Any CPU
		{1D509F71-8A09-434C-8152-E6FB83EC21DD}.Debug|Any CPU.ActiveCfg = Debug|Any CPU
		{1D509F71-8A09-434C-8152-E6FB83EC21DD}.Debug|Any CPU.Build.0 = Debug|Any CPU
		{1D509F71-8A09-434C-8152-E6FB83EC21DD}.Debug|arm64.ActiveCfg = Debug|Any CPU
		{1D509F71-8A09-434C-8152-E6FB83EC21DD}.Debug|arm64.Build.0 = Debug|Any CPU
		{1D509F71-8A09-434C-8152-E6FB83EC21DD}.Debug|x86.ActiveCfg = Debug|Any CPU
		{1D509F71-8A09-434C-8152-E6FB83EC21DD}.Debug|x86.Build.0 = Debug|Any CPU
		{1D509F71-8A09-434C-8152-E6FB83EC21DD}.Release|Any CPU.ActiveCfg = Release|Any CPU
		{1D509F71-8A09-434C-8152-E6FB83EC21DD}.Release|Any CPU.Build.0 = Release|Any CPU
		{1D509F71-8A09-434C-8152-E6FB83EC21DD}.Release|arm64.ActiveCfg = Release|Any CPU
		{1D509F71-8A09-434C-8152-E6FB83EC21DD}.Release|arm64.Build.0 = Release|Any CPU
		{1D509F71-8A09-434C-8152-E6FB83EC21DD}.Release|x86.ActiveCfg = Release|Any CPU
		{1D509F71-8A09-434C-8152-E6FB83EC21DD}.Release|x86.Build.0 = Release|Any CPU
		{70D814E9-66E0-465B-AFB8-7D5FDAB557D1}.Debug|Any CPU.ActiveCfg = Debug|Any CPU
		{70D814E9-66E0-465B-AFB8-7D5FDAB557D1}.Debug|Any CPU.Build.0 = Debug|Any CPU
		{70D814E9-66E0-465B-AFB8-7D5FDAB557D1}.Debug|arm64.ActiveCfg = Debug|Any CPU
		{70D814E9-66E0-465B-AFB8-7D5FDAB557D1}.Debug|arm64.Build.0 = Debug|Any CPU
		{70D814E9-66E0-465B-AFB8-7D5FDAB557D1}.Debug|x86.ActiveCfg = Debug|Any CPU
		{70D814E9-66E0-465B-AFB8-7D5FDAB557D1}.Debug|x86.Build.0 = Debug|Any CPU
		{70D814E9-66E0-465B-AFB8-7D5FDAB557D1}.Release|Any CPU.ActiveCfg = Release|Any CPU
		{70D814E9-66E0-465B-AFB8-7D5FDAB557D1}.Release|Any CPU.Build.0 = Release|Any CPU
		{70D814E9-66E0-465B-AFB8-7D5FDAB557D1}.Release|arm64.ActiveCfg = Release|Any CPU
		{70D814E9-66E0-465B-AFB8-7D5FDAB557D1}.Release|arm64.Build.0 = Release|Any CPU
		{70D814E9-66E0-465B-AFB8-7D5FDAB557D1}.Release|x86.ActiveCfg = Release|Any CPU
		{70D814E9-66E0-465B-AFB8-7D5FDAB557D1}.Release|x86.Build.0 = Release|Any CPU
		{EF4DCF9D-E96D-492A-B2AE-21A89B5D1624}.Debug|Any CPU.ActiveCfg = Debug|Any CPU
		{EF4DCF9D-E96D-492A-B2AE-21A89B5D1624}.Debug|Any CPU.Build.0 = Debug|Any CPU
		{EF4DCF9D-E96D-492A-B2AE-21A89B5D1624}.Debug|arm64.ActiveCfg = Debug|Any CPU
		{EF4DCF9D-E96D-492A-B2AE-21A89B5D1624}.Debug|arm64.Build.0 = Debug|Any CPU
		{EF4DCF9D-E96D-492A-B2AE-21A89B5D1624}.Debug|x86.ActiveCfg = Debug|Any CPU
		{EF4DCF9D-E96D-492A-B2AE-21A89B5D1624}.Debug|x86.Build.0 = Debug|Any CPU
		{EF4DCF9D-E96D-492A-B2AE-21A89B5D1624}.Release|Any CPU.ActiveCfg = Release|Any CPU
		{EF4DCF9D-E96D-492A-B2AE-21A89B5D1624}.Release|Any CPU.Build.0 = Release|Any CPU
		{EF4DCF9D-E96D-492A-B2AE-21A89B5D1624}.Release|arm64.ActiveCfg = Release|Any CPU
		{EF4DCF9D-E96D-492A-B2AE-21A89B5D1624}.Release|arm64.Build.0 = Release|Any CPU
		{EF4DCF9D-E96D-492A-B2AE-21A89B5D1624}.Release|x86.ActiveCfg = Release|Any CPU
		{EF4DCF9D-E96D-492A-B2AE-21A89B5D1624}.Release|x86.Build.0 = Release|Any CPU
		{B2493B02-C223-4BB0-88B8-313A967485D5}.Debug|Any CPU.ActiveCfg = Debug|Any CPU
		{B2493B02-C223-4BB0-88B8-313A967485D5}.Debug|Any CPU.Build.0 = Debug|Any CPU
		{B2493B02-C223-4BB0-88B8-313A967485D5}.Debug|arm64.ActiveCfg = Debug|Any CPU
		{B2493B02-C223-4BB0-88B8-313A967485D5}.Debug|arm64.Build.0 = Debug|Any CPU
		{B2493B02-C223-4BB0-88B8-313A967485D5}.Debug|x86.ActiveCfg = Debug|Any CPU
		{B2493B02-C223-4BB0-88B8-313A967485D5}.Debug|x86.Build.0 = Debug|Any CPU
		{B2493B02-C223-4BB0-88B8-313A967485D5}.Release|Any CPU.ActiveCfg = Release|Any CPU
		{B2493B02-C223-4BB0-88B8-313A967485D5}.Release|Any CPU.Build.0 = Release|Any CPU
		{B2493B02-C223-4BB0-88B8-313A967485D5}.Release|arm64.ActiveCfg = Release|Any CPU
		{B2493B02-C223-4BB0-88B8-313A967485D5}.Release|arm64.Build.0 = Release|Any CPU
		{B2493B02-C223-4BB0-88B8-313A967485D5}.Release|x86.ActiveCfg = Release|Any CPU
		{B2493B02-C223-4BB0-88B8-313A967485D5}.Release|x86.Build.0 = Release|Any CPU
		{CB68B966-F99A-49D5-9736-47B505850B80}.Debug|Any CPU.ActiveCfg = Debug|Any CPU
		{CB68B966-F99A-49D5-9736-47B505850B80}.Debug|Any CPU.Build.0 = Debug|Any CPU
		{CB68B966-F99A-49D5-9736-47B505850B80}.Debug|arm64.ActiveCfg = Debug|Any CPU
		{CB68B966-F99A-49D5-9736-47B505850B80}.Debug|arm64.Build.0 = Debug|Any CPU
		{CB68B966-F99A-49D5-9736-47B505850B80}.Debug|x86.ActiveCfg = Debug|Any CPU
		{CB68B966-F99A-49D5-9736-47B505850B80}.Debug|x86.Build.0 = Debug|Any CPU
		{CB68B966-F99A-49D5-9736-47B505850B80}.Release|Any CPU.ActiveCfg = Release|Any CPU
		{CB68B966-F99A-49D5-9736-47B505850B80}.Release|Any CPU.Build.0 = Release|Any CPU
		{CB68B966-F99A-49D5-9736-47B505850B80}.Release|arm64.ActiveCfg = Release|Any CPU
		{CB68B966-F99A-49D5-9736-47B505850B80}.Release|arm64.Build.0 = Release|Any CPU
		{CB68B966-F99A-49D5-9736-47B505850B80}.Release|x86.ActiveCfg = Release|Any CPU
		{CB68B966-F99A-49D5-9736-47B505850B80}.Release|x86.Build.0 = Release|Any CPU
		{785EA2B6-34DE-4AE9-AF05-D975AA1E0B01}.Debug|Any CPU.ActiveCfg = Debug|Any CPU
		{785EA2B6-34DE-4AE9-AF05-D975AA1E0B01}.Debug|Any CPU.Build.0 = Debug|Any CPU
		{785EA2B6-34DE-4AE9-AF05-D975AA1E0B01}.Debug|arm64.ActiveCfg = Debug|Any CPU
		{785EA2B6-34DE-4AE9-AF05-D975AA1E0B01}.Debug|arm64.Build.0 = Debug|Any CPU
		{785EA2B6-34DE-4AE9-AF05-D975AA1E0B01}.Debug|x86.ActiveCfg = Debug|Any CPU
		{785EA2B6-34DE-4AE9-AF05-D975AA1E0B01}.Debug|x86.Build.0 = Debug|Any CPU
		{785EA2B6-34DE-4AE9-AF05-D975AA1E0B01}.Release|Any CPU.ActiveCfg = Release|Any CPU
		{785EA2B6-34DE-4AE9-AF05-D975AA1E0B01}.Release|Any CPU.Build.0 = Release|Any CPU
		{785EA2B6-34DE-4AE9-AF05-D975AA1E0B01}.Release|arm64.ActiveCfg = Release|Any CPU
		{785EA2B6-34DE-4AE9-AF05-D975AA1E0B01}.Release|arm64.Build.0 = Release|Any CPU
		{785EA2B6-34DE-4AE9-AF05-D975AA1E0B01}.Release|x86.ActiveCfg = Release|Any CPU
		{785EA2B6-34DE-4AE9-AF05-D975AA1E0B01}.Release|x86.Build.0 = Release|Any CPU
		{230F38E2-9295-4520-8FE9-3283B405B808}.Debug|Any CPU.ActiveCfg = Debug|Any CPU
		{230F38E2-9295-4520-8FE9-3283B405B808}.Debug|Any CPU.Build.0 = Debug|Any CPU
		{230F38E2-9295-4520-8FE9-3283B405B808}.Debug|arm64.ActiveCfg = Debug|Any CPU
		{230F38E2-9295-4520-8FE9-3283B405B808}.Debug|arm64.Build.0 = Debug|Any CPU
		{230F38E2-9295-4520-8FE9-3283B405B808}.Debug|x86.ActiveCfg = Debug|Any CPU
		{230F38E2-9295-4520-8FE9-3283B405B808}.Debug|x86.Build.0 = Debug|Any CPU
		{230F38E2-9295-4520-8FE9-3283B405B808}.Release|Any CPU.ActiveCfg = Release|Any CPU
		{230F38E2-9295-4520-8FE9-3283B405B808}.Release|Any CPU.Build.0 = Release|Any CPU
		{230F38E2-9295-4520-8FE9-3283B405B808}.Release|arm64.ActiveCfg = Release|Any CPU
		{230F38E2-9295-4520-8FE9-3283B405B808}.Release|arm64.Build.0 = Release|Any CPU
		{230F38E2-9295-4520-8FE9-3283B405B808}.Release|x86.ActiveCfg = Release|Any CPU
		{230F38E2-9295-4520-8FE9-3283B405B808}.Release|x86.Build.0 = Release|Any CPU
		{060E19D1-3DFD-4F67-9AF7-ABA9AC245984}.Debug|Any CPU.ActiveCfg = Debug|Any CPU
		{060E19D1-3DFD-4F67-9AF7-ABA9AC245984}.Debug|Any CPU.Build.0 = Debug|Any CPU
		{060E19D1-3DFD-4F67-9AF7-ABA9AC245984}.Debug|arm64.ActiveCfg = Debug|Any CPU
		{060E19D1-3DFD-4F67-9AF7-ABA9AC245984}.Debug|arm64.Build.0 = Debug|Any CPU
		{060E19D1-3DFD-4F67-9AF7-ABA9AC245984}.Debug|x86.ActiveCfg = Debug|Any CPU
		{060E19D1-3DFD-4F67-9AF7-ABA9AC245984}.Debug|x86.Build.0 = Debug|Any CPU
		{060E19D1-3DFD-4F67-9AF7-ABA9AC245984}.Release|Any CPU.ActiveCfg = Release|Any CPU
		{060E19D1-3DFD-4F67-9AF7-ABA9AC245984}.Release|Any CPU.Build.0 = Release|Any CPU
		{060E19D1-3DFD-4F67-9AF7-ABA9AC245984}.Release|arm64.ActiveCfg = Release|Any CPU
		{060E19D1-3DFD-4F67-9AF7-ABA9AC245984}.Release|arm64.Build.0 = Release|Any CPU
		{060E19D1-3DFD-4F67-9AF7-ABA9AC245984}.Release|x86.ActiveCfg = Release|Any CPU
		{060E19D1-3DFD-4F67-9AF7-ABA9AC245984}.Release|x86.Build.0 = Release|Any CPU
		{274D7F53-A994-4D99-BC8B-6A9DDE64194D}.Debug|Any CPU.ActiveCfg = Debug|Any CPU
		{274D7F53-A994-4D99-BC8B-6A9DDE64194D}.Debug|Any CPU.Build.0 = Debug|Any CPU
		{274D7F53-A994-4D99-BC8B-6A9DDE64194D}.Debug|arm64.ActiveCfg = Debug|Any CPU
		{274D7F53-A994-4D99-BC8B-6A9DDE64194D}.Debug|arm64.Build.0 = Debug|Any CPU
		{274D7F53-A994-4D99-BC8B-6A9DDE64194D}.Debug|x86.ActiveCfg = Debug|Any CPU
		{274D7F53-A994-4D99-BC8B-6A9DDE64194D}.Debug|x86.Build.0 = Debug|Any CPU
		{274D7F53-A994-4D99-BC8B-6A9DDE64194D}.Release|Any CPU.ActiveCfg = Release|Any CPU
		{274D7F53-A994-4D99-BC8B-6A9DDE64194D}.Release|Any CPU.Build.0 = Release|Any CPU
		{274D7F53-A994-4D99-BC8B-6A9DDE64194D}.Release|arm64.ActiveCfg = Release|Any CPU
		{274D7F53-A994-4D99-BC8B-6A9DDE64194D}.Release|arm64.Build.0 = Release|Any CPU
		{274D7F53-A994-4D99-BC8B-6A9DDE64194D}.Release|x86.ActiveCfg = Release|Any CPU
		{274D7F53-A994-4D99-BC8B-6A9DDE64194D}.Release|x86.Build.0 = Release|Any CPU
		{1DFB7608-7144-4F72-9BB1-DDAEC98D1F03}.Debug|Any CPU.ActiveCfg = Debug|Any CPU
		{1DFB7608-7144-4F72-9BB1-DDAEC98D1F03}.Debug|Any CPU.Build.0 = Debug|Any CPU
		{1DFB7608-7144-4F72-9BB1-DDAEC98D1F03}.Debug|arm64.ActiveCfg = Debug|Any CPU
		{1DFB7608-7144-4F72-9BB1-DDAEC98D1F03}.Debug|arm64.Build.0 = Debug|Any CPU
		{1DFB7608-7144-4F72-9BB1-DDAEC98D1F03}.Debug|x86.ActiveCfg = Debug|Any CPU
		{1DFB7608-7144-4F72-9BB1-DDAEC98D1F03}.Debug|x86.Build.0 = Debug|Any CPU
		{1DFB7608-7144-4F72-9BB1-DDAEC98D1F03}.Release|Any CPU.ActiveCfg = Release|Any CPU
		{1DFB7608-7144-4F72-9BB1-DDAEC98D1F03}.Release|Any CPU.Build.0 = Release|Any CPU
		{1DFB7608-7144-4F72-9BB1-DDAEC98D1F03}.Release|arm64.ActiveCfg = Release|Any CPU
		{1DFB7608-7144-4F72-9BB1-DDAEC98D1F03}.Release|arm64.Build.0 = Release|Any CPU
		{1DFB7608-7144-4F72-9BB1-DDAEC98D1F03}.Release|x86.ActiveCfg = Release|Any CPU
		{1DFB7608-7144-4F72-9BB1-DDAEC98D1F03}.Release|x86.Build.0 = Release|Any CPU
		{2D6AA026-05D5-47C7-933D-62E51B45A1E1}.Debug|Any CPU.ActiveCfg = Debug|Any CPU
		{2D6AA026-05D5-47C7-933D-62E51B45A1E1}.Debug|Any CPU.Build.0 = Debug|Any CPU
		{2D6AA026-05D5-47C7-933D-62E51B45A1E1}.Debug|arm64.ActiveCfg = Debug|Any CPU
		{2D6AA026-05D5-47C7-933D-62E51B45A1E1}.Debug|arm64.Build.0 = Debug|Any CPU
		{2D6AA026-05D5-47C7-933D-62E51B45A1E1}.Debug|x86.ActiveCfg = Debug|Any CPU
		{2D6AA026-05D5-47C7-933D-62E51B45A1E1}.Debug|x86.Build.0 = Debug|Any CPU
		{2D6AA026-05D5-47C7-933D-62E51B45A1E1}.Release|Any CPU.ActiveCfg = Release|Any CPU
		{2D6AA026-05D5-47C7-933D-62E51B45A1E1}.Release|Any CPU.Build.0 = Release|Any CPU
		{2D6AA026-05D5-47C7-933D-62E51B45A1E1}.Release|arm64.ActiveCfg = Release|Any CPU
		{2D6AA026-05D5-47C7-933D-62E51B45A1E1}.Release|arm64.Build.0 = Release|Any CPU
		{2D6AA026-05D5-47C7-933D-62E51B45A1E1}.Release|x86.ActiveCfg = Release|Any CPU
		{2D6AA026-05D5-47C7-933D-62E51B45A1E1}.Release|x86.Build.0 = Release|Any CPU
		{AE692C67-2FA1-4FF9-96FD-94143CAD7405}.Debug|Any CPU.ActiveCfg = Debug|Any CPU
		{AE692C67-2FA1-4FF9-96FD-94143CAD7405}.Debug|Any CPU.Build.0 = Debug|Any CPU
		{AE692C67-2FA1-4FF9-96FD-94143CAD7405}.Debug|arm64.ActiveCfg = Debug|Any CPU
		{AE692C67-2FA1-4FF9-96FD-94143CAD7405}.Debug|arm64.Build.0 = Debug|Any CPU
		{AE692C67-2FA1-4FF9-96FD-94143CAD7405}.Debug|x86.ActiveCfg = Debug|Any CPU
		{AE692C67-2FA1-4FF9-96FD-94143CAD7405}.Debug|x86.Build.0 = Debug|Any CPU
		{AE692C67-2FA1-4FF9-96FD-94143CAD7405}.Release|Any CPU.ActiveCfg = Release|Any CPU
		{AE692C67-2FA1-4FF9-96FD-94143CAD7405}.Release|Any CPU.Build.0 = Release|Any CPU
		{AE692C67-2FA1-4FF9-96FD-94143CAD7405}.Release|arm64.ActiveCfg = Release|Any CPU
		{AE692C67-2FA1-4FF9-96FD-94143CAD7405}.Release|arm64.Build.0 = Release|Any CPU
		{AE692C67-2FA1-4FF9-96FD-94143CAD7405}.Release|x86.ActiveCfg = Release|Any CPU
		{AE692C67-2FA1-4FF9-96FD-94143CAD7405}.Release|x86.Build.0 = Release|Any CPU
		{8A766317-3F62-40D5-910E-610BB63B6851}.Debug|Any CPU.ActiveCfg = Debug|Any CPU
		{8A766317-3F62-40D5-910E-610BB63B6851}.Debug|Any CPU.Build.0 = Debug|Any CPU
		{8A766317-3F62-40D5-910E-610BB63B6851}.Debug|arm64.ActiveCfg = Debug|Any CPU
		{8A766317-3F62-40D5-910E-610BB63B6851}.Debug|arm64.Build.0 = Debug|Any CPU
		{8A766317-3F62-40D5-910E-610BB63B6851}.Debug|x86.ActiveCfg = Debug|Any CPU
		{8A766317-3F62-40D5-910E-610BB63B6851}.Debug|x86.Build.0 = Debug|Any CPU
		{8A766317-3F62-40D5-910E-610BB63B6851}.Release|Any CPU.ActiveCfg = Release|Any CPU
		{8A766317-3F62-40D5-910E-610BB63B6851}.Release|Any CPU.Build.0 = Release|Any CPU
		{8A766317-3F62-40D5-910E-610BB63B6851}.Release|arm64.ActiveCfg = Release|Any CPU
		{8A766317-3F62-40D5-910E-610BB63B6851}.Release|arm64.Build.0 = Release|Any CPU
		{8A766317-3F62-40D5-910E-610BB63B6851}.Release|x86.ActiveCfg = Release|Any CPU
		{8A766317-3F62-40D5-910E-610BB63B6851}.Release|x86.Build.0 = Release|Any CPU
		{4F50A494-1B99-4560-8232-3C6A3042914C}.Debug|Any CPU.ActiveCfg = Debug|Any CPU
		{4F50A494-1B99-4560-8232-3C6A3042914C}.Debug|Any CPU.Build.0 = Debug|Any CPU
		{4F50A494-1B99-4560-8232-3C6A3042914C}.Debug|arm64.ActiveCfg = Debug|Any CPU
		{4F50A494-1B99-4560-8232-3C6A3042914C}.Debug|arm64.Build.0 = Debug|Any CPU
		{4F50A494-1B99-4560-8232-3C6A3042914C}.Debug|x86.ActiveCfg = Debug|Any CPU
		{4F50A494-1B99-4560-8232-3C6A3042914C}.Debug|x86.Build.0 = Debug|Any CPU
		{4F50A494-1B99-4560-8232-3C6A3042914C}.Release|Any CPU.ActiveCfg = Release|Any CPU
		{4F50A494-1B99-4560-8232-3C6A3042914C}.Release|Any CPU.Build.0 = Release|Any CPU
		{4F50A494-1B99-4560-8232-3C6A3042914C}.Release|arm64.ActiveCfg = Release|Any CPU
		{4F50A494-1B99-4560-8232-3C6A3042914C}.Release|arm64.Build.0 = Release|Any CPU
		{4F50A494-1B99-4560-8232-3C6A3042914C}.Release|x86.ActiveCfg = Release|Any CPU
		{4F50A494-1B99-4560-8232-3C6A3042914C}.Release|x86.Build.0 = Release|Any CPU
		{261A9B65-1C60-493D-AC49-9E72669EFF9E}.Debug|Any CPU.ActiveCfg = Debug|Any CPU
		{261A9B65-1C60-493D-AC49-9E72669EFF9E}.Debug|Any CPU.Build.0 = Debug|Any CPU
		{261A9B65-1C60-493D-AC49-9E72669EFF9E}.Debug|arm64.ActiveCfg = Debug|Any CPU
		{261A9B65-1C60-493D-AC49-9E72669EFF9E}.Debug|arm64.Build.0 = Debug|Any CPU
		{261A9B65-1C60-493D-AC49-9E72669EFF9E}.Debug|x86.ActiveCfg = Debug|Any CPU
		{261A9B65-1C60-493D-AC49-9E72669EFF9E}.Debug|x86.Build.0 = Debug|Any CPU
		{261A9B65-1C60-493D-AC49-9E72669EFF9E}.Release|Any CPU.ActiveCfg = Release|Any CPU
		{261A9B65-1C60-493D-AC49-9E72669EFF9E}.Release|Any CPU.Build.0 = Release|Any CPU
		{261A9B65-1C60-493D-AC49-9E72669EFF9E}.Release|arm64.ActiveCfg = Release|Any CPU
		{261A9B65-1C60-493D-AC49-9E72669EFF9E}.Release|arm64.Build.0 = Release|Any CPU
		{261A9B65-1C60-493D-AC49-9E72669EFF9E}.Release|x86.ActiveCfg = Release|Any CPU
		{261A9B65-1C60-493D-AC49-9E72669EFF9E}.Release|x86.Build.0 = Release|Any CPU
		{67D5809F-21EB-4268-825D-5703137B56D3}.Debug|Any CPU.ActiveCfg = Debug|Any CPU
		{67D5809F-21EB-4268-825D-5703137B56D3}.Debug|Any CPU.Build.0 = Debug|Any CPU
		{67D5809F-21EB-4268-825D-5703137B56D3}.Debug|arm64.ActiveCfg = Debug|Any CPU
		{67D5809F-21EB-4268-825D-5703137B56D3}.Debug|arm64.Build.0 = Debug|Any CPU
		{67D5809F-21EB-4268-825D-5703137B56D3}.Debug|x86.ActiveCfg = Debug|Any CPU
		{67D5809F-21EB-4268-825D-5703137B56D3}.Debug|x86.Build.0 = Debug|Any CPU
		{67D5809F-21EB-4268-825D-5703137B56D3}.Release|Any CPU.ActiveCfg = Release|Any CPU
		{67D5809F-21EB-4268-825D-5703137B56D3}.Release|Any CPU.Build.0 = Release|Any CPU
		{67D5809F-21EB-4268-825D-5703137B56D3}.Release|arm64.ActiveCfg = Release|Any CPU
		{67D5809F-21EB-4268-825D-5703137B56D3}.Release|arm64.Build.0 = Release|Any CPU
		{67D5809F-21EB-4268-825D-5703137B56D3}.Release|x86.ActiveCfg = Release|Any CPU
		{67D5809F-21EB-4268-825D-5703137B56D3}.Release|x86.Build.0 = Release|Any CPU
		{73F25AF9-3ED6-4AF3-B6AD-058562F4CB93}.Debug|Any CPU.ActiveCfg = Debug|Any CPU
		{73F25AF9-3ED6-4AF3-B6AD-058562F4CB93}.Debug|Any CPU.Build.0 = Debug|Any CPU
		{73F25AF9-3ED6-4AF3-B6AD-058562F4CB93}.Debug|arm64.ActiveCfg = Debug|Any CPU
		{73F25AF9-3ED6-4AF3-B6AD-058562F4CB93}.Debug|arm64.Build.0 = Debug|Any CPU
		{73F25AF9-3ED6-4AF3-B6AD-058562F4CB93}.Debug|x86.ActiveCfg = Debug|Any CPU
		{73F25AF9-3ED6-4AF3-B6AD-058562F4CB93}.Debug|x86.Build.0 = Debug|Any CPU
		{73F25AF9-3ED6-4AF3-B6AD-058562F4CB93}.Release|Any CPU.ActiveCfg = Release|Any CPU
		{73F25AF9-3ED6-4AF3-B6AD-058562F4CB93}.Release|Any CPU.Build.0 = Release|Any CPU
		{73F25AF9-3ED6-4AF3-B6AD-058562F4CB93}.Release|arm64.ActiveCfg = Release|Any CPU
		{73F25AF9-3ED6-4AF3-B6AD-058562F4CB93}.Release|arm64.Build.0 = Release|Any CPU
		{73F25AF9-3ED6-4AF3-B6AD-058562F4CB93}.Release|x86.ActiveCfg = Release|Any CPU
		{73F25AF9-3ED6-4AF3-B6AD-058562F4CB93}.Release|x86.Build.0 = Release|Any CPU
		{B81F9960-5ECE-49C2-A843-1C0786EC55BA}.Debug|Any CPU.ActiveCfg = Debug|Any CPU
		{B81F9960-5ECE-49C2-A843-1C0786EC55BA}.Debug|Any CPU.Build.0 = Debug|Any CPU
		{B81F9960-5ECE-49C2-A843-1C0786EC55BA}.Debug|arm64.ActiveCfg = Debug|Any CPU
		{B81F9960-5ECE-49C2-A843-1C0786EC55BA}.Debug|arm64.Build.0 = Debug|Any CPU
		{B81F9960-5ECE-49C2-A843-1C0786EC55BA}.Debug|x86.ActiveCfg = Debug|Any CPU
		{B81F9960-5ECE-49C2-A843-1C0786EC55BA}.Debug|x86.Build.0 = Debug|Any CPU
		{B81F9960-5ECE-49C2-A843-1C0786EC55BA}.Release|Any CPU.ActiveCfg = Release|Any CPU
		{B81F9960-5ECE-49C2-A843-1C0786EC55BA}.Release|Any CPU.Build.0 = Release|Any CPU
		{B81F9960-5ECE-49C2-A843-1C0786EC55BA}.Release|arm64.ActiveCfg = Release|Any CPU
		{B81F9960-5ECE-49C2-A843-1C0786EC55BA}.Release|arm64.Build.0 = Release|Any CPU
		{B81F9960-5ECE-49C2-A843-1C0786EC55BA}.Release|x86.ActiveCfg = Release|Any CPU
		{B81F9960-5ECE-49C2-A843-1C0786EC55BA}.Release|x86.Build.0 = Release|Any CPU
		{724F54A5-3045-4EA3-B05B-79846A606A82}.Debug|Any CPU.ActiveCfg = Debug|Any CPU
		{724F54A5-3045-4EA3-B05B-79846A606A82}.Debug|Any CPU.Build.0 = Debug|Any CPU
		{724F54A5-3045-4EA3-B05B-79846A606A82}.Debug|arm64.ActiveCfg = Debug|Any CPU
		{724F54A5-3045-4EA3-B05B-79846A606A82}.Debug|arm64.Build.0 = Debug|Any CPU
		{724F54A5-3045-4EA3-B05B-79846A606A82}.Debug|x86.ActiveCfg = Debug|Any CPU
		{724F54A5-3045-4EA3-B05B-79846A606A82}.Debug|x86.Build.0 = Debug|Any CPU
		{724F54A5-3045-4EA3-B05B-79846A606A82}.Release|Any CPU.ActiveCfg = Release|Any CPU
		{724F54A5-3045-4EA3-B05B-79846A606A82}.Release|Any CPU.Build.0 = Release|Any CPU
		{724F54A5-3045-4EA3-B05B-79846A606A82}.Release|arm64.ActiveCfg = Release|Any CPU
		{724F54A5-3045-4EA3-B05B-79846A606A82}.Release|arm64.Build.0 = Release|Any CPU
		{724F54A5-3045-4EA3-B05B-79846A606A82}.Release|x86.ActiveCfg = Release|Any CPU
		{724F54A5-3045-4EA3-B05B-79846A606A82}.Release|x86.Build.0 = Release|Any CPU
		{4A50631E-31F3-45A4-8F98-3BC0E11175A7}.Debug|Any CPU.ActiveCfg = Debug|Any CPU
		{4A50631E-31F3-45A4-8F98-3BC0E11175A7}.Debug|Any CPU.Build.0 = Debug|Any CPU
		{4A50631E-31F3-45A4-8F98-3BC0E11175A7}.Debug|arm64.ActiveCfg = Debug|Any CPU
		{4A50631E-31F3-45A4-8F98-3BC0E11175A7}.Debug|arm64.Build.0 = Debug|Any CPU
		{4A50631E-31F3-45A4-8F98-3BC0E11175A7}.Debug|x86.ActiveCfg = Debug|Any CPU
		{4A50631E-31F3-45A4-8F98-3BC0E11175A7}.Debug|x86.Build.0 = Debug|Any CPU
		{4A50631E-31F3-45A4-8F98-3BC0E11175A7}.Release|Any CPU.ActiveCfg = Release|Any CPU
		{4A50631E-31F3-45A4-8F98-3BC0E11175A7}.Release|Any CPU.Build.0 = Release|Any CPU
		{4A50631E-31F3-45A4-8F98-3BC0E11175A7}.Release|arm64.ActiveCfg = Release|Any CPU
		{4A50631E-31F3-45A4-8F98-3BC0E11175A7}.Release|arm64.Build.0 = Release|Any CPU
		{4A50631E-31F3-45A4-8F98-3BC0E11175A7}.Release|x86.ActiveCfg = Release|Any CPU
		{4A50631E-31F3-45A4-8F98-3BC0E11175A7}.Release|x86.Build.0 = Release|Any CPU
		{27A4CF10-1B95-4B6E-93B1-851C252DF6DE}.Debug|Any CPU.ActiveCfg = Debug|Any CPU
		{27A4CF10-1B95-4B6E-93B1-851C252DF6DE}.Debug|Any CPU.Build.0 = Debug|Any CPU
		{27A4CF10-1B95-4B6E-93B1-851C252DF6DE}.Debug|arm64.ActiveCfg = Debug|Any CPU
		{27A4CF10-1B95-4B6E-93B1-851C252DF6DE}.Debug|arm64.Build.0 = Debug|Any CPU
		{27A4CF10-1B95-4B6E-93B1-851C252DF6DE}.Debug|x86.ActiveCfg = Debug|Any CPU
		{27A4CF10-1B95-4B6E-93B1-851C252DF6DE}.Debug|x86.Build.0 = Debug|Any CPU
		{27A4CF10-1B95-4B6E-93B1-851C252DF6DE}.Release|Any CPU.ActiveCfg = Release|Any CPU
		{27A4CF10-1B95-4B6E-93B1-851C252DF6DE}.Release|Any CPU.Build.0 = Release|Any CPU
		{27A4CF10-1B95-4B6E-93B1-851C252DF6DE}.Release|arm64.ActiveCfg = Release|Any CPU
		{27A4CF10-1B95-4B6E-93B1-851C252DF6DE}.Release|arm64.Build.0 = Release|Any CPU
		{27A4CF10-1B95-4B6E-93B1-851C252DF6DE}.Release|x86.ActiveCfg = Release|Any CPU
		{27A4CF10-1B95-4B6E-93B1-851C252DF6DE}.Release|x86.Build.0 = Release|Any CPU
		{AA4C9289-0974-4502-B938-CD40033490F0}.Debug|Any CPU.ActiveCfg = Debug|Any CPU
		{AA4C9289-0974-4502-B938-CD40033490F0}.Debug|Any CPU.Build.0 = Debug|Any CPU
		{AA4C9289-0974-4502-B938-CD40033490F0}.Debug|arm64.ActiveCfg = Debug|Any CPU
		{AA4C9289-0974-4502-B938-CD40033490F0}.Debug|arm64.Build.0 = Debug|Any CPU
		{AA4C9289-0974-4502-B938-CD40033490F0}.Debug|x86.ActiveCfg = Debug|Any CPU
		{AA4C9289-0974-4502-B938-CD40033490F0}.Debug|x86.Build.0 = Debug|Any CPU
		{AA4C9289-0974-4502-B938-CD40033490F0}.Release|Any CPU.ActiveCfg = Release|Any CPU
		{AA4C9289-0974-4502-B938-CD40033490F0}.Release|Any CPU.Build.0 = Release|Any CPU
		{AA4C9289-0974-4502-B938-CD40033490F0}.Release|arm64.ActiveCfg = Release|Any CPU
		{AA4C9289-0974-4502-B938-CD40033490F0}.Release|arm64.Build.0 = Release|Any CPU
		{AA4C9289-0974-4502-B938-CD40033490F0}.Release|x86.ActiveCfg = Release|Any CPU
		{AA4C9289-0974-4502-B938-CD40033490F0}.Release|x86.Build.0 = Release|Any CPU
		{84EFB8DB-1D7B-4EF8-8DD1-C796674D564B}.Debug|Any CPU.ActiveCfg = Debug|Any CPU
		{84EFB8DB-1D7B-4EF8-8DD1-C796674D564B}.Debug|Any CPU.Build.0 = Debug|Any CPU
		{84EFB8DB-1D7B-4EF8-8DD1-C796674D564B}.Debug|arm64.ActiveCfg = Debug|Any CPU
		{84EFB8DB-1D7B-4EF8-8DD1-C796674D564B}.Debug|arm64.Build.0 = Debug|Any CPU
		{84EFB8DB-1D7B-4EF8-8DD1-C796674D564B}.Debug|x86.ActiveCfg = Debug|Any CPU
		{84EFB8DB-1D7B-4EF8-8DD1-C796674D564B}.Debug|x86.Build.0 = Debug|Any CPU
		{84EFB8DB-1D7B-4EF8-8DD1-C796674D564B}.Release|Any CPU.ActiveCfg = Release|Any CPU
		{84EFB8DB-1D7B-4EF8-8DD1-C796674D564B}.Release|Any CPU.Build.0 = Release|Any CPU
		{84EFB8DB-1D7B-4EF8-8DD1-C796674D564B}.Release|arm64.ActiveCfg = Release|Any CPU
		{84EFB8DB-1D7B-4EF8-8DD1-C796674D564B}.Release|arm64.Build.0 = Release|Any CPU
		{84EFB8DB-1D7B-4EF8-8DD1-C796674D564B}.Release|x86.ActiveCfg = Release|Any CPU
		{84EFB8DB-1D7B-4EF8-8DD1-C796674D564B}.Release|x86.Build.0 = Release|Any CPU
		{31E62FC3-8873-42A2-BE0B-72AD66ABC858}.Debug|Any CPU.ActiveCfg = Debug|Any CPU
		{31E62FC3-8873-42A2-BE0B-72AD66ABC858}.Debug|Any CPU.Build.0 = Debug|Any CPU
		{31E62FC3-8873-42A2-BE0B-72AD66ABC858}.Debug|arm64.ActiveCfg = Debug|Any CPU
		{31E62FC3-8873-42A2-BE0B-72AD66ABC858}.Debug|arm64.Build.0 = Debug|Any CPU
		{31E62FC3-8873-42A2-BE0B-72AD66ABC858}.Debug|x86.ActiveCfg = Debug|Any CPU
		{31E62FC3-8873-42A2-BE0B-72AD66ABC858}.Debug|x86.Build.0 = Debug|Any CPU
		{31E62FC3-8873-42A2-BE0B-72AD66ABC858}.Release|Any CPU.ActiveCfg = Release|Any CPU
		{31E62FC3-8873-42A2-BE0B-72AD66ABC858}.Release|Any CPU.Build.0 = Release|Any CPU
		{31E62FC3-8873-42A2-BE0B-72AD66ABC858}.Release|arm64.ActiveCfg = Release|Any CPU
		{31E62FC3-8873-42A2-BE0B-72AD66ABC858}.Release|arm64.Build.0 = Release|Any CPU
		{31E62FC3-8873-42A2-BE0B-72AD66ABC858}.Release|x86.ActiveCfg = Release|Any CPU
		{31E62FC3-8873-42A2-BE0B-72AD66ABC858}.Release|x86.Build.0 = Release|Any CPU
		{95FA0710-11CD-498A-BD33-08D09088B6CC}.Debug|Any CPU.ActiveCfg = Debug|Any CPU
		{95FA0710-11CD-498A-BD33-08D09088B6CC}.Debug|Any CPU.Build.0 = Debug|Any CPU
		{95FA0710-11CD-498A-BD33-08D09088B6CC}.Debug|arm64.ActiveCfg = Debug|Any CPU
		{95FA0710-11CD-498A-BD33-08D09088B6CC}.Debug|arm64.Build.0 = Debug|Any CPU
		{95FA0710-11CD-498A-BD33-08D09088B6CC}.Debug|x86.ActiveCfg = Debug|Any CPU
		{95FA0710-11CD-498A-BD33-08D09088B6CC}.Debug|x86.Build.0 = Debug|Any CPU
		{95FA0710-11CD-498A-BD33-08D09088B6CC}.Release|Any CPU.ActiveCfg = Release|Any CPU
		{95FA0710-11CD-498A-BD33-08D09088B6CC}.Release|Any CPU.Build.0 = Release|Any CPU
		{95FA0710-11CD-498A-BD33-08D09088B6CC}.Release|arm64.ActiveCfg = Release|Any CPU
		{95FA0710-11CD-498A-BD33-08D09088B6CC}.Release|arm64.Build.0 = Release|Any CPU
		{95FA0710-11CD-498A-BD33-08D09088B6CC}.Release|x86.ActiveCfg = Release|Any CPU
		{95FA0710-11CD-498A-BD33-08D09088B6CC}.Release|x86.Build.0 = Release|Any CPU
		{4219BD90-07DE-4CEB-95F1-E3B3C1BDA945}.Debug|Any CPU.ActiveCfg = Debug|Any CPU
		{4219BD90-07DE-4CEB-95F1-E3B3C1BDA945}.Debug|Any CPU.Build.0 = Debug|Any CPU
		{4219BD90-07DE-4CEB-95F1-E3B3C1BDA945}.Debug|arm64.ActiveCfg = Debug|Any CPU
		{4219BD90-07DE-4CEB-95F1-E3B3C1BDA945}.Debug|arm64.Build.0 = Debug|Any CPU
		{4219BD90-07DE-4CEB-95F1-E3B3C1BDA945}.Debug|x86.ActiveCfg = Debug|Any CPU
		{4219BD90-07DE-4CEB-95F1-E3B3C1BDA945}.Debug|x86.Build.0 = Debug|Any CPU
		{4219BD90-07DE-4CEB-95F1-E3B3C1BDA945}.Release|Any CPU.ActiveCfg = Release|Any CPU
		{4219BD90-07DE-4CEB-95F1-E3B3C1BDA945}.Release|Any CPU.Build.0 = Release|Any CPU
		{4219BD90-07DE-4CEB-95F1-E3B3C1BDA945}.Release|arm64.ActiveCfg = Release|Any CPU
		{4219BD90-07DE-4CEB-95F1-E3B3C1BDA945}.Release|arm64.Build.0 = Release|Any CPU
		{4219BD90-07DE-4CEB-95F1-E3B3C1BDA945}.Release|x86.ActiveCfg = Release|Any CPU
		{4219BD90-07DE-4CEB-95F1-E3B3C1BDA945}.Release|x86.Build.0 = Release|Any CPU
		{F1539DC4-7DF3-48D3-9B8B-3CF0371E2727}.Debug|Any CPU.ActiveCfg = Debug|Any CPU
		{F1539DC4-7DF3-48D3-9B8B-3CF0371E2727}.Debug|Any CPU.Build.0 = Debug|Any CPU
		{F1539DC4-7DF3-48D3-9B8B-3CF0371E2727}.Debug|arm64.ActiveCfg = Debug|Any CPU
		{F1539DC4-7DF3-48D3-9B8B-3CF0371E2727}.Debug|arm64.Build.0 = Debug|Any CPU
		{F1539DC4-7DF3-48D3-9B8B-3CF0371E2727}.Debug|x86.ActiveCfg = Debug|Any CPU
		{F1539DC4-7DF3-48D3-9B8B-3CF0371E2727}.Debug|x86.Build.0 = Debug|Any CPU
		{F1539DC4-7DF3-48D3-9B8B-3CF0371E2727}.Release|Any CPU.ActiveCfg = Release|Any CPU
		{F1539DC4-7DF3-48D3-9B8B-3CF0371E2727}.Release|Any CPU.Build.0 = Release|Any CPU
		{F1539DC4-7DF3-48D3-9B8B-3CF0371E2727}.Release|arm64.ActiveCfg = Release|Any CPU
		{F1539DC4-7DF3-48D3-9B8B-3CF0371E2727}.Release|arm64.Build.0 = Release|Any CPU
		{F1539DC4-7DF3-48D3-9B8B-3CF0371E2727}.Release|x86.ActiveCfg = Release|Any CPU
		{F1539DC4-7DF3-48D3-9B8B-3CF0371E2727}.Release|x86.Build.0 = Release|Any CPU
		{06535F6C-7E6B-4700-A95D-77F9996497ED}.Debug|Any CPU.ActiveCfg = Debug|Any CPU
		{06535F6C-7E6B-4700-A95D-77F9996497ED}.Debug|Any CPU.Build.0 = Debug|Any CPU
		{06535F6C-7E6B-4700-A95D-77F9996497ED}.Debug|arm64.ActiveCfg = Debug|Any CPU
		{06535F6C-7E6B-4700-A95D-77F9996497ED}.Debug|arm64.Build.0 = Debug|Any CPU
		{06535F6C-7E6B-4700-A95D-77F9996497ED}.Debug|x86.ActiveCfg = Debug|Any CPU
		{06535F6C-7E6B-4700-A95D-77F9996497ED}.Debug|x86.Build.0 = Debug|Any CPU
		{06535F6C-7E6B-4700-A95D-77F9996497ED}.Release|Any CPU.ActiveCfg = Release|Any CPU
		{06535F6C-7E6B-4700-A95D-77F9996497ED}.Release|Any CPU.Build.0 = Release|Any CPU
		{06535F6C-7E6B-4700-A95D-77F9996497ED}.Release|arm64.ActiveCfg = Release|Any CPU
		{06535F6C-7E6B-4700-A95D-77F9996497ED}.Release|arm64.Build.0 = Release|Any CPU
		{06535F6C-7E6B-4700-A95D-77F9996497ED}.Release|x86.ActiveCfg = Release|Any CPU
		{06535F6C-7E6B-4700-A95D-77F9996497ED}.Release|x86.Build.0 = Release|Any CPU
		{7654FF17-B11C-4196-BFDD-5DE65A71A3A2}.Debug|Any CPU.ActiveCfg = Debug|Any CPU
		{7654FF17-B11C-4196-BFDD-5DE65A71A3A2}.Debug|Any CPU.Build.0 = Debug|Any CPU
		{7654FF17-B11C-4196-BFDD-5DE65A71A3A2}.Debug|arm64.ActiveCfg = Debug|Any CPU
		{7654FF17-B11C-4196-BFDD-5DE65A71A3A2}.Debug|arm64.Build.0 = Debug|Any CPU
		{7654FF17-B11C-4196-BFDD-5DE65A71A3A2}.Debug|x86.ActiveCfg = Debug|Any CPU
		{7654FF17-B11C-4196-BFDD-5DE65A71A3A2}.Debug|x86.Build.0 = Debug|Any CPU
		{7654FF17-B11C-4196-BFDD-5DE65A71A3A2}.Release|Any CPU.ActiveCfg = Release|Any CPU
		{7654FF17-B11C-4196-BFDD-5DE65A71A3A2}.Release|Any CPU.Build.0 = Release|Any CPU
		{7654FF17-B11C-4196-BFDD-5DE65A71A3A2}.Release|arm64.ActiveCfg = Release|Any CPU
		{7654FF17-B11C-4196-BFDD-5DE65A71A3A2}.Release|arm64.Build.0 = Release|Any CPU
		{7654FF17-B11C-4196-BFDD-5DE65A71A3A2}.Release|x86.ActiveCfg = Release|Any CPU
		{7654FF17-B11C-4196-BFDD-5DE65A71A3A2}.Release|x86.Build.0 = Release|Any CPU
		{6A225408-2809-493D-B8AD-99FE309ABA7C}.Debug|Any CPU.ActiveCfg = Debug|Any CPU
		{6A225408-2809-493D-B8AD-99FE309ABA7C}.Debug|Any CPU.Build.0 = Debug|Any CPU
		{6A225408-2809-493D-B8AD-99FE309ABA7C}.Debug|arm64.ActiveCfg = Debug|Any CPU
		{6A225408-2809-493D-B8AD-99FE309ABA7C}.Debug|arm64.Build.0 = Debug|Any CPU
		{6A225408-2809-493D-B8AD-99FE309ABA7C}.Debug|x86.ActiveCfg = Debug|Any CPU
		{6A225408-2809-493D-B8AD-99FE309ABA7C}.Debug|x86.Build.0 = Debug|Any CPU
		{6A225408-2809-493D-B8AD-99FE309ABA7C}.Release|Any CPU.ActiveCfg = Release|Any CPU
		{6A225408-2809-493D-B8AD-99FE309ABA7C}.Release|Any CPU.Build.0 = Release|Any CPU
		{6A225408-2809-493D-B8AD-99FE309ABA7C}.Release|arm64.ActiveCfg = Release|Any CPU
		{6A225408-2809-493D-B8AD-99FE309ABA7C}.Release|arm64.Build.0 = Release|Any CPU
		{6A225408-2809-493D-B8AD-99FE309ABA7C}.Release|x86.ActiveCfg = Release|Any CPU
		{6A225408-2809-493D-B8AD-99FE309ABA7C}.Release|x86.Build.0 = Release|Any CPU
		{055D51AF-C264-41F3-89D6-464B312E1E30}.Debug|Any CPU.ActiveCfg = Debug|Any CPU
		{055D51AF-C264-41F3-89D6-464B312E1E30}.Debug|Any CPU.Build.0 = Debug|Any CPU
		{055D51AF-C264-41F3-89D6-464B312E1E30}.Debug|arm64.ActiveCfg = Debug|Any CPU
		{055D51AF-C264-41F3-89D6-464B312E1E30}.Debug|arm64.Build.0 = Debug|Any CPU
		{055D51AF-C264-41F3-89D6-464B312E1E30}.Debug|x86.ActiveCfg = Debug|Any CPU
		{055D51AF-C264-41F3-89D6-464B312E1E30}.Debug|x86.Build.0 = Debug|Any CPU
		{055D51AF-C264-41F3-89D6-464B312E1E30}.Release|Any CPU.ActiveCfg = Release|Any CPU
		{055D51AF-C264-41F3-89D6-464B312E1E30}.Release|Any CPU.Build.0 = Release|Any CPU
		{055D51AF-C264-41F3-89D6-464B312E1E30}.Release|arm64.ActiveCfg = Release|Any CPU
		{055D51AF-C264-41F3-89D6-464B312E1E30}.Release|arm64.Build.0 = Release|Any CPU
		{055D51AF-C264-41F3-89D6-464B312E1E30}.Release|x86.ActiveCfg = Release|Any CPU
		{055D51AF-C264-41F3-89D6-464B312E1E30}.Release|x86.Build.0 = Release|Any CPU
		{94311C98-C65A-484C-A657-ABFDC1E09896}.Debug|Any CPU.ActiveCfg = Debug|Any CPU
		{94311C98-C65A-484C-A657-ABFDC1E09896}.Debug|Any CPU.Build.0 = Debug|Any CPU
		{94311C98-C65A-484C-A657-ABFDC1E09896}.Debug|arm64.ActiveCfg = Debug|Any CPU
		{94311C98-C65A-484C-A657-ABFDC1E09896}.Debug|arm64.Build.0 = Debug|Any CPU
		{94311C98-C65A-484C-A657-ABFDC1E09896}.Debug|x86.ActiveCfg = Debug|Any CPU
		{94311C98-C65A-484C-A657-ABFDC1E09896}.Debug|x86.Build.0 = Debug|Any CPU
		{94311C98-C65A-484C-A657-ABFDC1E09896}.Release|Any CPU.ActiveCfg = Release|Any CPU
		{94311C98-C65A-484C-A657-ABFDC1E09896}.Release|Any CPU.Build.0 = Release|Any CPU
		{94311C98-C65A-484C-A657-ABFDC1E09896}.Release|arm64.ActiveCfg = Release|Any CPU
		{94311C98-C65A-484C-A657-ABFDC1E09896}.Release|arm64.Build.0 = Release|Any CPU
		{94311C98-C65A-484C-A657-ABFDC1E09896}.Release|x86.ActiveCfg = Release|Any CPU
		{94311C98-C65A-484C-A657-ABFDC1E09896}.Release|x86.Build.0 = Release|Any CPU
		{7592D004-C9AB-4B6B-8848-93A5C30104C1}.Debug|Any CPU.ActiveCfg = Debug|Any CPU
		{7592D004-C9AB-4B6B-8848-93A5C30104C1}.Debug|Any CPU.Build.0 = Debug|Any CPU
		{7592D004-C9AB-4B6B-8848-93A5C30104C1}.Debug|arm64.ActiveCfg = Debug|Any CPU
		{7592D004-C9AB-4B6B-8848-93A5C30104C1}.Debug|arm64.Build.0 = Debug|Any CPU
		{7592D004-C9AB-4B6B-8848-93A5C30104C1}.Debug|x86.ActiveCfg = Debug|Any CPU
		{7592D004-C9AB-4B6B-8848-93A5C30104C1}.Debug|x86.Build.0 = Debug|Any CPU
		{7592D004-C9AB-4B6B-8848-93A5C30104C1}.Release|Any CPU.ActiveCfg = Release|Any CPU
		{7592D004-C9AB-4B6B-8848-93A5C30104C1}.Release|Any CPU.Build.0 = Release|Any CPU
		{7592D004-C9AB-4B6B-8848-93A5C30104C1}.Release|arm64.ActiveCfg = Release|Any CPU
		{7592D004-C9AB-4B6B-8848-93A5C30104C1}.Release|arm64.Build.0 = Release|Any CPU
		{7592D004-C9AB-4B6B-8848-93A5C30104C1}.Release|x86.ActiveCfg = Release|Any CPU
		{7592D004-C9AB-4B6B-8848-93A5C30104C1}.Release|x86.Build.0 = Release|Any CPU
		{96230C74-B700-4E7F-A257-703FB827080B}.Debug|Any CPU.ActiveCfg = Debug|Any CPU
		{96230C74-B700-4E7F-A257-703FB827080B}.Debug|Any CPU.Build.0 = Debug|Any CPU
		{96230C74-B700-4E7F-A257-703FB827080B}.Debug|arm64.ActiveCfg = Debug|Any CPU
		{96230C74-B700-4E7F-A257-703FB827080B}.Debug|arm64.Build.0 = Debug|Any CPU
		{96230C74-B700-4E7F-A257-703FB827080B}.Debug|x86.ActiveCfg = Debug|Any CPU
		{96230C74-B700-4E7F-A257-703FB827080B}.Debug|x86.Build.0 = Debug|Any CPU
		{96230C74-B700-4E7F-A257-703FB827080B}.Release|Any CPU.ActiveCfg = Release|Any CPU
		{96230C74-B700-4E7F-A257-703FB827080B}.Release|Any CPU.Build.0 = Release|Any CPU
		{96230C74-B700-4E7F-A257-703FB827080B}.Release|arm64.ActiveCfg = Release|Any CPU
		{96230C74-B700-4E7F-A257-703FB827080B}.Release|arm64.Build.0 = Release|Any CPU
		{96230C74-B700-4E7F-A257-703FB827080B}.Release|x86.ActiveCfg = Release|Any CPU
		{96230C74-B700-4E7F-A257-703FB827080B}.Release|x86.Build.0 = Release|Any CPU
		{BE358445-8763-4613-B33D-0FD80286797D}.Debug|Any CPU.ActiveCfg = Debug|Any CPU
		{BE358445-8763-4613-B33D-0FD80286797D}.Debug|Any CPU.Build.0 = Debug|Any CPU
		{BE358445-8763-4613-B33D-0FD80286797D}.Debug|arm64.ActiveCfg = Debug|Any CPU
		{BE358445-8763-4613-B33D-0FD80286797D}.Debug|arm64.Build.0 = Debug|Any CPU
		{BE358445-8763-4613-B33D-0FD80286797D}.Debug|x86.ActiveCfg = Debug|Any CPU
		{BE358445-8763-4613-B33D-0FD80286797D}.Debug|x86.Build.0 = Debug|Any CPU
		{BE358445-8763-4613-B33D-0FD80286797D}.Release|Any CPU.ActiveCfg = Release|Any CPU
		{BE358445-8763-4613-B33D-0FD80286797D}.Release|Any CPU.Build.0 = Release|Any CPU
		{BE358445-8763-4613-B33D-0FD80286797D}.Release|arm64.ActiveCfg = Release|Any CPU
		{BE358445-8763-4613-B33D-0FD80286797D}.Release|arm64.Build.0 = Release|Any CPU
		{BE358445-8763-4613-B33D-0FD80286797D}.Release|x86.ActiveCfg = Release|Any CPU
		{BE358445-8763-4613-B33D-0FD80286797D}.Release|x86.Build.0 = Release|Any CPU
		{FCE1798A-01D4-4A26-9BCD-CE9FBFD31607}.Debug|Any CPU.ActiveCfg = Debug|Any CPU
		{FCE1798A-01D4-4A26-9BCD-CE9FBFD31607}.Debug|Any CPU.Build.0 = Debug|Any CPU
		{FCE1798A-01D4-4A26-9BCD-CE9FBFD31607}.Debug|arm64.ActiveCfg = Debug|Any CPU
		{FCE1798A-01D4-4A26-9BCD-CE9FBFD31607}.Debug|arm64.Build.0 = Debug|Any CPU
		{FCE1798A-01D4-4A26-9BCD-CE9FBFD31607}.Debug|x86.ActiveCfg = Debug|Any CPU
		{FCE1798A-01D4-4A26-9BCD-CE9FBFD31607}.Debug|x86.Build.0 = Debug|Any CPU
		{FCE1798A-01D4-4A26-9BCD-CE9FBFD31607}.Release|Any CPU.ActiveCfg = Release|Any CPU
		{FCE1798A-01D4-4A26-9BCD-CE9FBFD31607}.Release|Any CPU.Build.0 = Release|Any CPU
		{FCE1798A-01D4-4A26-9BCD-CE9FBFD31607}.Release|arm64.ActiveCfg = Release|Any CPU
		{FCE1798A-01D4-4A26-9BCD-CE9FBFD31607}.Release|arm64.Build.0 = Release|Any CPU
		{FCE1798A-01D4-4A26-9BCD-CE9FBFD31607}.Release|x86.ActiveCfg = Release|Any CPU
		{FCE1798A-01D4-4A26-9BCD-CE9FBFD31607}.Release|x86.Build.0 = Release|Any CPU
		{9F0DC6EC-E2B1-4164-AF87-52B4D12E3998}.Debug|Any CPU.ActiveCfg = Debug|Any CPU
		{9F0DC6EC-E2B1-4164-AF87-52B4D12E3998}.Debug|Any CPU.Build.0 = Debug|Any CPU
		{9F0DC6EC-E2B1-4164-AF87-52B4D12E3998}.Debug|arm64.ActiveCfg = Debug|Any CPU
		{9F0DC6EC-E2B1-4164-AF87-52B4D12E3998}.Debug|arm64.Build.0 = Debug|Any CPU
		{9F0DC6EC-E2B1-4164-AF87-52B4D12E3998}.Debug|x86.ActiveCfg = Debug|Any CPU
		{9F0DC6EC-E2B1-4164-AF87-52B4D12E3998}.Debug|x86.Build.0 = Debug|Any CPU
		{9F0DC6EC-E2B1-4164-AF87-52B4D12E3998}.Release|Any CPU.ActiveCfg = Release|Any CPU
		{9F0DC6EC-E2B1-4164-AF87-52B4D12E3998}.Release|Any CPU.Build.0 = Release|Any CPU
		{9F0DC6EC-E2B1-4164-AF87-52B4D12E3998}.Release|arm64.ActiveCfg = Release|Any CPU
		{9F0DC6EC-E2B1-4164-AF87-52B4D12E3998}.Release|arm64.Build.0 = Release|Any CPU
		{9F0DC6EC-E2B1-4164-AF87-52B4D12E3998}.Release|x86.ActiveCfg = Release|Any CPU
		{9F0DC6EC-E2B1-4164-AF87-52B4D12E3998}.Release|x86.Build.0 = Release|Any CPU
		{5540C4EE-F2BF-4704-9E0B-3F08165DF883}.Debug|Any CPU.ActiveCfg = Debug|Any CPU
		{5540C4EE-F2BF-4704-9E0B-3F08165DF883}.Debug|Any CPU.Build.0 = Debug|Any CPU
		{5540C4EE-F2BF-4704-9E0B-3F08165DF883}.Debug|arm64.ActiveCfg = Debug|Any CPU
		{5540C4EE-F2BF-4704-9E0B-3F08165DF883}.Debug|arm64.Build.0 = Debug|Any CPU
		{5540C4EE-F2BF-4704-9E0B-3F08165DF883}.Debug|x86.ActiveCfg = Debug|Any CPU
		{5540C4EE-F2BF-4704-9E0B-3F08165DF883}.Debug|x86.Build.0 = Debug|Any CPU
		{5540C4EE-F2BF-4704-9E0B-3F08165DF883}.Release|Any CPU.ActiveCfg = Release|Any CPU
		{5540C4EE-F2BF-4704-9E0B-3F08165DF883}.Release|Any CPU.Build.0 = Release|Any CPU
		{5540C4EE-F2BF-4704-9E0B-3F08165DF883}.Release|arm64.ActiveCfg = Release|Any CPU
		{5540C4EE-F2BF-4704-9E0B-3F08165DF883}.Release|arm64.Build.0 = Release|Any CPU
		{5540C4EE-F2BF-4704-9E0B-3F08165DF883}.Release|x86.ActiveCfg = Release|Any CPU
		{5540C4EE-F2BF-4704-9E0B-3F08165DF883}.Release|x86.Build.0 = Release|Any CPU
		{0BC0DE59-80E2-4A4C-8E3A-9CA383A900DD}.Debug|Any CPU.ActiveCfg = Debug|Any CPU
		{0BC0DE59-80E2-4A4C-8E3A-9CA383A900DD}.Debug|Any CPU.Build.0 = Debug|Any CPU
		{0BC0DE59-80E2-4A4C-8E3A-9CA383A900DD}.Debug|arm64.ActiveCfg = Debug|Any CPU
		{0BC0DE59-80E2-4A4C-8E3A-9CA383A900DD}.Debug|arm64.Build.0 = Debug|Any CPU
		{0BC0DE59-80E2-4A4C-8E3A-9CA383A900DD}.Debug|x86.ActiveCfg = Debug|Any CPU
		{0BC0DE59-80E2-4A4C-8E3A-9CA383A900DD}.Debug|x86.Build.0 = Debug|Any CPU
		{0BC0DE59-80E2-4A4C-8E3A-9CA383A900DD}.Release|Any CPU.ActiveCfg = Release|Any CPU
		{0BC0DE59-80E2-4A4C-8E3A-9CA383A900DD}.Release|Any CPU.Build.0 = Release|Any CPU
		{0BC0DE59-80E2-4A4C-8E3A-9CA383A900DD}.Release|arm64.ActiveCfg = Release|Any CPU
		{0BC0DE59-80E2-4A4C-8E3A-9CA383A900DD}.Release|arm64.Build.0 = Release|Any CPU
		{0BC0DE59-80E2-4A4C-8E3A-9CA383A900DD}.Release|x86.ActiveCfg = Release|Any CPU
		{0BC0DE59-80E2-4A4C-8E3A-9CA383A900DD}.Release|x86.Build.0 = Release|Any CPU
		{B5C83C39-3A81-41F5-BCDE-A308C0214D91}.Debug|Any CPU.ActiveCfg = Debug|Any CPU
		{B5C83C39-3A81-41F5-BCDE-A308C0214D91}.Debug|Any CPU.Build.0 = Debug|Any CPU
		{B5C83C39-3A81-41F5-BCDE-A308C0214D91}.Debug|arm64.ActiveCfg = Debug|Any CPU
		{B5C83C39-3A81-41F5-BCDE-A308C0214D91}.Debug|arm64.Build.0 = Debug|Any CPU
		{B5C83C39-3A81-41F5-BCDE-A308C0214D91}.Debug|x86.ActiveCfg = Debug|Any CPU
		{B5C83C39-3A81-41F5-BCDE-A308C0214D91}.Debug|x86.Build.0 = Debug|Any CPU
		{B5C83C39-3A81-41F5-BCDE-A308C0214D91}.Release|Any CPU.ActiveCfg = Release|Any CPU
		{B5C83C39-3A81-41F5-BCDE-A308C0214D91}.Release|Any CPU.Build.0 = Release|Any CPU
		{B5C83C39-3A81-41F5-BCDE-A308C0214D91}.Release|arm64.ActiveCfg = Release|Any CPU
		{B5C83C39-3A81-41F5-BCDE-A308C0214D91}.Release|arm64.Build.0 = Release|Any CPU
		{B5C83C39-3A81-41F5-BCDE-A308C0214D91}.Release|x86.ActiveCfg = Release|Any CPU
		{B5C83C39-3A81-41F5-BCDE-A308C0214D91}.Release|x86.Build.0 = Release|Any CPU
		{2D1CD299-8098-4C08-B7DA-C51C6DDF21C7}.Debug|Any CPU.ActiveCfg = Debug|Any CPU
		{2D1CD299-8098-4C08-B7DA-C51C6DDF21C7}.Debug|Any CPU.Build.0 = Debug|Any CPU
		{2D1CD299-8098-4C08-B7DA-C51C6DDF21C7}.Debug|arm64.ActiveCfg = Debug|Any CPU
		{2D1CD299-8098-4C08-B7DA-C51C6DDF21C7}.Debug|arm64.Build.0 = Debug|Any CPU
		{2D1CD299-8098-4C08-B7DA-C51C6DDF21C7}.Debug|x86.ActiveCfg = Debug|Any CPU
		{2D1CD299-8098-4C08-B7DA-C51C6DDF21C7}.Debug|x86.Build.0 = Debug|Any CPU
		{2D1CD299-8098-4C08-B7DA-C51C6DDF21C7}.Release|Any CPU.ActiveCfg = Release|Any CPU
		{2D1CD299-8098-4C08-B7DA-C51C6DDF21C7}.Release|Any CPU.Build.0 = Release|Any CPU
		{2D1CD299-8098-4C08-B7DA-C51C6DDF21C7}.Release|arm64.ActiveCfg = Release|Any CPU
		{2D1CD299-8098-4C08-B7DA-C51C6DDF21C7}.Release|arm64.Build.0 = Release|Any CPU
		{2D1CD299-8098-4C08-B7DA-C51C6DDF21C7}.Release|x86.ActiveCfg = Release|Any CPU
		{2D1CD299-8098-4C08-B7DA-C51C6DDF21C7}.Release|x86.Build.0 = Release|Any CPU
		{7D630CF6-A411-4A56-92D4-021044595024}.Debug|Any CPU.ActiveCfg = Debug|Any CPU
		{7D630CF6-A411-4A56-92D4-021044595024}.Debug|Any CPU.Build.0 = Debug|Any CPU
		{7D630CF6-A411-4A56-92D4-021044595024}.Debug|arm64.ActiveCfg = Debug|Any CPU
		{7D630CF6-A411-4A56-92D4-021044595024}.Debug|arm64.Build.0 = Debug|Any CPU
		{7D630CF6-A411-4A56-92D4-021044595024}.Debug|x86.ActiveCfg = Debug|Any CPU
		{7D630CF6-A411-4A56-92D4-021044595024}.Debug|x86.Build.0 = Debug|Any CPU
		{7D630CF6-A411-4A56-92D4-021044595024}.Release|Any CPU.ActiveCfg = Release|Any CPU
		{7D630CF6-A411-4A56-92D4-021044595024}.Release|Any CPU.Build.0 = Release|Any CPU
		{7D630CF6-A411-4A56-92D4-021044595024}.Release|arm64.ActiveCfg = Release|Any CPU
		{7D630CF6-A411-4A56-92D4-021044595024}.Release|arm64.Build.0 = Release|Any CPU
		{7D630CF6-A411-4A56-92D4-021044595024}.Release|x86.ActiveCfg = Release|Any CPU
		{7D630CF6-A411-4A56-92D4-021044595024}.Release|x86.Build.0 = Release|Any CPU
		{77E88D83-9438-4F39-8E8D-A6425D5C4776}.Debug|Any CPU.ActiveCfg = Debug|Any CPU
		{77E88D83-9438-4F39-8E8D-A6425D5C4776}.Debug|Any CPU.Build.0 = Debug|Any CPU
		{77E88D83-9438-4F39-8E8D-A6425D5C4776}.Debug|arm64.ActiveCfg = Debug|Any CPU
		{77E88D83-9438-4F39-8E8D-A6425D5C4776}.Debug|arm64.Build.0 = Debug|Any CPU
		{77E88D83-9438-4F39-8E8D-A6425D5C4776}.Debug|x86.ActiveCfg = Debug|Any CPU
		{77E88D83-9438-4F39-8E8D-A6425D5C4776}.Debug|x86.Build.0 = Debug|Any CPU
		{77E88D83-9438-4F39-8E8D-A6425D5C4776}.Release|Any CPU.ActiveCfg = Release|Any CPU
		{77E88D83-9438-4F39-8E8D-A6425D5C4776}.Release|Any CPU.Build.0 = Release|Any CPU
		{77E88D83-9438-4F39-8E8D-A6425D5C4776}.Release|arm64.ActiveCfg = Release|Any CPU
		{77E88D83-9438-4F39-8E8D-A6425D5C4776}.Release|arm64.Build.0 = Release|Any CPU
		{77E88D83-9438-4F39-8E8D-A6425D5C4776}.Release|x86.ActiveCfg = Release|Any CPU
		{77E88D83-9438-4F39-8E8D-A6425D5C4776}.Release|x86.Build.0 = Release|Any CPU
		{121DD53A-F798-4007-AAE2-C81F0771CB81}.Debug|Any CPU.ActiveCfg = Debug|Any CPU
		{121DD53A-F798-4007-AAE2-C81F0771CB81}.Debug|Any CPU.Build.0 = Debug|Any CPU
		{121DD53A-F798-4007-AAE2-C81F0771CB81}.Debug|arm64.ActiveCfg = Debug|Any CPU
		{121DD53A-F798-4007-AAE2-C81F0771CB81}.Debug|arm64.Build.0 = Debug|Any CPU
		{121DD53A-F798-4007-AAE2-C81F0771CB81}.Debug|x86.ActiveCfg = Debug|Any CPU
		{121DD53A-F798-4007-AAE2-C81F0771CB81}.Debug|x86.Build.0 = Debug|Any CPU
		{121DD53A-F798-4007-AAE2-C81F0771CB81}.Release|Any CPU.ActiveCfg = Release|Any CPU
		{121DD53A-F798-4007-AAE2-C81F0771CB81}.Release|Any CPU.Build.0 = Release|Any CPU
		{121DD53A-F798-4007-AAE2-C81F0771CB81}.Release|arm64.ActiveCfg = Release|Any CPU
		{121DD53A-F798-4007-AAE2-C81F0771CB81}.Release|arm64.Build.0 = Release|Any CPU
		{121DD53A-F798-4007-AAE2-C81F0771CB81}.Release|x86.ActiveCfg = Release|Any CPU
		{121DD53A-F798-4007-AAE2-C81F0771CB81}.Release|x86.Build.0 = Release|Any CPU
		{FBFFE274-9A16-46D4-AA13-C67F6C060DEF}.Debug|Any CPU.ActiveCfg = Debug|Any CPU
		{FBFFE274-9A16-46D4-AA13-C67F6C060DEF}.Debug|Any CPU.Build.0 = Debug|Any CPU
		{FBFFE274-9A16-46D4-AA13-C67F6C060DEF}.Debug|arm64.ActiveCfg = Debug|Any CPU
		{FBFFE274-9A16-46D4-AA13-C67F6C060DEF}.Debug|arm64.Build.0 = Debug|Any CPU
		{FBFFE274-9A16-46D4-AA13-C67F6C060DEF}.Debug|x86.ActiveCfg = Debug|Any CPU
		{FBFFE274-9A16-46D4-AA13-C67F6C060DEF}.Debug|x86.Build.0 = Debug|Any CPU
		{FBFFE274-9A16-46D4-AA13-C67F6C060DEF}.Release|Any CPU.ActiveCfg = Release|Any CPU
		{FBFFE274-9A16-46D4-AA13-C67F6C060DEF}.Release|Any CPU.Build.0 = Release|Any CPU
		{FBFFE274-9A16-46D4-AA13-C67F6C060DEF}.Release|arm64.ActiveCfg = Release|Any CPU
		{FBFFE274-9A16-46D4-AA13-C67F6C060DEF}.Release|arm64.Build.0 = Release|Any CPU
		{FBFFE274-9A16-46D4-AA13-C67F6C060DEF}.Release|x86.ActiveCfg = Release|Any CPU
		{FBFFE274-9A16-46D4-AA13-C67F6C060DEF}.Release|x86.Build.0 = Release|Any CPU
		{2AC7ADC9-58C2-437D-B456-9F6682205D51}.Debug|Any CPU.ActiveCfg = Debug|Any CPU
		{2AC7ADC9-58C2-437D-B456-9F6682205D51}.Debug|Any CPU.Build.0 = Debug|Any CPU
		{2AC7ADC9-58C2-437D-B456-9F6682205D51}.Debug|arm64.ActiveCfg = Debug|Any CPU
		{2AC7ADC9-58C2-437D-B456-9F6682205D51}.Debug|arm64.Build.0 = Debug|Any CPU
		{2AC7ADC9-58C2-437D-B456-9F6682205D51}.Debug|x86.ActiveCfg = Debug|Any CPU
		{2AC7ADC9-58C2-437D-B456-9F6682205D51}.Debug|x86.Build.0 = Debug|Any CPU
		{2AC7ADC9-58C2-437D-B456-9F6682205D51}.Release|Any CPU.ActiveCfg = Release|Any CPU
		{2AC7ADC9-58C2-437D-B456-9F6682205D51}.Release|Any CPU.Build.0 = Release|Any CPU
		{2AC7ADC9-58C2-437D-B456-9F6682205D51}.Release|arm64.ActiveCfg = Release|Any CPU
		{2AC7ADC9-58C2-437D-B456-9F6682205D51}.Release|arm64.Build.0 = Release|Any CPU
		{2AC7ADC9-58C2-437D-B456-9F6682205D51}.Release|x86.ActiveCfg = Release|Any CPU
		{2AC7ADC9-58C2-437D-B456-9F6682205D51}.Release|x86.Build.0 = Release|Any CPU
		{CCEFDE37-DFF1-4D5A-9E56-291559077113}.Debug|Any CPU.ActiveCfg = Debug|Any CPU
		{CCEFDE37-DFF1-4D5A-9E56-291559077113}.Debug|Any CPU.Build.0 = Debug|Any CPU
		{CCEFDE37-DFF1-4D5A-9E56-291559077113}.Debug|arm64.ActiveCfg = Debug|Any CPU
		{CCEFDE37-DFF1-4D5A-9E56-291559077113}.Debug|arm64.Build.0 = Debug|Any CPU
		{CCEFDE37-DFF1-4D5A-9E56-291559077113}.Debug|x86.ActiveCfg = Debug|Any CPU
		{CCEFDE37-DFF1-4D5A-9E56-291559077113}.Debug|x86.Build.0 = Debug|Any CPU
		{CCEFDE37-DFF1-4D5A-9E56-291559077113}.Release|Any CPU.ActiveCfg = Release|Any CPU
		{CCEFDE37-DFF1-4D5A-9E56-291559077113}.Release|Any CPU.Build.0 = Release|Any CPU
		{CCEFDE37-DFF1-4D5A-9E56-291559077113}.Release|arm64.ActiveCfg = Release|Any CPU
		{CCEFDE37-DFF1-4D5A-9E56-291559077113}.Release|arm64.Build.0 = Release|Any CPU
		{CCEFDE37-DFF1-4D5A-9E56-291559077113}.Release|x86.ActiveCfg = Release|Any CPU
		{CCEFDE37-DFF1-4D5A-9E56-291559077113}.Release|x86.Build.0 = Release|Any CPU
		{D0008460-DFF8-4BC1-ADBC-1A7AC51D01DF}.Debug|Any CPU.ActiveCfg = Debug|Any CPU
		{D0008460-DFF8-4BC1-ADBC-1A7AC51D01DF}.Debug|Any CPU.Build.0 = Debug|Any CPU
		{D0008460-DFF8-4BC1-ADBC-1A7AC51D01DF}.Debug|arm64.ActiveCfg = Debug|Any CPU
		{D0008460-DFF8-4BC1-ADBC-1A7AC51D01DF}.Debug|arm64.Build.0 = Debug|Any CPU
		{D0008460-DFF8-4BC1-ADBC-1A7AC51D01DF}.Debug|x86.ActiveCfg = Debug|Any CPU
		{D0008460-DFF8-4BC1-ADBC-1A7AC51D01DF}.Debug|x86.Build.0 = Debug|Any CPU
		{D0008460-DFF8-4BC1-ADBC-1A7AC51D01DF}.Release|Any CPU.ActiveCfg = Release|Any CPU
		{D0008460-DFF8-4BC1-ADBC-1A7AC51D01DF}.Release|Any CPU.Build.0 = Release|Any CPU
		{D0008460-DFF8-4BC1-ADBC-1A7AC51D01DF}.Release|arm64.ActiveCfg = Release|Any CPU
		{D0008460-DFF8-4BC1-ADBC-1A7AC51D01DF}.Release|arm64.Build.0 = Release|Any CPU
		{D0008460-DFF8-4BC1-ADBC-1A7AC51D01DF}.Release|x86.ActiveCfg = Release|Any CPU
		{D0008460-DFF8-4BC1-ADBC-1A7AC51D01DF}.Release|x86.Build.0 = Release|Any CPU
		{F60668FE-D93E-42D5-BA04-AAB0577825F4}.Debug|Any CPU.ActiveCfg = Debug|Any CPU
		{F60668FE-D93E-42D5-BA04-AAB0577825F4}.Debug|Any CPU.Build.0 = Debug|Any CPU
		{F60668FE-D93E-42D5-BA04-AAB0577825F4}.Debug|arm64.ActiveCfg = Debug|Any CPU
		{F60668FE-D93E-42D5-BA04-AAB0577825F4}.Debug|arm64.Build.0 = Debug|Any CPU
		{F60668FE-D93E-42D5-BA04-AAB0577825F4}.Debug|x86.ActiveCfg = Debug|Any CPU
		{F60668FE-D93E-42D5-BA04-AAB0577825F4}.Debug|x86.Build.0 = Debug|Any CPU
		{F60668FE-D93E-42D5-BA04-AAB0577825F4}.Release|Any CPU.ActiveCfg = Release|Any CPU
		{F60668FE-D93E-42D5-BA04-AAB0577825F4}.Release|Any CPU.Build.0 = Release|Any CPU
		{F60668FE-D93E-42D5-BA04-AAB0577825F4}.Release|arm64.ActiveCfg = Release|Any CPU
		{F60668FE-D93E-42D5-BA04-AAB0577825F4}.Release|arm64.Build.0 = Release|Any CPU
		{F60668FE-D93E-42D5-BA04-AAB0577825F4}.Release|x86.ActiveCfg = Release|Any CPU
		{F60668FE-D93E-42D5-BA04-AAB0577825F4}.Release|x86.Build.0 = Release|Any CPU
		{0890ECC2-8117-42A9-AD60-D06151960386}.Debug|Any CPU.ActiveCfg = Debug|Any CPU
		{0890ECC2-8117-42A9-AD60-D06151960386}.Debug|Any CPU.Build.0 = Debug|Any CPU
		{0890ECC2-8117-42A9-AD60-D06151960386}.Debug|arm64.ActiveCfg = Debug|Any CPU
		{0890ECC2-8117-42A9-AD60-D06151960386}.Debug|arm64.Build.0 = Debug|Any CPU
		{0890ECC2-8117-42A9-AD60-D06151960386}.Debug|x86.ActiveCfg = Debug|Any CPU
		{0890ECC2-8117-42A9-AD60-D06151960386}.Debug|x86.Build.0 = Debug|Any CPU
		{0890ECC2-8117-42A9-AD60-D06151960386}.Release|Any CPU.ActiveCfg = Release|Any CPU
		{0890ECC2-8117-42A9-AD60-D06151960386}.Release|Any CPU.Build.0 = Release|Any CPU
		{0890ECC2-8117-42A9-AD60-D06151960386}.Release|arm64.ActiveCfg = Release|Any CPU
		{0890ECC2-8117-42A9-AD60-D06151960386}.Release|arm64.Build.0 = Release|Any CPU
		{0890ECC2-8117-42A9-AD60-D06151960386}.Release|x86.ActiveCfg = Release|Any CPU
		{0890ECC2-8117-42A9-AD60-D06151960386}.Release|x86.Build.0 = Release|Any CPU
		{E9DCAB21-524B-4203-BBCC-F508CEA99182}.Debug|Any CPU.ActiveCfg = Debug|Any CPU
		{E9DCAB21-524B-4203-BBCC-F508CEA99182}.Debug|Any CPU.Build.0 = Debug|Any CPU
		{E9DCAB21-524B-4203-BBCC-F508CEA99182}.Debug|arm64.ActiveCfg = Debug|Any CPU
		{E9DCAB21-524B-4203-BBCC-F508CEA99182}.Debug|arm64.Build.0 = Debug|Any CPU
		{E9DCAB21-524B-4203-BBCC-F508CEA99182}.Debug|x86.ActiveCfg = Debug|Any CPU
		{E9DCAB21-524B-4203-BBCC-F508CEA99182}.Debug|x86.Build.0 = Debug|Any CPU
		{E9DCAB21-524B-4203-BBCC-F508CEA99182}.Release|Any CPU.ActiveCfg = Release|Any CPU
		{E9DCAB21-524B-4203-BBCC-F508CEA99182}.Release|Any CPU.Build.0 = Release|Any CPU
		{E9DCAB21-524B-4203-BBCC-F508CEA99182}.Release|arm64.ActiveCfg = Release|Any CPU
		{E9DCAB21-524B-4203-BBCC-F508CEA99182}.Release|arm64.Build.0 = Release|Any CPU
		{E9DCAB21-524B-4203-BBCC-F508CEA99182}.Release|x86.ActiveCfg = Release|Any CPU
		{E9DCAB21-524B-4203-BBCC-F508CEA99182}.Release|x86.Build.0 = Release|Any CPU
		{268B4BC7-8A4C-4114-8F49-AEE00F4DD10E}.Debug|Any CPU.ActiveCfg = Debug|Any CPU
		{268B4BC7-8A4C-4114-8F49-AEE00F4DD10E}.Debug|Any CPU.Build.0 = Debug|Any CPU
		{268B4BC7-8A4C-4114-8F49-AEE00F4DD10E}.Debug|arm64.ActiveCfg = Debug|Any CPU
		{268B4BC7-8A4C-4114-8F49-AEE00F4DD10E}.Debug|arm64.Build.0 = Debug|Any CPU
		{268B4BC7-8A4C-4114-8F49-AEE00F4DD10E}.Debug|x86.ActiveCfg = Debug|Any CPU
		{268B4BC7-8A4C-4114-8F49-AEE00F4DD10E}.Debug|x86.Build.0 = Debug|Any CPU
		{268B4BC7-8A4C-4114-8F49-AEE00F4DD10E}.Release|Any CPU.ActiveCfg = Release|Any CPU
		{268B4BC7-8A4C-4114-8F49-AEE00F4DD10E}.Release|Any CPU.Build.0 = Release|Any CPU
		{268B4BC7-8A4C-4114-8F49-AEE00F4DD10E}.Release|arm64.ActiveCfg = Release|Any CPU
		{268B4BC7-8A4C-4114-8F49-AEE00F4DD10E}.Release|arm64.Build.0 = Release|Any CPU
		{268B4BC7-8A4C-4114-8F49-AEE00F4DD10E}.Release|x86.ActiveCfg = Release|Any CPU
		{268B4BC7-8A4C-4114-8F49-AEE00F4DD10E}.Release|x86.Build.0 = Release|Any CPU
		{0AD9D3BF-C90F-4D7E-BF88-CF58A06D4054}.Debug|Any CPU.ActiveCfg = Debug|Any CPU
		{0AD9D3BF-C90F-4D7E-BF88-CF58A06D4054}.Debug|Any CPU.Build.0 = Debug|Any CPU
		{0AD9D3BF-C90F-4D7E-BF88-CF58A06D4054}.Debug|arm64.ActiveCfg = Debug|Any CPU
		{0AD9D3BF-C90F-4D7E-BF88-CF58A06D4054}.Debug|arm64.Build.0 = Debug|Any CPU
		{0AD9D3BF-C90F-4D7E-BF88-CF58A06D4054}.Debug|x86.ActiveCfg = Debug|Any CPU
		{0AD9D3BF-C90F-4D7E-BF88-CF58A06D4054}.Debug|x86.Build.0 = Debug|Any CPU
		{0AD9D3BF-C90F-4D7E-BF88-CF58A06D4054}.Release|Any CPU.ActiveCfg = Release|Any CPU
		{0AD9D3BF-C90F-4D7E-BF88-CF58A06D4054}.Release|Any CPU.Build.0 = Release|Any CPU
		{0AD9D3BF-C90F-4D7E-BF88-CF58A06D4054}.Release|arm64.ActiveCfg = Release|Any CPU
		{0AD9D3BF-C90F-4D7E-BF88-CF58A06D4054}.Release|arm64.Build.0 = Release|Any CPU
		{0AD9D3BF-C90F-4D7E-BF88-CF58A06D4054}.Release|x86.ActiveCfg = Release|Any CPU
		{0AD9D3BF-C90F-4D7E-BF88-CF58A06D4054}.Release|x86.Build.0 = Release|Any CPU
		{40987103-9F81-4B7E-A636-C85B635BE703}.Debug|Any CPU.ActiveCfg = Debug|Any CPU
		{40987103-9F81-4B7E-A636-C85B635BE703}.Debug|Any CPU.Build.0 = Debug|Any CPU
		{40987103-9F81-4B7E-A636-C85B635BE703}.Debug|arm64.ActiveCfg = Debug|Any CPU
		{40987103-9F81-4B7E-A636-C85B635BE703}.Debug|arm64.Build.0 = Debug|Any CPU
		{40987103-9F81-4B7E-A636-C85B635BE703}.Debug|x86.ActiveCfg = Debug|Any CPU
		{40987103-9F81-4B7E-A636-C85B635BE703}.Debug|x86.Build.0 = Debug|Any CPU
		{40987103-9F81-4B7E-A636-C85B635BE703}.Release|Any CPU.ActiveCfg = Release|Any CPU
		{40987103-9F81-4B7E-A636-C85B635BE703}.Release|Any CPU.Build.0 = Release|Any CPU
		{40987103-9F81-4B7E-A636-C85B635BE703}.Release|arm64.ActiveCfg = Release|Any CPU
		{40987103-9F81-4B7E-A636-C85B635BE703}.Release|arm64.Build.0 = Release|Any CPU
		{40987103-9F81-4B7E-A636-C85B635BE703}.Release|x86.ActiveCfg = Release|Any CPU
		{40987103-9F81-4B7E-A636-C85B635BE703}.Release|x86.Build.0 = Release|Any CPU
		{EA942459-6B4A-4354-9121-F6BA9C6F4C1C}.Debug|Any CPU.ActiveCfg = Debug|Any CPU
		{EA942459-6B4A-4354-9121-F6BA9C6F4C1C}.Debug|Any CPU.Build.0 = Debug|Any CPU
		{EA942459-6B4A-4354-9121-F6BA9C6F4C1C}.Debug|arm64.ActiveCfg = Debug|Any CPU
		{EA942459-6B4A-4354-9121-F6BA9C6F4C1C}.Debug|arm64.Build.0 = Debug|Any CPU
		{EA942459-6B4A-4354-9121-F6BA9C6F4C1C}.Debug|x86.ActiveCfg = Debug|Any CPU
		{EA942459-6B4A-4354-9121-F6BA9C6F4C1C}.Debug|x86.Build.0 = Debug|Any CPU
		{EA942459-6B4A-4354-9121-F6BA9C6F4C1C}.Release|Any CPU.ActiveCfg = Release|Any CPU
		{EA942459-6B4A-4354-9121-F6BA9C6F4C1C}.Release|Any CPU.Build.0 = Release|Any CPU
		{EA942459-6B4A-4354-9121-F6BA9C6F4C1C}.Release|arm64.ActiveCfg = Release|Any CPU
		{EA942459-6B4A-4354-9121-F6BA9C6F4C1C}.Release|arm64.Build.0 = Release|Any CPU
		{EA942459-6B4A-4354-9121-F6BA9C6F4C1C}.Release|x86.ActiveCfg = Release|Any CPU
		{EA942459-6B4A-4354-9121-F6BA9C6F4C1C}.Release|x86.Build.0 = Release|Any CPU
		{03615FC4-CD2B-4556-A681-F449E22DAD72}.Debug|Any CPU.ActiveCfg = Debug|Any CPU
		{03615FC4-CD2B-4556-A681-F449E22DAD72}.Debug|Any CPU.Build.0 = Debug|Any CPU
		{03615FC4-CD2B-4556-A681-F449E22DAD72}.Debug|arm64.ActiveCfg = Debug|Any CPU
		{03615FC4-CD2B-4556-A681-F449E22DAD72}.Debug|arm64.Build.0 = Debug|Any CPU
		{03615FC4-CD2B-4556-A681-F449E22DAD72}.Debug|x86.ActiveCfg = Debug|Any CPU
		{03615FC4-CD2B-4556-A681-F449E22DAD72}.Debug|x86.Build.0 = Debug|Any CPU
		{03615FC4-CD2B-4556-A681-F449E22DAD72}.Release|Any CPU.ActiveCfg = Release|Any CPU
		{03615FC4-CD2B-4556-A681-F449E22DAD72}.Release|Any CPU.Build.0 = Release|Any CPU
		{03615FC4-CD2B-4556-A681-F449E22DAD72}.Release|arm64.ActiveCfg = Release|Any CPU
		{03615FC4-CD2B-4556-A681-F449E22DAD72}.Release|arm64.Build.0 = Release|Any CPU
		{03615FC4-CD2B-4556-A681-F449E22DAD72}.Release|x86.ActiveCfg = Release|Any CPU
		{03615FC4-CD2B-4556-A681-F449E22DAD72}.Release|x86.Build.0 = Release|Any CPU
		{EAC10A6E-6A7E-4FCB-83A5-7EC672879619}.Debug|Any CPU.ActiveCfg = Debug|Any CPU
		{EAC10A6E-6A7E-4FCB-83A5-7EC672879619}.Debug|Any CPU.Build.0 = Debug|Any CPU
		{EAC10A6E-6A7E-4FCB-83A5-7EC672879619}.Debug|arm64.ActiveCfg = Debug|Any CPU
		{EAC10A6E-6A7E-4FCB-83A5-7EC672879619}.Debug|arm64.Build.0 = Debug|Any CPU
		{EAC10A6E-6A7E-4FCB-83A5-7EC672879619}.Debug|x86.ActiveCfg = Debug|Any CPU
		{EAC10A6E-6A7E-4FCB-83A5-7EC672879619}.Debug|x86.Build.0 = Debug|Any CPU
		{EAC10A6E-6A7E-4FCB-83A5-7EC672879619}.Release|Any CPU.ActiveCfg = Release|Any CPU
		{EAC10A6E-6A7E-4FCB-83A5-7EC672879619}.Release|Any CPU.Build.0 = Release|Any CPU
		{EAC10A6E-6A7E-4FCB-83A5-7EC672879619}.Release|arm64.ActiveCfg = Release|Any CPU
		{EAC10A6E-6A7E-4FCB-83A5-7EC672879619}.Release|arm64.Build.0 = Release|Any CPU
		{EAC10A6E-6A7E-4FCB-83A5-7EC672879619}.Release|x86.ActiveCfg = Release|Any CPU
		{EAC10A6E-6A7E-4FCB-83A5-7EC672879619}.Release|x86.Build.0 = Release|Any CPU
		{4D7FDFE4-6F4E-4A36-B559-AF623D4928C4}.Debug|Any CPU.ActiveCfg = Debug|Any CPU
		{4D7FDFE4-6F4E-4A36-B559-AF623D4928C4}.Debug|Any CPU.Build.0 = Debug|Any CPU
		{4D7FDFE4-6F4E-4A36-B559-AF623D4928C4}.Debug|arm64.ActiveCfg = Debug|Any CPU
		{4D7FDFE4-6F4E-4A36-B559-AF623D4928C4}.Debug|arm64.Build.0 = Debug|Any CPU
		{4D7FDFE4-6F4E-4A36-B559-AF623D4928C4}.Debug|x86.ActiveCfg = Debug|Any CPU
		{4D7FDFE4-6F4E-4A36-B559-AF623D4928C4}.Debug|x86.Build.0 = Debug|Any CPU
		{4D7FDFE4-6F4E-4A36-B559-AF623D4928C4}.Release|Any CPU.ActiveCfg = Release|Any CPU
		{4D7FDFE4-6F4E-4A36-B559-AF623D4928C4}.Release|Any CPU.Build.0 = Release|Any CPU
		{4D7FDFE4-6F4E-4A36-B559-AF623D4928C4}.Release|arm64.ActiveCfg = Release|Any CPU
		{4D7FDFE4-6F4E-4A36-B559-AF623D4928C4}.Release|arm64.Build.0 = Release|Any CPU
		{4D7FDFE4-6F4E-4A36-B559-AF623D4928C4}.Release|x86.ActiveCfg = Release|Any CPU
		{4D7FDFE4-6F4E-4A36-B559-AF623D4928C4}.Release|x86.Build.0 = Release|Any CPU
		{E6C929DF-9565-40B8-9D66-7E48BAA1AAF4}.Debug|Any CPU.ActiveCfg = Debug|Any CPU
		{E6C929DF-9565-40B8-9D66-7E48BAA1AAF4}.Debug|Any CPU.Build.0 = Debug|Any CPU
		{E6C929DF-9565-40B8-9D66-7E48BAA1AAF4}.Debug|arm64.ActiveCfg = Debug|Any CPU
		{E6C929DF-9565-40B8-9D66-7E48BAA1AAF4}.Debug|arm64.Build.0 = Debug|Any CPU
		{E6C929DF-9565-40B8-9D66-7E48BAA1AAF4}.Debug|x86.ActiveCfg = Debug|Any CPU
		{E6C929DF-9565-40B8-9D66-7E48BAA1AAF4}.Debug|x86.Build.0 = Debug|Any CPU
		{E6C929DF-9565-40B8-9D66-7E48BAA1AAF4}.Release|Any CPU.ActiveCfg = Release|Any CPU
		{E6C929DF-9565-40B8-9D66-7E48BAA1AAF4}.Release|Any CPU.Build.0 = Release|Any CPU
		{E6C929DF-9565-40B8-9D66-7E48BAA1AAF4}.Release|arm64.ActiveCfg = Release|Any CPU
		{E6C929DF-9565-40B8-9D66-7E48BAA1AAF4}.Release|arm64.Build.0 = Release|Any CPU
		{E6C929DF-9565-40B8-9D66-7E48BAA1AAF4}.Release|x86.ActiveCfg = Release|Any CPU
		{E6C929DF-9565-40B8-9D66-7E48BAA1AAF4}.Release|x86.Build.0 = Release|Any CPU
	EndGlobalSection
	GlobalSection(SolutionProperties) = preSolution
		HideSolutionNode = FALSE
	EndGlobalSection
	GlobalSection(NestedProjects) = preSolution
		{4038FCC6-4D03-4939-90E2-8A5622D6E979} = {47099D74-DF9B-447B-AE6B-160A18D02AE6}
		{5C2BF9EB-5FD1-4F78-9C6F-B2A321CDC3E8} = {47099D74-DF9B-447B-AE6B-160A18D02AE6}
		{FF80F93F-EF62-4BB9-803C-40B00EAED56F} = {47099D74-DF9B-447B-AE6B-160A18D02AE6}
		{29186E4E-F516-4515-899D-C5A2895D6906} = {47099D74-DF9B-447B-AE6B-160A18D02AE6}
		{D8055AAB-5201-4201-8E5F-98B96BBBE58F} = {47099D74-DF9B-447B-AE6B-160A18D02AE6}
		{2CA89AB0-64F9-4A1E-82FD-A0EB93D02FEB} = {47099D74-DF9B-447B-AE6B-160A18D02AE6}
		{0C1C4947-92C1-4EA7-9FB2-61A49666C760} = {47099D74-DF9B-447B-AE6B-160A18D02AE6}
		{1D509F71-8A09-434C-8152-E6FB83EC21DD} = {47099D74-DF9B-447B-AE6B-160A18D02AE6}
		{70D814E9-66E0-465B-AFB8-7D5FDAB557D1} = {47099D74-DF9B-447B-AE6B-160A18D02AE6}
		{EF4DCF9D-E96D-492A-B2AE-21A89B5D1624} = {47099D74-DF9B-447B-AE6B-160A18D02AE6}
		{B2493B02-C223-4BB0-88B8-313A967485D5} = {47099D74-DF9B-447B-AE6B-160A18D02AE6}
		{CB68B966-F99A-49D5-9736-47B505850B80} = {47099D74-DF9B-447B-AE6B-160A18D02AE6}
		{785EA2B6-34DE-4AE9-AF05-D975AA1E0B01} = {47099D74-DF9B-447B-AE6B-160A18D02AE6}
		{060E19D1-3DFD-4F67-9AF7-ABA9AC245984} = {47099D74-DF9B-447B-AE6B-160A18D02AE6}
		{274D7F53-A994-4D99-BC8B-6A9DDE64194D} = {47099D74-DF9B-447B-AE6B-160A18D02AE6}
		{1DFB7608-7144-4F72-9BB1-DDAEC98D1F03} = {47099D74-DF9B-447B-AE6B-160A18D02AE6}
		{2D6AA026-05D5-47C7-933D-62E51B45A1E1} = {47099D74-DF9B-447B-AE6B-160A18D02AE6}
		{AE692C67-2FA1-4FF9-96FD-94143CAD7405} = {47099D74-DF9B-447B-AE6B-160A18D02AE6}
		{8A766317-3F62-40D5-910E-610BB63B6851} = {47099D74-DF9B-447B-AE6B-160A18D02AE6}
		{4F50A494-1B99-4560-8232-3C6A3042914C} = {47099D74-DF9B-447B-AE6B-160A18D02AE6}
		{261A9B65-1C60-493D-AC49-9E72669EFF9E} = {47099D74-DF9B-447B-AE6B-160A18D02AE6}
		{67D5809F-21EB-4268-825D-5703137B56D3} = {47099D74-DF9B-447B-AE6B-160A18D02AE6}
		{73F25AF9-3ED6-4AF3-B6AD-058562F4CB93} = {47099D74-DF9B-447B-AE6B-160A18D02AE6}
		{B81F9960-5ECE-49C2-A843-1C0786EC55BA} = {47099D74-DF9B-447B-AE6B-160A18D02AE6}
		{724F54A5-3045-4EA3-B05B-79846A606A82} = {47099D74-DF9B-447B-AE6B-160A18D02AE6}
		{4A50631E-31F3-45A4-8F98-3BC0E11175A7} = {47099D74-DF9B-447B-AE6B-160A18D02AE6}
		{27A4CF10-1B95-4B6E-93B1-851C252DF6DE} = {53FD5DD5-8C29-4A2A-83F0-DCF0FEAEFAFD}
		{AA4C9289-0974-4502-B938-CD40033490F0} = {53FD5DD5-8C29-4A2A-83F0-DCF0FEAEFAFD}
		{84EFB8DB-1D7B-4EF8-8DD1-C796674D564B} = {53FD5DD5-8C29-4A2A-83F0-DCF0FEAEFAFD}
		{31E62FC3-8873-42A2-BE0B-72AD66ABC858} = {53FD5DD5-8C29-4A2A-83F0-DCF0FEAEFAFD}
		{95FA0710-11CD-498A-BD33-08D09088B6CC} = {53FD5DD5-8C29-4A2A-83F0-DCF0FEAEFAFD}
		{4219BD90-07DE-4CEB-95F1-E3B3C1BDA945} = {53FD5DD5-8C29-4A2A-83F0-DCF0FEAEFAFD}
		{F1539DC4-7DF3-48D3-9B8B-3CF0371E2727} = {53FD5DD5-8C29-4A2A-83F0-DCF0FEAEFAFD}
		{06535F6C-7E6B-4700-A95D-77F9996497ED} = {53FD5DD5-8C29-4A2A-83F0-DCF0FEAEFAFD}
		{7654FF17-B11C-4196-BFDD-5DE65A71A3A2} = {53FD5DD5-8C29-4A2A-83F0-DCF0FEAEFAFD}
		{6A225408-2809-493D-B8AD-99FE309ABA7C} = {53FD5DD5-8C29-4A2A-83F0-DCF0FEAEFAFD}
		{055D51AF-C264-41F3-89D6-464B312E1E30} = {53FD5DD5-8C29-4A2A-83F0-DCF0FEAEFAFD}
		{94311C98-C65A-484C-A657-ABFDC1E09896} = {53FD5DD5-8C29-4A2A-83F0-DCF0FEAEFAFD}
		{7592D004-C9AB-4B6B-8848-93A5C30104C1} = {53FD5DD5-8C29-4A2A-83F0-DCF0FEAEFAFD}
		{96230C74-B700-4E7F-A257-703FB827080B} = {53FD5DD5-8C29-4A2A-83F0-DCF0FEAEFAFD}
		{BE358445-8763-4613-B33D-0FD80286797D} = {53FD5DD5-8C29-4A2A-83F0-DCF0FEAEFAFD}
		{FCE1798A-01D4-4A26-9BCD-CE9FBFD31607} = {53FD5DD5-8C29-4A2A-83F0-DCF0FEAEFAFD}
		{9F0DC6EC-E2B1-4164-AF87-52B4D12E3998} = {53FD5DD5-8C29-4A2A-83F0-DCF0FEAEFAFD}
		{5540C4EE-F2BF-4704-9E0B-3F08165DF883} = {53FD5DD5-8C29-4A2A-83F0-DCF0FEAEFAFD}
		{0BC0DE59-80E2-4A4C-8E3A-9CA383A900DD} = {53FD5DD5-8C29-4A2A-83F0-DCF0FEAEFAFD}
		{B5C83C39-3A81-41F5-BCDE-A308C0214D91} = {53FD5DD5-8C29-4A2A-83F0-DCF0FEAEFAFD}
		{2D1CD299-8098-4C08-B7DA-C51C6DDF21C7} = {53FD5DD5-8C29-4A2A-83F0-DCF0FEAEFAFD}
		{7D630CF6-A411-4A56-92D4-021044595024} = {53FD5DD5-8C29-4A2A-83F0-DCF0FEAEFAFD}
		{77E88D83-9438-4F39-8E8D-A6425D5C4776} = {53FD5DD5-8C29-4A2A-83F0-DCF0FEAEFAFD}
		{121DD53A-F798-4007-AAE2-C81F0771CB81} = {53FD5DD5-8C29-4A2A-83F0-DCF0FEAEFAFD}
		{FBFFE274-9A16-46D4-AA13-C67F6C060DEF} = {53FD5DD5-8C29-4A2A-83F0-DCF0FEAEFAFD}
		{2AC7ADC9-58C2-437D-B456-9F6682205D51} = {53FD5DD5-8C29-4A2A-83F0-DCF0FEAEFAFD}
		{CCEFDE37-DFF1-4D5A-9E56-291559077113} = {53FD5DD5-8C29-4A2A-83F0-DCF0FEAEFAFD}
		{D0008460-DFF8-4BC1-ADBC-1A7AC51D01DF} = {53FD5DD5-8C29-4A2A-83F0-DCF0FEAEFAFD}
		{F60668FE-D93E-42D5-BA04-AAB0577825F4} = {25EC4AD1-E632-430F-8DAD-39CFB1377373}
		{0890ECC2-8117-42A9-AD60-D06151960386} = {25EC4AD1-E632-430F-8DAD-39CFB1377373}
		{E9DCAB21-524B-4203-BBCC-F508CEA99182} = {25EC4AD1-E632-430F-8DAD-39CFB1377373}
		{268B4BC7-8A4C-4114-8F49-AEE00F4DD10E} = {25EC4AD1-E632-430F-8DAD-39CFB1377373}
		{0AD9D3BF-C90F-4D7E-BF88-CF58A06D4054} = {25EC4AD1-E632-430F-8DAD-39CFB1377373}
		{40987103-9F81-4B7E-A636-C85B635BE703} = {25EC4AD1-E632-430F-8DAD-39CFB1377373}
		{EA942459-6B4A-4354-9121-F6BA9C6F4C1C} = {25EC4AD1-E632-430F-8DAD-39CFB1377373}
		{03615FC4-CD2B-4556-A681-F449E22DAD72} = {25EC4AD1-E632-430F-8DAD-39CFB1377373}
		{EAC10A6E-6A7E-4FCB-83A5-7EC672879619} = {25EC4AD1-E632-430F-8DAD-39CFB1377373}
		{4D7FDFE4-6F4E-4A36-B559-AF623D4928C4} = {25EC4AD1-E632-430F-8DAD-39CFB1377373}
		{E6C929DF-9565-40B8-9D66-7E48BAA1AAF4} = {25EC4AD1-E632-430F-8DAD-39CFB1377373}
	EndGlobalSection
	GlobalSection(ExtensibilityGlobals) = postSolution
		SolutionGuid = {75FB366A-F039-405A-8C52-BEADBDD57C4A}
	EndGlobalSection
EndGlobal
