
Microsoft Visual Studio Solution File, Format Version 12.00
# Visual Studio Version 17
VisualStudioVersion = 17.8.34330.188
MinimumVisualStudioVersion = 10.0.40219.1
Project("{9A19103F-16F7-4668-BE54-9A1E7A4F7556}") = "advent_of_code", "advent_of_code\advent_of_code\advent_of_code.csproj", "{16813DB3-62E3-4783-B726-E151E89C003D}"
EndProject
Project("{9A19103F-16F7-4668-BE54-9A1E7A4F7556}") = "advent_of_code.Android", "advent_of_code\advent_of_code.Android\advent_of_code.Android.csproj", "{A05E2EAD-486C-4A75-A121-E4D9FB9BBB47}"
EndProject
Project("{9A19103F-16F7-4668-BE54-9A1E7A4F7556}") = "advent_of_code.Desktop", "advent_of_code\advent_of_code.Desktop\advent_of_code.Desktop.csproj", "{84E997DA-60E8-4CF9-8DB8-2458B1A3415A}"
EndProject
Project("{9A19103F-16F7-4668-BE54-9A1E7A4F7556}") = "advent_of_code.iOS", "advent_of_code\advent_of_code.iOS\advent_of_code.iOS.csproj", "{186C3EE9-0944-42DE-80D7-6F746EA075E0}"
EndProject
Project("{9A19103F-16F7-4668-BE54-9A1E7A4F7556}") = "advent_of_code.Browser", "advent_of_code\advent_of_code.Browser\advent_of_code.Browser.csproj", "{AEA0B948-2FF0-4B2B-9896-5A9CCFD74636}"
EndProject
Project("{9A19103F-16F7-4668-BE54-9A1E7A4F7556}") = "advent_of_code.ConsoleOnly", "advent_of_code.ConsoleOnly\advent_of_code.ConsoleOnly.csproj", "{DB13BEFA-B494-456C-898E-42A2074C5C71}"
EndProject
Project("{9A19103F-16F7-4668-BE54-9A1E7A4F7556}") = "advent_of_code.Year2015.Day01", "advent_of_code.Year2015.Day01\advent_of_code.Year2015.Day01.csproj", "{4038FCC6-4D03-4939-90E2-8A5622D6E979}"
EndProject
Project("{2150E333-8FDC-42A3-9474-1A3956D46DE8}") = "Year 2015", "Year 2015", "{47099D74-DF9B-447B-AE6B-160A18D02AE6}"
EndProject
Project("{9A19103F-16F7-4668-BE54-9A1E7A4F7556}") = "advent_of_code.Year2015.Day02", "advent_of_code.Year2015.Day02\advent_of_code.Year2015.Day02.csproj", "{5C2BF9EB-5FD1-4F78-9C6F-B2A321CDC3E8}"
EndProject
Project("{9A19103F-16F7-4668-BE54-9A1E7A4F7556}") = "advent_of_code.Year2015.Day03", "advent_of_code.Year2015.Day03\advent_of_code.Year2015.Day03.csproj", "{FF80F93F-EF62-4BB9-803C-40B00EAED56F}"
EndProject
Project("{9A19103F-16F7-4668-BE54-9A1E7A4F7556}") = "advent_of_code.Year2015.Day04", "advent_of_code.Year2015.Day04\advent_of_code.Year2015.Day04.csproj", "{29186E4E-F516-4515-899D-C5A2895D6906}"
EndProject
Project("{9A19103F-16F7-4668-BE54-9A1E7A4F7556}") = "advent_of_code.Year2015.Day05", "advent_of_code.Year2015.Day05\advent_of_code.Year2015.Day05.csproj", "{D8055AAB-5201-4201-8E5F-98B96BBBE58F}"
EndProject
Project("{9A19103F-16F7-4668-BE54-9A1E7A4F7556}") = "advent_of_code.Year2015.Day06", "advent_of_code.Year2015.Day06\advent_of_code.Year2015.Day06.csproj", "{2CA89AB0-64F9-4A1E-82FD-A0EB93D02FEB}"
EndProject
Project("{9A19103F-16F7-4668-BE54-9A1E7A4F7556}") = "advent_of_code.Year2015.Day07", "advent_of_code.Year2015.Day07\advent_of_code.Year2015.Day07.csproj", "{0C1C4947-92C1-4EA7-9FB2-61A49666C760}"
EndProject
Project("{9A19103F-16F7-4668-BE54-9A1E7A4F7556}") = "advent_of_code.Year2015.Day08", "advent_of_code.Year2015.Day08\advent_of_code.Year2015.Day08.csproj", "{1D509F71-8A09-434C-8152-E6FB83EC21DD}"
EndProject
Project("{9A19103F-16F7-4668-BE54-9A1E7A4F7556}") = "advent_of_code.Year2015.Day09", "advent_of_code.Year2015.Day09\advent_of_code.Year2015.Day09.csproj", "{70D814E9-66E0-465B-AFB8-7D5FDAB557D1}"
EndProject
Project("{9A19103F-16F7-4668-BE54-9A1E7A4F7556}") = "advent_of_code.Year2015.Day10", "advent_of_code.Year2015.Day10\advent_of_code.Year2015.Day10.csproj", "{EF4DCF9D-E96D-492A-B2AE-21A89B5D1624}"
EndProject
Project("{9A19103F-16F7-4668-BE54-9A1E7A4F7556}") = "advent_of_code.Year2015.Day11", "advent_of_code.Year2015.Day11\advent_of_code.Year2015.Day11.csproj", "{B2493B02-C223-4BB0-88B8-313A967485D5}"
EndProject
Project("{9A19103F-16F7-4668-BE54-9A1E7A4F7556}") = "advent_of_code.Year2015.Day12", "advent_of_code.Year2015.Day12\advent_of_code.Year2015.Day12.csproj", "{CB68B966-F99A-49D5-9736-47B505850B80}"
EndProject
Project("{9A19103F-16F7-4668-BE54-9A1E7A4F7556}") = "advent_of_code.Year2015.Day13", "advent_of_code.Year2015.Day13\advent_of_code.Year2015.Day13.csproj", "{785EA2B6-34DE-4AE9-AF05-D975AA1E0B01}"
EndProject
Project("{9A19103F-16F7-4668-BE54-9A1E7A4F7556}") = "advent_of_code.Helpers", "advent_of_code.Helpers\advent_of_code.Helpers.csproj", "{230F38E2-9295-4520-8FE9-3283B405B808}"
EndProject
Project("{FAE04EC0-301F-11D3-BF4B-00C04F79EFBC}") = "advent_of_code.Year2015.Day14", "advent_of_code.Year2015.Day14\advent_of_code.Year2015.Day14.csproj", "{060E19D1-3DFD-4F67-9AF7-ABA9AC245984}"
EndProject
Global
	GlobalSection(SolutionConfigurationPlatforms) = preSolution
		Debug|Any CPU = Debug|Any CPU
		Release|Any CPU = Release|Any CPU
	EndGlobalSection
	GlobalSection(ProjectConfigurationPlatforms) = postSolution
		{16813DB3-62E3-4783-B726-E151E89C003D}.Debug|Any CPU.ActiveCfg = Debug|Any CPU
		{16813DB3-62E3-4783-B726-E151E89C003D}.Debug|Any CPU.Build.0 = Debug|Any CPU
		{16813DB3-62E3-4783-B726-E151E89C003D}.Release|Any CPU.ActiveCfg = Release|Any CPU
		{16813DB3-62E3-4783-B726-E151E89C003D}.Release|Any CPU.Build.0 = Release|Any CPU
		{A05E2EAD-486C-4A75-A121-E4D9FB9BBB47}.Debug|Any CPU.ActiveCfg = Debug|Any CPU
		{A05E2EAD-486C-4A75-A121-E4D9FB9BBB47}.Debug|Any CPU.Build.0 = Debug|Any CPU
		{A05E2EAD-486C-4A75-A121-E4D9FB9BBB47}.Debug|Any CPU.Deploy.0 = Debug|Any CPU
		{A05E2EAD-486C-4A75-A121-E4D9FB9BBB47}.Release|Any CPU.ActiveCfg = Release|Any CPU
		{A05E2EAD-486C-4A75-A121-E4D9FB9BBB47}.Release|Any CPU.Build.0 = Release|Any CPU
		{A05E2EAD-486C-4A75-A121-E4D9FB9BBB47}.Release|Any CPU.Deploy.0 = Release|Any CPU
		{84E997DA-60E8-4CF9-8DB8-2458B1A3415A}.Debug|Any CPU.ActiveCfg = Debug|Any CPU
		{84E997DA-60E8-4CF9-8DB8-2458B1A3415A}.Debug|Any CPU.Build.0 = Debug|Any CPU
		{84E997DA-60E8-4CF9-8DB8-2458B1A3415A}.Release|Any CPU.ActiveCfg = Release|Any CPU
		{84E997DA-60E8-4CF9-8DB8-2458B1A3415A}.Release|Any CPU.Build.0 = Release|Any CPU
		{186C3EE9-0944-42DE-80D7-6F746EA075E0}.Debug|Any CPU.ActiveCfg = Debug|Any CPU
		{186C3EE9-0944-42DE-80D7-6F746EA075E0}.Debug|Any CPU.Build.0 = Debug|Any CPU
		{186C3EE9-0944-42DE-80D7-6F746EA075E0}.Debug|Any CPU.Deploy.0 = Debug|Any CPU
		{186C3EE9-0944-42DE-80D7-6F746EA075E0}.Release|Any CPU.ActiveCfg = Release|Any CPU
		{186C3EE9-0944-42DE-80D7-6F746EA075E0}.Release|Any CPU.Build.0 = Release|Any CPU
		{186C3EE9-0944-42DE-80D7-6F746EA075E0}.Release|Any CPU.Deploy.0 = Release|Any CPU
		{AEA0B948-2FF0-4B2B-9896-5A9CCFD74636}.Debug|Any CPU.ActiveCfg = Debug|Any CPU
		{AEA0B948-2FF0-4B2B-9896-5A9CCFD74636}.Debug|Any CPU.Build.0 = Debug|Any CPU
		{AEA0B948-2FF0-4B2B-9896-5A9CCFD74636}.Release|Any CPU.ActiveCfg = Release|Any CPU
		{AEA0B948-2FF0-4B2B-9896-5A9CCFD74636}.Release|Any CPU.Build.0 = Release|Any CPU
		{DB13BEFA-B494-456C-898E-42A2074C5C71}.Debug|Any CPU.ActiveCfg = Debug|Any CPU
		{DB13BEFA-B494-456C-898E-42A2074C5C71}.Debug|Any CPU.Build.0 = Debug|Any CPU
		{DB13BEFA-B494-456C-898E-42A2074C5C71}.Release|Any CPU.ActiveCfg = Release|Any CPU
		{DB13BEFA-B494-456C-898E-42A2074C5C71}.Release|Any CPU.Build.0 = Release|Any CPU
		{4038FCC6-4D03-4939-90E2-8A5622D6E979}.Debug|Any CPU.ActiveCfg = Debug|Any CPU
		{4038FCC6-4D03-4939-90E2-8A5622D6E979}.Debug|Any CPU.Build.0 = Debug|Any CPU
		{4038FCC6-4D03-4939-90E2-8A5622D6E979}.Release|Any CPU.ActiveCfg = Release|Any CPU
		{4038FCC6-4D03-4939-90E2-8A5622D6E979}.Release|Any CPU.Build.0 = Release|Any CPU
		{5C2BF9EB-5FD1-4F78-9C6F-B2A321CDC3E8}.Debug|Any CPU.ActiveCfg = Debug|Any CPU
		{5C2BF9EB-5FD1-4F78-9C6F-B2A321CDC3E8}.Debug|Any CPU.Build.0 = Debug|Any CPU
		{5C2BF9EB-5FD1-4F78-9C6F-B2A321CDC3E8}.Release|Any CPU.ActiveCfg = Release|Any CPU
		{5C2BF9EB-5FD1-4F78-9C6F-B2A321CDC3E8}.Release|Any CPU.Build.0 = Release|Any CPU
		{FF80F93F-EF62-4BB9-803C-40B00EAED56F}.Debug|Any CPU.ActiveCfg = Debug|Any CPU
		{FF80F93F-EF62-4BB9-803C-40B00EAED56F}.Debug|Any CPU.Build.0 = Debug|Any CPU
		{FF80F93F-EF62-4BB9-803C-40B00EAED56F}.Release|Any CPU.ActiveCfg = Release|Any CPU
		{FF80F93F-EF62-4BB9-803C-40B00EAED56F}.Release|Any CPU.Build.0 = Release|Any CPU
		{29186E4E-F516-4515-899D-C5A2895D6906}.Debug|Any CPU.ActiveCfg = Debug|Any CPU
		{29186E4E-F516-4515-899D-C5A2895D6906}.Debug|Any CPU.Build.0 = Debug|Any CPU
		{29186E4E-F516-4515-899D-C5A2895D6906}.Release|Any CPU.ActiveCfg = Release|Any CPU
		{29186E4E-F516-4515-899D-C5A2895D6906}.Release|Any CPU.Build.0 = Release|Any CPU
		{D8055AAB-5201-4201-8E5F-98B96BBBE58F}.Debug|Any CPU.ActiveCfg = Debug|Any CPU
		{D8055AAB-5201-4201-8E5F-98B96BBBE58F}.Debug|Any CPU.Build.0 = Debug|Any CPU
		{D8055AAB-5201-4201-8E5F-98B96BBBE58F}.Release|Any CPU.ActiveCfg = Release|Any CPU
		{D8055AAB-5201-4201-8E5F-98B96BBBE58F}.Release|Any CPU.Build.0 = Release|Any CPU
		{2CA89AB0-64F9-4A1E-82FD-A0EB93D02FEB}.Debug|Any CPU.ActiveCfg = Debug|Any CPU
		{2CA89AB0-64F9-4A1E-82FD-A0EB93D02FEB}.Debug|Any CPU.Build.0 = Debug|Any CPU
		{2CA89AB0-64F9-4A1E-82FD-A0EB93D02FEB}.Release|Any CPU.ActiveCfg = Release|Any CPU
		{2CA89AB0-64F9-4A1E-82FD-A0EB93D02FEB}.Release|Any CPU.Build.0 = Release|Any CPU
		{0C1C4947-92C1-4EA7-9FB2-61A49666C760}.Debug|Any CPU.ActiveCfg = Debug|Any CPU
		{0C1C4947-92C1-4EA7-9FB2-61A49666C760}.Debug|Any CPU.Build.0 = Debug|Any CPU
		{0C1C4947-92C1-4EA7-9FB2-61A49666C760}.Release|Any CPU.ActiveCfg = Release|Any CPU
		{0C1C4947-92C1-4EA7-9FB2-61A49666C760}.Release|Any CPU.Build.0 = Release|Any CPU
		{1D509F71-8A09-434C-8152-E6FB83EC21DD}.Debug|Any CPU.ActiveCfg = Debug|Any CPU
		{1D509F71-8A09-434C-8152-E6FB83EC21DD}.Debug|Any CPU.Build.0 = Debug|Any CPU
		{1D509F71-8A09-434C-8152-E6FB83EC21DD}.Release|Any CPU.ActiveCfg = Release|Any CPU
		{1D509F71-8A09-434C-8152-E6FB83EC21DD}.Release|Any CPU.Build.0 = Release|Any CPU
		{70D814E9-66E0-465B-AFB8-7D5FDAB557D1}.Debug|Any CPU.ActiveCfg = Debug|Any CPU
		{70D814E9-66E0-465B-AFB8-7D5FDAB557D1}.Debug|Any CPU.Build.0 = Debug|Any CPU
		{70D814E9-66E0-465B-AFB8-7D5FDAB557D1}.Release|Any CPU.ActiveCfg = Release|Any CPU
		{70D814E9-66E0-465B-AFB8-7D5FDAB557D1}.Release|Any CPU.Build.0 = Release|Any CPU
		{EF4DCF9D-E96D-492A-B2AE-21A89B5D1624}.Debug|Any CPU.ActiveCfg = Debug|Any CPU
		{EF4DCF9D-E96D-492A-B2AE-21A89B5D1624}.Debug|Any CPU.Build.0 = Debug|Any CPU
		{EF4DCF9D-E96D-492A-B2AE-21A89B5D1624}.Release|Any CPU.ActiveCfg = Release|Any CPU
		{EF4DCF9D-E96D-492A-B2AE-21A89B5D1624}.Release|Any CPU.Build.0 = Release|Any CPU
		{B2493B02-C223-4BB0-88B8-313A967485D5}.Debug|Any CPU.ActiveCfg = Debug|Any CPU
		{B2493B02-C223-4BB0-88B8-313A967485D5}.Debug|Any CPU.Build.0 = Debug|Any CPU
		{B2493B02-C223-4BB0-88B8-313A967485D5}.Release|Any CPU.ActiveCfg = Release|Any CPU
		{B2493B02-C223-4BB0-88B8-313A967485D5}.Release|Any CPU.Build.0 = Release|Any CPU
		{CB68B966-F99A-49D5-9736-47B505850B80}.Debug|Any CPU.ActiveCfg = Debug|Any CPU
		{CB68B966-F99A-49D5-9736-47B505850B80}.Debug|Any CPU.Build.0 = Debug|Any CPU
		{CB68B966-F99A-49D5-9736-47B505850B80}.Release|Any CPU.ActiveCfg = Release|Any CPU
		{CB68B966-F99A-49D5-9736-47B505850B80}.Release|Any CPU.Build.0 = Release|Any CPU
		{785EA2B6-34DE-4AE9-AF05-D975AA1E0B01}.Debug|Any CPU.ActiveCfg = Debug|Any CPU
		{785EA2B6-34DE-4AE9-AF05-D975AA1E0B01}.Debug|Any CPU.Build.0 = Debug|Any CPU
		{785EA2B6-34DE-4AE9-AF05-D975AA1E0B01}.Release|Any CPU.ActiveCfg = Release|Any CPU
		{785EA2B6-34DE-4AE9-AF05-D975AA1E0B01}.Release|Any CPU.Build.0 = Release|Any CPU
		{230F38E2-9295-4520-8FE9-3283B405B808}.Debug|Any CPU.ActiveCfg = Debug|Any CPU
		{230F38E2-9295-4520-8FE9-3283B405B808}.Debug|Any CPU.Build.0 = Debug|Any CPU
		{230F38E2-9295-4520-8FE9-3283B405B808}.Release|Any CPU.ActiveCfg = Release|Any CPU
		{230F38E2-9295-4520-8FE9-3283B405B808}.Release|Any CPU.Build.0 = Release|Any CPU
		{060E19D1-3DFD-4F67-9AF7-ABA9AC245984}.Debug|Any CPU.ActiveCfg = Debug|Any CPU
		{060E19D1-3DFD-4F67-9AF7-ABA9AC245984}.Debug|Any CPU.Build.0 = Debug|Any CPU
		{060E19D1-3DFD-4F67-9AF7-ABA9AC245984}.Release|Any CPU.ActiveCfg = Release|Any CPU
		{060E19D1-3DFD-4F67-9AF7-ABA9AC245984}.Release|Any CPU.Build.0 = Release|Any CPU
	EndGlobalSection
	GlobalSection(SolutionProperties) = preSolution
		HideSolutionNode = FALSE
	EndGlobalSection
	GlobalSection(NestedProjects) = preSolution
		{4038FCC6-4D03-4939-90E2-8A5622D6E979} = {47099D74-DF9B-447B-AE6B-160A18D02AE6}
		{5C2BF9EB-5FD1-4F78-9C6F-B2A321CDC3E8} = {47099D74-DF9B-447B-AE6B-160A18D02AE6}
		{FF80F93F-EF62-4BB9-803C-40B00EAED56F} = {47099D74-DF9B-447B-AE6B-160A18D02AE6}
		{29186E4E-F516-4515-899D-C5A2895D6906} = {47099D74-DF9B-447B-AE6B-160A18D02AE6}
		{D8055AAB-5201-4201-8E5F-98B96BBBE58F} = {47099D74-DF9B-447B-AE6B-160A18D02AE6}
		{2CA89AB0-64F9-4A1E-82FD-A0EB93D02FEB} = {47099D74-DF9B-447B-AE6B-160A18D02AE6}
		{0C1C4947-92C1-4EA7-9FB2-61A49666C760} = {47099D74-DF9B-447B-AE6B-160A18D02AE6}
		{1D509F71-8A09-434C-8152-E6FB83EC21DD} = {47099D74-DF9B-447B-AE6B-160A18D02AE6}
		{70D814E9-66E0-465B-AFB8-7D5FDAB557D1} = {47099D74-DF9B-447B-AE6B-160A18D02AE6}
		{EF4DCF9D-E96D-492A-B2AE-21A89B5D1624} = {47099D74-DF9B-447B-AE6B-160A18D02AE6}
		{B2493B02-C223-4BB0-88B8-313A967485D5} = {47099D74-DF9B-447B-AE6B-160A18D02AE6}
		{CB68B966-F99A-49D5-9736-47B505850B80} = {47099D74-DF9B-447B-AE6B-160A18D02AE6}
		{785EA2B6-34DE-4AE9-AF05-D975AA1E0B01} = {47099D74-DF9B-447B-AE6B-160A18D02AE6}
		{060E19D1-3DFD-4F67-9AF7-ABA9AC245984} = {47099D74-DF9B-447B-AE6B-160A18D02AE6}
	EndGlobalSection
	GlobalSection(ExtensibilityGlobals) = postSolution
		SolutionGuid = {75FB366A-F039-405A-8C52-BEADBDD57C4A}
	EndGlobalSection
EndGlobal
