
Microsoft Visual Studio Solution File, Format Version 12.00
# Visual Studio Version 17
VisualStudioVersion = 17.8.34330.188
MinimumVisualStudioVersion = 10.0.40219.1
Project("{9A19103F-16F7-4668-BE54-9A1E7A4F7556}") = "advent_of_code", "advent_of_code\advent_of_code\advent_of_code.csproj", "{16813DB3-62E3-4783-B726-E151E89C003D}"
EndProject
Project("{9A19103F-16F7-4668-BE54-9A1E7A4F7556}") = "advent_of_code.Android", "advent_of_code\advent_of_code.Android\advent_of_code.Android.csproj", "{A05E2EAD-486C-4A75-A121-E4D9FB9BBB47}"
EndProject
Project("{9A19103F-16F7-4668-BE54-9A1E7A4F7556}") = "advent_of_code.Desktop", "advent_of_code\advent_of_code.Desktop\advent_of_code.Desktop.csproj", "{84E997DA-60E8-4CF9-8DB8-2458B1A3415A}"
EndProject
Project("{9A19103F-16F7-4668-BE54-9A1E7A4F7556}") = "advent_of_code.iOS", "advent_of_code\advent_of_code.iOS\advent_of_code.iOS.csproj", "{186C3EE9-0944-42DE-80D7-6F746EA075E0}"
EndProject
Project("{9A19103F-16F7-4668-BE54-9A1E7A4F7556}") = "advent_of_code.Browser", "advent_of_code\advent_of_code.Browser\advent_of_code.Browser.csproj", "{AEA0B948-2FF0-4B2B-9896-5A9CCFD74636}"
EndProject
Project("{9A19103F-16F7-4668-BE54-9A1E7A4F7556}") = "advent_of_code.ConsoleOnly", "advent_of_code.ConsoleOnly\advent_of_code.ConsoleOnly.csproj", "{DB13BEFA-B494-456C-898E-42A2074C5C71}"
EndProject
Project("{9A19103F-16F7-4668-BE54-9A1E7A4F7556}") = "advent_of_code.Year2015.Day01", "advent_of_code.Year2015.Day01\advent_of_code.Year2015.Day01.csproj", "{4038FCC6-4D03-4939-90E2-8A5622D6E979}"
EndProject
Project("{2150E333-8FDC-42A3-9474-1A3956D46DE8}") = "Year 2015", "Year 2015", "{47099D74-DF9B-447B-AE6B-160A18D02AE6}"
EndProject
Project("{9A19103F-16F7-4668-BE54-9A1E7A4F7556}") = "advent_of_code.Year2015.Day02", "advent_of_code.Year2015.Day02\advent_of_code.Year2015.Day02.csproj", "{5C2BF9EB-5FD1-4F78-9C6F-B2A321CDC3E8}"
EndProject
Project("{9A19103F-16F7-4668-BE54-9A1E7A4F7556}") = "advent_of_code.Year2015.Day03", "advent_of_code.Year2015.Day03\advent_of_code.Year2015.Day03.csproj", "{FF80F93F-EF62-4BB9-803C-40B00EAED56F}"
EndProject
Project("{9A19103F-16F7-4668-BE54-9A1E7A4F7556}") = "advent_of_code.Year2015.Day04", "advent_of_code.Year2015.Day04\advent_of_code.Year2015.Day04.csproj", "{29186E4E-F516-4515-899D-C5A2895D6906}"
EndProject
Project("{9A19103F-16F7-4668-BE54-9A1E7A4F7556}") = "advent_of_code.Year2015.Day05", "advent_of_code.Year2015.Day05\advent_of_code.Year2015.Day05.csproj", "{D8055AAB-5201-4201-8E5F-98B96BBBE58F}"
EndProject
Project("{9A19103F-16F7-4668-BE54-9A1E7A4F7556}") = "advent_of_code.Year2015.Day06", "advent_of_code.Year2015.Day06\advent_of_code.Year2015.Day06.csproj", "{2CA89AB0-64F9-4A1E-82FD-A0EB93D02FEB}"
EndProject
Project("{9A19103F-16F7-4668-BE54-9A1E7A4F7556}") = "advent_of_code.Year2015.Day07", "advent_of_code.Year2015.Day07\advent_of_code.Year2015.Day07.csproj", "{0C1C4947-92C1-4EA7-9FB2-61A49666C760}"
EndProject
Project("{9A19103F-16F7-4668-BE54-9A1E7A4F7556}") = "advent_of_code.Year2015.Day08", "advent_of_code.Year2015.Day08\advent_of_code.Year2015.Day08.csproj", "{1D509F71-8A09-434C-8152-E6FB83EC21DD}"
EndProject
Project("{9A19103F-16F7-4668-BE54-9A1E7A4F7556}") = "advent_of_code.Year2015.Day09", "advent_of_code.Year2015.Day09\advent_of_code.Year2015.Day09.csproj", "{70D814E9-66E0-465B-AFB8-7D5FDAB557D1}"
EndProject
Project("{9A19103F-16F7-4668-BE54-9A1E7A4F7556}") = "advent_of_code.Year2015.Day10", "advent_of_code.Year2015.Day10\advent_of_code.Year2015.Day10.csproj", "{EF4DCF9D-E96D-492A-B2AE-21A89B5D1624}"
EndProject
Project("{9A19103F-16F7-4668-BE54-9A1E7A4F7556}") = "advent_of_code.Year2015.Day11", "advent_of_code.Year2015.Day11\advent_of_code.Year2015.Day11.csproj", "{B2493B02-C223-4BB0-88B8-313A967485D5}"
EndProject
Project("{9A19103F-16F7-4668-BE54-9A1E7A4F7556}") = "advent_of_code.Year2015.Day12", "advent_of_code.Year2015.Day12\advent_of_code.Year2015.Day12.csproj", "{CB68B966-F99A-49D5-9736-47B505850B80}"
EndProject
Project("{9A19103F-16F7-4668-BE54-9A1E7A4F7556}") = "advent_of_code.Year2015.Day13", "advent_of_code.Year2015.Day13\advent_of_code.Year2015.Day13.csproj", "{785EA2B6-34DE-4AE9-AF05-D975AA1E0B01}"
EndProject
Project("{9A19103F-16F7-4668-BE54-9A1E7A4F7556}") = "advent_of_code.Helpers", "advent_of_code.Helpers\advent_of_code.Helpers.csproj", "{230F38E2-9295-4520-8FE9-3283B405B808}"
EndProject
Project("{9A19103F-16F7-4668-BE54-9A1E7A4F7556}") = "advent_of_code.Year2015.Day14", "advent_of_code.Year2015.Day14\advent_of_code.Year2015.Day14.csproj", "{060E19D1-3DFD-4F67-9AF7-ABA9AC245984}"
EndProject
Project("{9A19103F-16F7-4668-BE54-9A1E7A4F7556}") = "advent_of_code.Year2015.Day15", "advent_of_code.Year2015.Day15\advent_of_code.Year2015.Day15.csproj", "{274D7F53-A994-4D99-BC8B-6A9DDE64194D}"
EndProject
Project("{9A19103F-16F7-4668-BE54-9A1E7A4F7556}") = "advent_of_code.Year2015", "advent_of_code.Year2015\advent_of_code.Year2015.csproj", "{1DFB7608-7144-4F72-9BB1-DDAEC98D1F03}"
EndProject
Project("{9A19103F-16F7-4668-BE54-9A1E7A4F7556}") = "advent_of_code.Year2015.Day16", "advent_of_code.Year2015.Day16\advent_of_code.Year2015.Day16.csproj", "{2D6AA026-05D5-47C7-933D-62E51B45A1E1}"
EndProject
Project("{9A19103F-16F7-4668-BE54-9A1E7A4F7556}") = "advent_of_code.Year2015.Day17", "advent_of_code.Year2015.Day17\advent_of_code.Year2015.Day17.csproj", "{AE692C67-2FA1-4FF9-96FD-94143CAD7405}"
EndProject
Project("{9A19103F-16F7-4668-BE54-9A1E7A4F7556}") = "advent_of_code.Year2015.Day18", "advent_of_code.Year2015.Day18\advent_of_code.Year2015.Day18.csproj", "{8A766317-3F62-40D5-910E-610BB63B6851}"
EndProject
Project("{9A19103F-16F7-4668-BE54-9A1E7A4F7556}") = "advent_of_code.Year2015.Day19", "advent_of_code.Year2015.Day19\advent_of_code.Year2015.Day19.csproj", "{4F50A494-1B99-4560-8232-3C6A3042914C}"
EndProject
Project("{9A19103F-16F7-4668-BE54-9A1E7A4F7556}") = "advent_of_code.Year2015.Day20", "advent_of_code.Year2015.Day20\advent_of_code.Year2015.Day20.csproj", "{261A9B65-1C60-493D-AC49-9E72669EFF9E}"
EndProject
Project("{9A19103F-16F7-4668-BE54-9A1E7A4F7556}") = "advent_of_code.Year2015.Day21", "advent_of_code.Year2015.Day21\advent_of_code.Year2015.Day21.csproj", "{67D5809F-21EB-4268-825D-5703137B56D3}"
EndProject
Project("{9A19103F-16F7-4668-BE54-9A1E7A4F7556}") = "advent_of_code.Year2015.Day22", "advent_of_code.Year2015.Day22\advent_of_code.Year2015.Day22.csproj", "{73F25AF9-3ED6-4AF3-B6AD-058562F4CB93}"
EndProject
Project("{9A19103F-16F7-4668-BE54-9A1E7A4F7556}") = "advent_of_code.Year2015.Day23", "advent_of_code.Year2015.Day23\advent_of_code.Year2015.Day23.csproj", "{B81F9960-5ECE-49C2-A843-1C0786EC55BA}"
EndProject
Project("{9A19103F-16F7-4668-BE54-9A1E7A4F7556}") = "advent_of_code.Year2015.Day24", "advent_of_code.Year2015.Day24\advent_of_code.Year2015.Day24.csproj", "{724F54A5-3045-4EA3-B05B-79846A606A82}"
EndProject
Project("{9A19103F-16F7-4668-BE54-9A1E7A4F7556}") = "advent_of_code.Year2015.Day25", "advent_of_code.Year2015.Day25\advent_of_code.Year2015.Day25.csproj", "{4A50631E-31F3-45A4-8F98-3BC0E11175A7}"
EndProject
Project("{2150E333-8FDC-42A3-9474-1A3956D46DE8}") = "Year 2016", "Year 2016", "{53FD5DD5-8C29-4A2A-83F0-DCF0FEAEFAFD}"
EndProject
Project("{9A19103F-16F7-4668-BE54-9A1E7A4F7556}") = "advent_of_code.Year2016", "advent_of_code.Year2016\advent_of_code.Year2016.csproj", "{27A4CF10-1B95-4B6E-93B1-851C252DF6DE}"
EndProject
Project("{9A19103F-16F7-4668-BE54-9A1E7A4F7556}") = "advent_of_code.Year2016.Day01", "advent_of_code.Year2016.Day01\advent_of_code.Year2016.Day01.csproj", "{AA4C9289-0974-4502-B938-CD40033490F0}"
EndProject
Project("{9A19103F-16F7-4668-BE54-9A1E7A4F7556}") = "advent_of_code.Year2016.Day02", "advent_of_code.Year2016.Day02\advent_of_code.Year2016.Day02.csproj", "{84EFB8DB-1D7B-4EF8-8DD1-C796674D564B}"
EndProject
Project("{9A19103F-16F7-4668-BE54-9A1E7A4F7556}") = "advent_of_code.Year2016.Day03", "advent_of_code.Year2016.Day03\advent_of_code.Year2016.Day03.csproj", "{31E62FC3-8873-42A2-BE0B-72AD66ABC858}"
EndProject
Project("{9A19103F-16F7-4668-BE54-9A1E7A4F7556}") = "advent_of_code.Year2016.Day04", "advent_of_code.Year2016.Day04\advent_of_code.Year2016.Day04.csproj", "{95FA0710-11CD-498A-BD33-08D09088B6CC}"
EndProject
Project("{9A19103F-16F7-4668-BE54-9A1E7A4F7556}") = "advent_of_code.Year2016.Day05", "advent_of_code.Year2016.Day05\advent_of_code.Year2016.Day05.csproj", "{4219BD90-07DE-4CEB-95F1-E3B3C1BDA945}"
EndProject
Project("{9A19103F-16F7-4668-BE54-9A1E7A4F7556}") = "advent_of_code.Year2016.Day06", "advent_of_code.Year2016.Day06\advent_of_code.Year2016.Day06.csproj", "{F1539DC4-7DF3-48D3-9B8B-3CF0371E2727}"
EndProject
Project("{9A19103F-16F7-4668-BE54-9A1E7A4F7556}") = "advent_of_code.Year2016.Day07", "advent_of_code.Year2016.Day07\advent_of_code.Year2016.Day07.csproj", "{06535F6C-7E6B-4700-A95D-77F9996497ED}"
EndProject
Project("{9A19103F-16F7-4668-BE54-9A1E7A4F7556}") = "advent_of_code.Year2016.Day08", "advent_of_code.Year2016.Day08\advent_of_code.Year2016.Day08.csproj", "{7654FF17-B11C-4196-BFDD-5DE65A71A3A2}"
EndProject
Project("{9A19103F-16F7-4668-BE54-9A1E7A4F7556}") = "advent_of_code.Year2016.Day09", "advent_of_code.Year2016.Day09\advent_of_code.Year2016.Day09.csproj", "{6A225408-2809-493D-B8AD-99FE309ABA7C}"
EndProject
Project("{9A19103F-16F7-4668-BE54-9A1E7A4F7556}") = "advent_of_code.Year2016.Day10", "advent_of_code.Year2016.Day10\advent_of_code.Year2016.Day10.csproj", "{055D51AF-C264-41F3-89D6-464B312E1E30}"
EndProject
Project("{9A19103F-16F7-4668-BE54-9A1E7A4F7556}") = "advent_of_code.Year2016.Day11", "advent_of_code.Year2016.Day11\advent_of_code.Year2016.Day11.csproj", "{94311C98-C65A-484C-A657-ABFDC1E09896}"
EndProject
Project("{9A19103F-16F7-4668-BE54-9A1E7A4F7556}") = "advent_of_code.Year2016.Day12", "advent_of_code.Year2016.Day12\advent_of_code.Year2016.Day12.csproj", "{7592D004-C9AB-4B6B-8848-93A5C30104C1}"
EndProject
Project("{FAE04EC0-301F-11D3-BF4B-00C04F79EFBC}") = "advent_of_code.Year2016.Day13", "advent_of_code.Year2016.Day13\advent_of_code.Year2016.Day13.csproj", "{96230C74-B700-4E7F-A257-703FB827080B}"
EndProject
Global
	GlobalSection(SolutionConfigurationPlatforms) = preSolution
		Debug|Any CPU = Debug|Any CPU
		Release|Any CPU = Release|Any CPU
	EndGlobalSection
	GlobalSection(ProjectConfigurationPlatforms) = postSolution
		{16813DB3-62E3-4783-B726-E151E89C003D}.Debug|Any CPU.ActiveCfg = Debug|Any CPU
		{16813DB3-62E3-4783-B726-E151E89C003D}.Debug|Any CPU.Build.0 = Debug|Any CPU
		{16813DB3-62E3-4783-B726-E151E89C003D}.Release|Any CPU.ActiveCfg = Release|Any CPU
		{16813DB3-62E3-4783-B726-E151E89C003D}.Release|Any CPU.Build.0 = Release|Any CPU
		{A05E2EAD-486C-4A75-A121-E4D9FB9BBB47}.Debug|Any CPU.ActiveCfg = Debug|Any CPU
		{A05E2EAD-486C-4A75-A121-E4D9FB9BBB47}.Debug|Any CPU.Build.0 = Debug|Any CPU
		{A05E2EAD-486C-4A75-A121-E4D9FB9BBB47}.Debug|Any CPU.Deploy.0 = Debug|Any CPU
		{A05E2EAD-486C-4A75-A121-E4D9FB9BBB47}.Release|Any CPU.ActiveCfg = Release|Any CPU
		{A05E2EAD-486C-4A75-A121-E4D9FB9BBB47}.Release|Any CPU.Build.0 = Release|Any CPU
		{A05E2EAD-486C-4A75-A121-E4D9FB9BBB47}.Release|Any CPU.Deploy.0 = Release|Any CPU
		{84E997DA-60E8-4CF9-8DB8-2458B1A3415A}.Debug|Any CPU.ActiveCfg = Debug|Any CPU
		{84E997DA-60E8-4CF9-8DB8-2458B1A3415A}.Debug|Any CPU.Build.0 = Debug|Any CPU
		{84E997DA-60E8-4CF9-8DB8-2458B1A3415A}.Release|Any CPU.ActiveCfg = Release|Any CPU
		{84E997DA-60E8-4CF9-8DB8-2458B1A3415A}.Release|Any CPU.Build.0 = Release|Any CPU
		{186C3EE9-0944-42DE-80D7-6F746EA075E0}.Debug|Any CPU.ActiveCfg = Debug|Any CPU
		{186C3EE9-0944-42DE-80D7-6F746EA075E0}.Debug|Any CPU.Build.0 = Debug|Any CPU
		{186C3EE9-0944-42DE-80D7-6F746EA075E0}.Debug|Any CPU.Deploy.0 = Debug|Any CPU
		{186C3EE9-0944-42DE-80D7-6F746EA075E0}.Release|Any CPU.ActiveCfg = Release|Any CPU
		{186C3EE9-0944-42DE-80D7-6F746EA075E0}.Release|Any CPU.Build.0 = Release|Any CPU
		{186C3EE9-0944-42DE-80D7-6F746EA075E0}.Release|Any CPU.Deploy.0 = Release|Any CPU
		{AEA0B948-2FF0-4B2B-9896-5A9CCFD74636}.Debug|Any CPU.ActiveCfg = Debug|Any CPU
		{AEA0B948-2FF0-4B2B-9896-5A9CCFD74636}.Debug|Any CPU.Build.0 = Debug|Any CPU
		{AEA0B948-2FF0-4B2B-9896-5A9CCFD74636}.Release|Any CPU.ActiveCfg = Release|Any CPU
		{AEA0B948-2FF0-4B2B-9896-5A9CCFD74636}.Release|Any CPU.Build.0 = Release|Any CPU
		{DB13BEFA-B494-456C-898E-42A2074C5C71}.Debug|Any CPU.ActiveCfg = Debug|Any CPU
		{DB13BEFA-B494-456C-898E-42A2074C5C71}.Debug|Any CPU.Build.0 = Debug|Any CPU
		{DB13BEFA-B494-456C-898E-42A2074C5C71}.Release|Any CPU.ActiveCfg = Release|Any CPU
		{DB13BEFA-B494-456C-898E-42A2074C5C71}.Release|Any CPU.Build.0 = Release|Any CPU
		{4038FCC6-4D03-4939-90E2-8A5622D6E979}.Debug|Any CPU.ActiveCfg = Debug|Any CPU
		{4038FCC6-4D03-4939-90E2-8A5622D6E979}.Debug|Any CPU.Build.0 = Debug|Any CPU
		{4038FCC6-4D03-4939-90E2-8A5622D6E979}.Release|Any CPU.ActiveCfg = Release|Any CPU
		{4038FCC6-4D03-4939-90E2-8A5622D6E979}.Release|Any CPU.Build.0 = Release|Any CPU
		{5C2BF9EB-5FD1-4F78-9C6F-B2A321CDC3E8}.Debug|Any CPU.ActiveCfg = Debug|Any CPU
		{5C2BF9EB-5FD1-4F78-9C6F-B2A321CDC3E8}.Debug|Any CPU.Build.0 = Debug|Any CPU
		{5C2BF9EB-5FD1-4F78-9C6F-B2A321CDC3E8}.Release|Any CPU.ActiveCfg = Release|Any CPU
		{5C2BF9EB-5FD1-4F78-9C6F-B2A321CDC3E8}.Release|Any CPU.Build.0 = Release|Any CPU
		{FF80F93F-EF62-4BB9-803C-40B00EAED56F}.Debug|Any CPU.ActiveCfg = Debug|Any CPU
		{FF80F93F-EF62-4BB9-803C-40B00EAED56F}.Debug|Any CPU.Build.0 = Debug|Any CPU
		{FF80F93F-EF62-4BB9-803C-40B00EAED56F}.Release|Any CPU.ActiveCfg = Release|Any CPU
		{FF80F93F-EF62-4BB9-803C-40B00EAED56F}.Release|Any CPU.Build.0 = Release|Any CPU
		{29186E4E-F516-4515-899D-C5A2895D6906}.Debug|Any CPU.ActiveCfg = Debug|Any CPU
		{29186E4E-F516-4515-899D-C5A2895D6906}.Debug|Any CPU.Build.0 = Debug|Any CPU
		{29186E4E-F516-4515-899D-C5A2895D6906}.Release|Any CPU.ActiveCfg = Release|Any CPU
		{29186E4E-F516-4515-899D-C5A2895D6906}.Release|Any CPU.Build.0 = Release|Any CPU
		{D8055AAB-5201-4201-8E5F-98B96BBBE58F}.Debug|Any CPU.ActiveCfg = Debug|Any CPU
		{D8055AAB-5201-4201-8E5F-98B96BBBE58F}.Debug|Any CPU.Build.0 = Debug|Any CPU
		{D8055AAB-5201-4201-8E5F-98B96BBBE58F}.Release|Any CPU.ActiveCfg = Release|Any CPU
		{D8055AAB-5201-4201-8E5F-98B96BBBE58F}.Release|Any CPU.Build.0 = Release|Any CPU
		{2CA89AB0-64F9-4A1E-82FD-A0EB93D02FEB}.Debug|Any CPU.ActiveCfg = Debug|Any CPU
		{2CA89AB0-64F9-4A1E-82FD-A0EB93D02FEB}.Debug|Any CPU.Build.0 = Debug|Any CPU
		{2CA89AB0-64F9-4A1E-82FD-A0EB93D02FEB}.Release|Any CPU.ActiveCfg = Release|Any CPU
		{2CA89AB0-64F9-4A1E-82FD-A0EB93D02FEB}.Release|Any CPU.Build.0 = Release|Any CPU
		{0C1C4947-92C1-4EA7-9FB2-61A49666C760}.Debug|Any CPU.ActiveCfg = Debug|Any CPU
		{0C1C4947-92C1-4EA7-9FB2-61A49666C760}.Debug|Any CPU.Build.0 = Debug|Any CPU
		{0C1C4947-92C1-4EA7-9FB2-61A49666C760}.Release|Any CPU.ActiveCfg = Release|Any CPU
		{0C1C4947-92C1-4EA7-9FB2-61A49666C760}.Release|Any CPU.Build.0 = Release|Any CPU
		{1D509F71-8A09-434C-8152-E6FB83EC21DD}.Debug|Any CPU.ActiveCfg = Debug|Any CPU
		{1D509F71-8A09-434C-8152-E6FB83EC21DD}.Debug|Any CPU.Build.0 = Debug|Any CPU
		{1D509F71-8A09-434C-8152-E6FB83EC21DD}.Release|Any CPU.ActiveCfg = Release|Any CPU
		{1D509F71-8A09-434C-8152-E6FB83EC21DD}.Release|Any CPU.Build.0 = Release|Any CPU
		{70D814E9-66E0-465B-AFB8-7D5FDAB557D1}.Debug|Any CPU.ActiveCfg = Debug|Any CPU
		{70D814E9-66E0-465B-AFB8-7D5FDAB557D1}.Debug|Any CPU.Build.0 = Debug|Any CPU
		{70D814E9-66E0-465B-AFB8-7D5FDAB557D1}.Release|Any CPU.ActiveCfg = Release|Any CPU
		{70D814E9-66E0-465B-AFB8-7D5FDAB557D1}.Release|Any CPU.Build.0 = Release|Any CPU
		{EF4DCF9D-E96D-492A-B2AE-21A89B5D1624}.Debug|Any CPU.ActiveCfg = Debug|Any CPU
		{EF4DCF9D-E96D-492A-B2AE-21A89B5D1624}.Debug|Any CPU.Build.0 = Debug|Any CPU
		{EF4DCF9D-E96D-492A-B2AE-21A89B5D1624}.Release|Any CPU.ActiveCfg = Release|Any CPU
		{EF4DCF9D-E96D-492A-B2AE-21A89B5D1624}.Release|Any CPU.Build.0 = Release|Any CPU
		{B2493B02-C223-4BB0-88B8-313A967485D5}.Debug|Any CPU.ActiveCfg = Debug|Any CPU
		{B2493B02-C223-4BB0-88B8-313A967485D5}.Debug|Any CPU.Build.0 = Debug|Any CPU
		{B2493B02-C223-4BB0-88B8-313A967485D5}.Release|Any CPU.ActiveCfg = Release|Any CPU
		{B2493B02-C223-4BB0-88B8-313A967485D5}.Release|Any CPU.Build.0 = Release|Any CPU
		{CB68B966-F99A-49D5-9736-47B505850B80}.Debug|Any CPU.ActiveCfg = Debug|Any CPU
		{CB68B966-F99A-49D5-9736-47B505850B80}.Debug|Any CPU.Build.0 = Debug|Any CPU
		{CB68B966-F99A-49D5-9736-47B505850B80}.Release|Any CPU.ActiveCfg = Release|Any CPU
		{CB68B966-F99A-49D5-9736-47B505850B80}.Release|Any CPU.Build.0 = Release|Any CPU
		{785EA2B6-34DE-4AE9-AF05-D975AA1E0B01}.Debug|Any CPU.ActiveCfg = Debug|Any CPU
		{785EA2B6-34DE-4AE9-AF05-D975AA1E0B01}.Debug|Any CPU.Build.0 = Debug|Any CPU
		{785EA2B6-34DE-4AE9-AF05-D975AA1E0B01}.Release|Any CPU.ActiveCfg = Release|Any CPU
		{785EA2B6-34DE-4AE9-AF05-D975AA1E0B01}.Release|Any CPU.Build.0 = Release|Any CPU
		{230F38E2-9295-4520-8FE9-3283B405B808}.Debug|Any CPU.ActiveCfg = Debug|Any CPU
		{230F38E2-9295-4520-8FE9-3283B405B808}.Debug|Any CPU.Build.0 = Debug|Any CPU
		{230F38E2-9295-4520-8FE9-3283B405B808}.Release|Any CPU.ActiveCfg = Release|Any CPU
		{230F38E2-9295-4520-8FE9-3283B405B808}.Release|Any CPU.Build.0 = Release|Any CPU
		{060E19D1-3DFD-4F67-9AF7-ABA9AC245984}.Debug|Any CPU.ActiveCfg = Debug|Any CPU
		{060E19D1-3DFD-4F67-9AF7-ABA9AC245984}.Debug|Any CPU.Build.0 = Debug|Any CPU
		{060E19D1-3DFD-4F67-9AF7-ABA9AC245984}.Release|Any CPU.ActiveCfg = Release|Any CPU
		{060E19D1-3DFD-4F67-9AF7-ABA9AC245984}.Release|Any CPU.Build.0 = Release|Any CPU
		{274D7F53-A994-4D99-BC8B-6A9DDE64194D}.Debug|Any CPU.ActiveCfg = Debug|Any CPU
		{274D7F53-A994-4D99-BC8B-6A9DDE64194D}.Debug|Any CPU.Build.0 = Debug|Any CPU
		{274D7F53-A994-4D99-BC8B-6A9DDE64194D}.Release|Any CPU.ActiveCfg = Release|Any CPU
		{274D7F53-A994-4D99-BC8B-6A9DDE64194D}.Release|Any CPU.Build.0 = Release|Any CPU
		{1DFB7608-7144-4F72-9BB1-DDAEC98D1F03}.Debug|Any CPU.ActiveCfg = Debug|Any CPU
		{1DFB7608-7144-4F72-9BB1-DDAEC98D1F03}.Debug|Any CPU.Build.0 = Debug|Any CPU
		{1DFB7608-7144-4F72-9BB1-DDAEC98D1F03}.Release|Any CPU.ActiveCfg = Release|Any CPU
		{1DFB7608-7144-4F72-9BB1-DDAEC98D1F03}.Release|Any CPU.Build.0 = Release|Any CPU
		{2D6AA026-05D5-47C7-933D-62E51B45A1E1}.Debug|Any CPU.ActiveCfg = Debug|Any CPU
		{2D6AA026-05D5-47C7-933D-62E51B45A1E1}.Debug|Any CPU.Build.0 = Debug|Any CPU
		{2D6AA026-05D5-47C7-933D-62E51B45A1E1}.Release|Any CPU.ActiveCfg = Release|Any CPU
		{2D6AA026-05D5-47C7-933D-62E51B45A1E1}.Release|Any CPU.Build.0 = Release|Any CPU
		{AE692C67-2FA1-4FF9-96FD-94143CAD7405}.Debug|Any CPU.ActiveCfg = Debug|Any CPU
		{AE692C67-2FA1-4FF9-96FD-94143CAD7405}.Debug|Any CPU.Build.0 = Debug|Any CPU
		{AE692C67-2FA1-4FF9-96FD-94143CAD7405}.Release|Any CPU.ActiveCfg = Release|Any CPU
		{AE692C67-2FA1-4FF9-96FD-94143CAD7405}.Release|Any CPU.Build.0 = Release|Any CPU
		{8A766317-3F62-40D5-910E-610BB63B6851}.Debug|Any CPU.ActiveCfg = Debug|Any CPU
		{8A766317-3F62-40D5-910E-610BB63B6851}.Debug|Any CPU.Build.0 = Debug|Any CPU
		{8A766317-3F62-40D5-910E-610BB63B6851}.Release|Any CPU.ActiveCfg = Release|Any CPU
		{8A766317-3F62-40D5-910E-610BB63B6851}.Release|Any CPU.Build.0 = Release|Any CPU
		{4F50A494-1B99-4560-8232-3C6A3042914C}.Debug|Any CPU.ActiveCfg = Debug|Any CPU
		{4F50A494-1B99-4560-8232-3C6A3042914C}.Debug|Any CPU.Build.0 = Debug|Any CPU
		{4F50A494-1B99-4560-8232-3C6A3042914C}.Release|Any CPU.ActiveCfg = Release|Any CPU
		{4F50A494-1B99-4560-8232-3C6A3042914C}.Release|Any CPU.Build.0 = Release|Any CPU
		{261A9B65-1C60-493D-AC49-9E72669EFF9E}.Debug|Any CPU.ActiveCfg = Debug|Any CPU
		{261A9B65-1C60-493D-AC49-9E72669EFF9E}.Debug|Any CPU.Build.0 = Debug|Any CPU
		{261A9B65-1C60-493D-AC49-9E72669EFF9E}.Release|Any CPU.ActiveCfg = Release|Any CPU
		{261A9B65-1C60-493D-AC49-9E72669EFF9E}.Release|Any CPU.Build.0 = Release|Any CPU
		{67D5809F-21EB-4268-825D-5703137B56D3}.Debug|Any CPU.ActiveCfg = Debug|Any CPU
		{67D5809F-21EB-4268-825D-5703137B56D3}.Debug|Any CPU.Build.0 = Debug|Any CPU
		{67D5809F-21EB-4268-825D-5703137B56D3}.Release|Any CPU.ActiveCfg = Release|Any CPU
		{67D5809F-21EB-4268-825D-5703137B56D3}.Release|Any CPU.Build.0 = Release|Any CPU
		{73F25AF9-3ED6-4AF3-B6AD-058562F4CB93}.Debug|Any CPU.ActiveCfg = Debug|Any CPU
		{73F25AF9-3ED6-4AF3-B6AD-058562F4CB93}.Debug|Any CPU.Build.0 = Debug|Any CPU
		{73F25AF9-3ED6-4AF3-B6AD-058562F4CB93}.Release|Any CPU.ActiveCfg = Release|Any CPU
		{73F25AF9-3ED6-4AF3-B6AD-058562F4CB93}.Release|Any CPU.Build.0 = Release|Any CPU
		{B81F9960-5ECE-49C2-A843-1C0786EC55BA}.Debug|Any CPU.ActiveCfg = Debug|Any CPU
		{B81F9960-5ECE-49C2-A843-1C0786EC55BA}.Debug|Any CPU.Build.0 = Debug|Any CPU
		{B81F9960-5ECE-49C2-A843-1C0786EC55BA}.Release|Any CPU.ActiveCfg = Release|Any CPU
		{B81F9960-5ECE-49C2-A843-1C0786EC55BA}.Release|Any CPU.Build.0 = Release|Any CPU
		{724F54A5-3045-4EA3-B05B-79846A606A82}.Debug|Any CPU.ActiveCfg = Debug|Any CPU
		{724F54A5-3045-4EA3-B05B-79846A606A82}.Debug|Any CPU.Build.0 = Debug|Any CPU
		{724F54A5-3045-4EA3-B05B-79846A606A82}.Release|Any CPU.ActiveCfg = Release|Any CPU
		{724F54A5-3045-4EA3-B05B-79846A606A82}.Release|Any CPU.Build.0 = Release|Any CPU
		{4A50631E-31F3-45A4-8F98-3BC0E11175A7}.Debug|Any CPU.ActiveCfg = Debug|Any CPU
		{4A50631E-31F3-45A4-8F98-3BC0E11175A7}.Debug|Any CPU.Build.0 = Debug|Any CPU
		{4A50631E-31F3-45A4-8F98-3BC0E11175A7}.Release|Any CPU.ActiveCfg = Release|Any CPU
		{4A50631E-31F3-45A4-8F98-3BC0E11175A7}.Release|Any CPU.Build.0 = Release|Any CPU
		{27A4CF10-1B95-4B6E-93B1-851C252DF6DE}.Debug|Any CPU.ActiveCfg = Debug|Any CPU
		{27A4CF10-1B95-4B6E-93B1-851C252DF6DE}.Debug|Any CPU.Build.0 = Debug|Any CPU
		{27A4CF10-1B95-4B6E-93B1-851C252DF6DE}.Release|Any CPU.ActiveCfg = Release|Any CPU
		{27A4CF10-1B95-4B6E-93B1-851C252DF6DE}.Release|Any CPU.Build.0 = Release|Any CPU
		{AA4C9289-0974-4502-B938-CD40033490F0}.Debug|Any CPU.ActiveCfg = Debug|Any CPU
		{AA4C9289-0974-4502-B938-CD40033490F0}.Debug|Any CPU.Build.0 = Debug|Any CPU
		{AA4C9289-0974-4502-B938-CD40033490F0}.Release|Any CPU.ActiveCfg = Release|Any CPU
		{AA4C9289-0974-4502-B938-CD40033490F0}.Release|Any CPU.Build.0 = Release|Any CPU
		{84EFB8DB-1D7B-4EF8-8DD1-C796674D564B}.Debug|Any CPU.ActiveCfg = Debug|Any CPU
		{84EFB8DB-1D7B-4EF8-8DD1-C796674D564B}.Debug|Any CPU.Build.0 = Debug|Any CPU
		{84EFB8DB-1D7B-4EF8-8DD1-C796674D564B}.Release|Any CPU.ActiveCfg = Release|Any CPU
		{84EFB8DB-1D7B-4EF8-8DD1-C796674D564B}.Release|Any CPU.Build.0 = Release|Any CPU
		{31E62FC3-8873-42A2-BE0B-72AD66ABC858}.Debug|Any CPU.ActiveCfg = Debug|Any CPU
		{31E62FC3-8873-42A2-BE0B-72AD66ABC858}.Debug|Any CPU.Build.0 = Debug|Any CPU
		{31E62FC3-8873-42A2-BE0B-72AD66ABC858}.Release|Any CPU.ActiveCfg = Release|Any CPU
		{31E62FC3-8873-42A2-BE0B-72AD66ABC858}.Release|Any CPU.Build.0 = Release|Any CPU
		{95FA0710-11CD-498A-BD33-08D09088B6CC}.Debug|Any CPU.ActiveCfg = Debug|Any CPU
		{95FA0710-11CD-498A-BD33-08D09088B6CC}.Debug|Any CPU.Build.0 = Debug|Any CPU
		{95FA0710-11CD-498A-BD33-08D09088B6CC}.Release|Any CPU.ActiveCfg = Release|Any CPU
		{95FA0710-11CD-498A-BD33-08D09088B6CC}.Release|Any CPU.Build.0 = Release|Any CPU
		{4219BD90-07DE-4CEB-95F1-E3B3C1BDA945}.Debug|Any CPU.ActiveCfg = Debug|Any CPU
		{4219BD90-07DE-4CEB-95F1-E3B3C1BDA945}.Debug|Any CPU.Build.0 = Debug|Any CPU
		{4219BD90-07DE-4CEB-95F1-E3B3C1BDA945}.Release|Any CPU.ActiveCfg = Release|Any CPU
		{4219BD90-07DE-4CEB-95F1-E3B3C1BDA945}.Release|Any CPU.Build.0 = Release|Any CPU
		{F1539DC4-7DF3-48D3-9B8B-3CF0371E2727}.Debug|Any CPU.ActiveCfg = Debug|Any CPU
		{F1539DC4-7DF3-48D3-9B8B-3CF0371E2727}.Debug|Any CPU.Build.0 = Debug|Any CPU
		{F1539DC4-7DF3-48D3-9B8B-3CF0371E2727}.Release|Any CPU.ActiveCfg = Release|Any CPU
		{F1539DC4-7DF3-48D3-9B8B-3CF0371E2727}.Release|Any CPU.Build.0 = Release|Any CPU
		{06535F6C-7E6B-4700-A95D-77F9996497ED}.Debug|Any CPU.ActiveCfg = Debug|Any CPU
		{06535F6C-7E6B-4700-A95D-77F9996497ED}.Debug|Any CPU.Build.0 = Debug|Any CPU
		{06535F6C-7E6B-4700-A95D-77F9996497ED}.Release|Any CPU.ActiveCfg = Release|Any CPU
		{06535F6C-7E6B-4700-A95D-77F9996497ED}.Release|Any CPU.Build.0 = Release|Any CPU
		{7654FF17-B11C-4196-BFDD-5DE65A71A3A2}.Debug|Any CPU.ActiveCfg = Debug|Any CPU
		{7654FF17-B11C-4196-BFDD-5DE65A71A3A2}.Debug|Any CPU.Build.0 = Debug|Any CPU
		{7654FF17-B11C-4196-BFDD-5DE65A71A3A2}.Release|Any CPU.ActiveCfg = Release|Any CPU
		{7654FF17-B11C-4196-BFDD-5DE65A71A3A2}.Release|Any CPU.Build.0 = Release|Any CPU
		{6A225408-2809-493D-B8AD-99FE309ABA7C}.Debug|Any CPU.ActiveCfg = Debug|Any CPU
		{6A225408-2809-493D-B8AD-99FE309ABA7C}.Debug|Any CPU.Build.0 = Debug|Any CPU
		{6A225408-2809-493D-B8AD-99FE309ABA7C}.Release|Any CPU.ActiveCfg = Release|Any CPU
		{6A225408-2809-493D-B8AD-99FE309ABA7C}.Release|Any CPU.Build.0 = Release|Any CPU
		{055D51AF-C264-41F3-89D6-464B312E1E30}.Debug|Any CPU.ActiveCfg = Debug|Any CPU
		{055D51AF-C264-41F3-89D6-464B312E1E30}.Debug|Any CPU.Build.0 = Debug|Any CPU
		{055D51AF-C264-41F3-89D6-464B312E1E30}.Release|Any CPU.ActiveCfg = Release|Any CPU
		{055D51AF-C264-41F3-89D6-464B312E1E30}.Release|Any CPU.Build.0 = Release|Any CPU
		{94311C98-C65A-484C-A657-ABFDC1E09896}.Debug|Any CPU.ActiveCfg = Debug|Any CPU
		{94311C98-C65A-484C-A657-ABFDC1E09896}.Debug|Any CPU.Build.0 = Debug|Any CPU
		{94311C98-C65A-484C-A657-ABFDC1E09896}.Release|Any CPU.ActiveCfg = Release|Any CPU
		{94311C98-C65A-484C-A657-ABFDC1E09896}.Release|Any CPU.Build.0 = Release|Any CPU
		{7592D004-C9AB-4B6B-8848-93A5C30104C1}.Debug|Any CPU.ActiveCfg = Debug|Any CPU
		{7592D004-C9AB-4B6B-8848-93A5C30104C1}.Debug|Any CPU.Build.0 = Debug|Any CPU
		{7592D004-C9AB-4B6B-8848-93A5C30104C1}.Release|Any CPU.ActiveCfg = Release|Any CPU
		{7592D004-C9AB-4B6B-8848-93A5C30104C1}.Release|Any CPU.Build.0 = Release|Any CPU
		{96230C74-B700-4E7F-A257-703FB827080B}.Debug|Any CPU.ActiveCfg = Debug|Any CPU
		{96230C74-B700-4E7F-A257-703FB827080B}.Debug|Any CPU.Build.0 = Debug|Any CPU
		{96230C74-B700-4E7F-A257-703FB827080B}.Release|Any CPU.ActiveCfg = Release|Any CPU
		{96230C74-B700-4E7F-A257-703FB827080B}.Release|Any CPU.Build.0 = Release|Any CPU
	EndGlobalSection
	GlobalSection(SolutionProperties) = preSolution
		HideSolutionNode = FALSE
	EndGlobalSection
	GlobalSection(NestedProjects) = preSolution
		{4038FCC6-4D03-4939-90E2-8A5622D6E979} = {47099D74-DF9B-447B-AE6B-160A18D02AE6}
		{5C2BF9EB-5FD1-4F78-9C6F-B2A321CDC3E8} = {47099D74-DF9B-447B-AE6B-160A18D02AE6}
		{FF80F93F-EF62-4BB9-803C-40B00EAED56F} = {47099D74-DF9B-447B-AE6B-160A18D02AE6}
		{29186E4E-F516-4515-899D-C5A2895D6906} = {47099D74-DF9B-447B-AE6B-160A18D02AE6}
		{D8055AAB-5201-4201-8E5F-98B96BBBE58F} = {47099D74-DF9B-447B-AE6B-160A18D02AE6}
		{2CA89AB0-64F9-4A1E-82FD-A0EB93D02FEB} = {47099D74-DF9B-447B-AE6B-160A18D02AE6}
		{0C1C4947-92C1-4EA7-9FB2-61A49666C760} = {47099D74-DF9B-447B-AE6B-160A18D02AE6}
		{1D509F71-8A09-434C-8152-E6FB83EC21DD} = {47099D74-DF9B-447B-AE6B-160A18D02AE6}
		{70D814E9-66E0-465B-AFB8-7D5FDAB557D1} = {47099D74-DF9B-447B-AE6B-160A18D02AE6}
		{EF4DCF9D-E96D-492A-B2AE-21A89B5D1624} = {47099D74-DF9B-447B-AE6B-160A18D02AE6}
		{B2493B02-C223-4BB0-88B8-313A967485D5} = {47099D74-DF9B-447B-AE6B-160A18D02AE6}
		{CB68B966-F99A-49D5-9736-47B505850B80} = {47099D74-DF9B-447B-AE6B-160A18D02AE6}
		{785EA2B6-34DE-4AE9-AF05-D975AA1E0B01} = {47099D74-DF9B-447B-AE6B-160A18D02AE6}
		{060E19D1-3DFD-4F67-9AF7-ABA9AC245984} = {47099D74-DF9B-447B-AE6B-160A18D02AE6}
		{274D7F53-A994-4D99-BC8B-6A9DDE64194D} = {47099D74-DF9B-447B-AE6B-160A18D02AE6}
		{1DFB7608-7144-4F72-9BB1-DDAEC98D1F03} = {47099D74-DF9B-447B-AE6B-160A18D02AE6}
		{2D6AA026-05D5-47C7-933D-62E51B45A1E1} = {47099D74-DF9B-447B-AE6B-160A18D02AE6}
		{AE692C67-2FA1-4FF9-96FD-94143CAD7405} = {47099D74-DF9B-447B-AE6B-160A18D02AE6}
		{8A766317-3F62-40D5-910E-610BB63B6851} = {47099D74-DF9B-447B-AE6B-160A18D02AE6}
		{4F50A494-1B99-4560-8232-3C6A3042914C} = {47099D74-DF9B-447B-AE6B-160A18D02AE6}
		{261A9B65-1C60-493D-AC49-9E72669EFF9E} = {47099D74-DF9B-447B-AE6B-160A18D02AE6}
		{67D5809F-21EB-4268-825D-5703137B56D3} = {47099D74-DF9B-447B-AE6B-160A18D02AE6}
		{73F25AF9-3ED6-4AF3-B6AD-058562F4CB93} = {47099D74-DF9B-447B-AE6B-160A18D02AE6}
		{B81F9960-5ECE-49C2-A843-1C0786EC55BA} = {47099D74-DF9B-447B-AE6B-160A18D02AE6}
		{724F54A5-3045-4EA3-B05B-79846A606A82} = {47099D74-DF9B-447B-AE6B-160A18D02AE6}
		{4A50631E-31F3-45A4-8F98-3BC0E11175A7} = {47099D74-DF9B-447B-AE6B-160A18D02AE6}
		{27A4CF10-1B95-4B6E-93B1-851C252DF6DE} = {53FD5DD5-8C29-4A2A-83F0-DCF0FEAEFAFD}
		{AA4C9289-0974-4502-B938-CD40033490F0} = {53FD5DD5-8C29-4A2A-83F0-DCF0FEAEFAFD}
		{84EFB8DB-1D7B-4EF8-8DD1-C796674D564B} = {53FD5DD5-8C29-4A2A-83F0-DCF0FEAEFAFD}
		{31E62FC3-8873-42A2-BE0B-72AD66ABC858} = {53FD5DD5-8C29-4A2A-83F0-DCF0FEAEFAFD}
		{95FA0710-11CD-498A-BD33-08D09088B6CC} = {53FD5DD5-8C29-4A2A-83F0-DCF0FEAEFAFD}
		{4219BD90-07DE-4CEB-95F1-E3B3C1BDA945} = {53FD5DD5-8C29-4A2A-83F0-DCF0FEAEFAFD}
		{F1539DC4-7DF3-48D3-9B8B-3CF0371E2727} = {53FD5DD5-8C29-4A2A-83F0-DCF0FEAEFAFD}
		{06535F6C-7E6B-4700-A95D-77F9996497ED} = {53FD5DD5-8C29-4A2A-83F0-DCF0FEAEFAFD}
		{7654FF17-B11C-4196-BFDD-5DE65A71A3A2} = {53FD5DD5-8C29-4A2A-83F0-DCF0FEAEFAFD}
		{6A225408-2809-493D-B8AD-99FE309ABA7C} = {53FD5DD5-8C29-4A2A-83F0-DCF0FEAEFAFD}
		{055D51AF-C264-41F3-89D6-464B312E1E30} = {53FD5DD5-8C29-4A2A-83F0-DCF0FEAEFAFD}
		{94311C98-C65A-484C-A657-ABFDC1E09896} = {53FD5DD5-8C29-4A2A-83F0-DCF0FEAEFAFD}
		{7592D004-C9AB-4B6B-8848-93A5C30104C1} = {53FD5DD5-8C29-4A2A-83F0-DCF0FEAEFAFD}
		{96230C74-B700-4E7F-A257-703FB827080B} = {53FD5DD5-8C29-4A2A-83F0-DCF0FEAEFAFD}
	EndGlobalSection
	GlobalSection(ExtensibilityGlobals) = postSolution
		SolutionGuid = {75FB366A-F039-405A-8C52-BEADBDD57C4A}
	EndGlobalSection
EndGlobal
